
Microsoft Visual Studio Solution File, Format Version 12.00
# Visual Studio 14
VisualStudioVersion = 14.0.25420.1
MinimumVisualStudioVersion = 10.0.40219.1
Project("{00D1A9C2-B5F0-4AF3-8072-F6C62B433612}") = "ECN_Activity", "ECN_Activity\ECN_Activity.sqlproj", "{3AE6F159-C78B-4307-B990-AAD765EEE591}"
EndProject
Project("{00D1A9C2-B5F0-4AF3-8072-F6C62B433612}") = "ECN5_Accounts", "ECN5_Accounts\ECN5_Accounts.sqlproj", "{A89389E3-D05A-465B-9118-A8AF6C73A58E}"
EndProject
Project("{00D1A9C2-B5F0-4AF3-8072-F6C62B433612}") = "ECN5_Charity", "ECN5_Charity\ECN5_Charity.sqlproj", "{1673C2B8-BEED-4D44-A3C9-D33DFDFF044A}"
EndProject
Project("{00D1A9C2-B5F0-4AF3-8072-F6C62B433612}") = "ECN5_Collector", "ECN5_Collector\ECN5_Collector.sqlproj", "{0D7575EA-4752-4D9D-BBE0-4D34E7257E59}"
EndProject
Project("{00D1A9C2-B5F0-4AF3-8072-F6C62B433612}") = "ECN5_Communicator", "ECN5_Communicator\ECN5_Communicator.sqlproj", "{5BD62B4A-9A3E-4C3C-9192-9924CB9A1575}"
EndProject
Project("{00D1A9C2-B5F0-4AF3-8072-F6C62B433612}") = "ECN5_Creator", "ECN5_Creator\ECN5_Creator.sqlproj", "{0DB62701-6C52-4419-917C-F3E6E84F7C2A}"
EndProject
Project("{00D1A9C2-B5F0-4AF3-8072-F6C62B433612}") = "ECN5_DomainTracker", "ECN5_DomainTracker\ECN5_DomainTracker.sqlproj", "{5611C2E9-F406-4784-917E-C4C6D574798D}"
EndProject
Project("{00D1A9C2-B5F0-4AF3-8072-F6C62B433612}") = "ECN5_Publisher", "ECN5_Publisher\ECN5_Publisher.sqlproj", "{7F2BBB1C-76AC-41DC-9676-933BE629E19B}"
EndProject
Project("{00D1A9C2-B5F0-4AF3-8072-F6C62B433612}") = "ECN5_Warehouse", "ECN5_Warehouse\ECN5_Warehouse.sqlproj", "{702406AA-C208-4C21-9F77-D6E5F1C075EC}"
EndProject
Project("{00D1A9C2-B5F0-4AF3-8072-F6C62B433612}") = "KMCommon", "KMCommon\KMCommon.sqlproj", "{25174F79-FEEC-43A1-83F4-6557F5002361}"
EndProject
Project("{00D1A9C2-B5F0-4AF3-8072-F6C62B433612}") = "ECN_Misc", "ECN_Misc\ECN_Misc.sqlproj", "{A49266A0-B2C2-482A-98BD-30C987C9B70A}"
EndProject
Project("{00D1A9C2-B5F0-4AF3-8072-F6C62B433612}") = "ECN_Temp", "ECN_Temp\ECN_Temp.sqlproj", "{A141C6F9-829F-4EA6-B414-5DAC4E907AB3}"
EndProject
Project("{00D1A9C2-B5F0-4AF3-8072-F6C62B433612}") = "FormDesigner", "FormDesigner\FormDesigner.sqlproj", "{989BE483-B8E2-4524-BA67-12B10B2F42EC}"
EndProject
Project("{00D1A9C2-B5F0-4AF3-8072-F6C62B433612}") = "KMPlatform_DB", "KMPlatform\KMPlatform_DB.sqlproj", "{276D7C85-8A9C-4685-8B6C-92911E5E598A}"
EndProject
Project("{00D1A9C2-B5F0-4AF3-8072-F6C62B433612}") = "ECN5_Content", "ECN5_Content\ECN5_Content.sqlproj", "{537058CD-D191-4EC4-80BD-E93C18E1B941}"
EndProject
Global
	GlobalSection(SolutionConfigurationPlatforms) = preSolution
		Debug|Any CPU = Debug|Any CPU
		Release|Any CPU = Release|Any CPU
	EndGlobalSection
	GlobalSection(ProjectConfigurationPlatforms) = postSolution
		{3AE6F159-C78B-4307-B990-AAD765EEE591}.Debug|Any CPU.ActiveCfg = Debug|Any CPU
		{3AE6F159-C78B-4307-B990-AAD765EEE591}.Debug|Any CPU.Build.0 = Debug|Any CPU
		{3AE6F159-C78B-4307-B990-AAD765EEE591}.Debug|Any CPU.Deploy.0 = Debug|Any CPU
		{3AE6F159-C78B-4307-B990-AAD765EEE591}.Release|Any CPU.ActiveCfg = Release|Any CPU
		{3AE6F159-C78B-4307-B990-AAD765EEE591}.Release|Any CPU.Build.0 = Release|Any CPU
		{3AE6F159-C78B-4307-B990-AAD765EEE591}.Release|Any CPU.Deploy.0 = Release|Any CPU
		{A89389E3-D05A-465B-9118-A8AF6C73A58E}.Debug|Any CPU.ActiveCfg = Debug|Any CPU
		{A89389E3-D05A-465B-9118-A8AF6C73A58E}.Debug|Any CPU.Build.0 = Debug|Any CPU
		{A89389E3-D05A-465B-9118-A8AF6C73A58E}.Debug|Any CPU.Deploy.0 = Debug|Any CPU
		{A89389E3-D05A-465B-9118-A8AF6C73A58E}.Release|Any CPU.ActiveCfg = Release|Any CPU
		{A89389E3-D05A-465B-9118-A8AF6C73A58E}.Release|Any CPU.Build.0 = Release|Any CPU
		{A89389E3-D05A-465B-9118-A8AF6C73A58E}.Release|Any CPU.Deploy.0 = Release|Any CPU
		{1673C2B8-BEED-4D44-A3C9-D33DFDFF044A}.Debug|Any CPU.ActiveCfg = Debug|Any CPU
		{1673C2B8-BEED-4D44-A3C9-D33DFDFF044A}.Debug|Any CPU.Build.0 = Debug|Any CPU
		{1673C2B8-BEED-4D44-A3C9-D33DFDFF044A}.Debug|Any CPU.Deploy.0 = Debug|Any CPU
		{1673C2B8-BEED-4D44-A3C9-D33DFDFF044A}.Release|Any CPU.ActiveCfg = Release|Any CPU
		{1673C2B8-BEED-4D44-A3C9-D33DFDFF044A}.Release|Any CPU.Build.0 = Release|Any CPU
		{1673C2B8-BEED-4D44-A3C9-D33DFDFF044A}.Release|Any CPU.Deploy.0 = Release|Any CPU
		{0D7575EA-4752-4D9D-BBE0-4D34E7257E59}.Debug|Any CPU.ActiveCfg = Debug|Any CPU
		{0D7575EA-4752-4D9D-BBE0-4D34E7257E59}.Debug|Any CPU.Build.0 = Debug|Any CPU
		{0D7575EA-4752-4D9D-BBE0-4D34E7257E59}.Debug|Any CPU.Deploy.0 = Debug|Any CPU
		{0D7575EA-4752-4D9D-BBE0-4D34E7257E59}.Release|Any CPU.ActiveCfg = Release|Any CPU
		{0D7575EA-4752-4D9D-BBE0-4D34E7257E59}.Release|Any CPU.Build.0 = Release|Any CPU
		{0D7575EA-4752-4D9D-BBE0-4D34E7257E59}.Release|Any CPU.Deploy.0 = Release|Any CPU
		{5BD62B4A-9A3E-4C3C-9192-9924CB9A1575}.Debug|Any CPU.ActiveCfg = Debug|Any CPU
		{5BD62B4A-9A3E-4C3C-9192-9924CB9A1575}.Debug|Any CPU.Build.0 = Debug|Any CPU
		{5BD62B4A-9A3E-4C3C-9192-9924CB9A1575}.Debug|Any CPU.Deploy.0 = Debug|Any CPU
		{5BD62B4A-9A3E-4C3C-9192-9924CB9A1575}.Release|Any CPU.ActiveCfg = Release|Any CPU
		{5BD62B4A-9A3E-4C3C-9192-9924CB9A1575}.Release|Any CPU.Build.0 = Release|Any CPU
		{5BD62B4A-9A3E-4C3C-9192-9924CB9A1575}.Release|Any CPU.Deploy.0 = Release|Any CPU
		{0DB62701-6C52-4419-917C-F3E6E84F7C2A}.Debug|Any CPU.ActiveCfg = Debug|Any CPU
		{0DB62701-6C52-4419-917C-F3E6E84F7C2A}.Debug|Any CPU.Build.0 = Debug|Any CPU
		{0DB62701-6C52-4419-917C-F3E6E84F7C2A}.Debug|Any CPU.Deploy.0 = Debug|Any CPU
		{0DB62701-6C52-4419-917C-F3E6E84F7C2A}.Release|Any CPU.ActiveCfg = Release|Any CPU
		{0DB62701-6C52-4419-917C-F3E6E84F7C2A}.Release|Any CPU.Build.0 = Release|Any CPU
		{0DB62701-6C52-4419-917C-F3E6E84F7C2A}.Release|Any CPU.Deploy.0 = Release|Any CPU
		{5611C2E9-F406-4784-917E-C4C6D574798D}.Debug|Any CPU.ActiveCfg = Debug|Any CPU
		{5611C2E9-F406-4784-917E-C4C6D574798D}.Debug|Any CPU.Build.0 = Debug|Any CPU
		{5611C2E9-F406-4784-917E-C4C6D574798D}.Debug|Any CPU.Deploy.0 = Debug|Any CPU
		{5611C2E9-F406-4784-917E-C4C6D574798D}.Release|Any CPU.ActiveCfg = Release|Any CPU
		{5611C2E9-F406-4784-917E-C4C6D574798D}.Release|Any CPU.Build.0 = Release|Any CPU
		{5611C2E9-F406-4784-917E-C4C6D574798D}.Release|Any CPU.Deploy.0 = Release|Any CPU
		{7F2BBB1C-76AC-41DC-9676-933BE629E19B}.Debug|Any CPU.ActiveCfg = Debug|Any CPU
		{7F2BBB1C-76AC-41DC-9676-933BE629E19B}.Debug|Any CPU.Build.0 = Debug|Any CPU
		{7F2BBB1C-76AC-41DC-9676-933BE629E19B}.Debug|Any CPU.Deploy.0 = Debug|Any CPU
		{7F2BBB1C-76AC-41DC-9676-933BE629E19B}.Release|Any CPU.ActiveCfg = Release|Any CPU
		{7F2BBB1C-76AC-41DC-9676-933BE629E19B}.Release|Any CPU.Build.0 = Release|Any CPU
		{7F2BBB1C-76AC-41DC-9676-933BE629E19B}.Release|Any CPU.Deploy.0 = Release|Any CPU
		{702406AA-C208-4C21-9F77-D6E5F1C075EC}.Debug|Any CPU.ActiveCfg = Debug|Any CPU
		{702406AA-C208-4C21-9F77-D6E5F1C075EC}.Debug|Any CPU.Build.0 = Debug|Any CPU
		{702406AA-C208-4C21-9F77-D6E5F1C075EC}.Debug|Any CPU.Deploy.0 = Debug|Any CPU
		{702406AA-C208-4C21-9F77-D6E5F1C075EC}.Release|Any CPU.ActiveCfg = Release|Any CPU
		{702406AA-C208-4C21-9F77-D6E5F1C075EC}.Release|Any CPU.Build.0 = Release|Any CPU
		{702406AA-C208-4C21-9F77-D6E5F1C075EC}.Release|Any CPU.Deploy.0 = Release|Any CPU
		{25174F79-FEEC-43A1-83F4-6557F5002361}.Debug|Any CPU.ActiveCfg = Debug|Any CPU
		{25174F79-FEEC-43A1-83F4-6557F5002361}.Debug|Any CPU.Build.0 = Debug|Any CPU
		{25174F79-FEEC-43A1-83F4-6557F5002361}.Debug|Any CPU.Deploy.0 = Debug|Any CPU
		{25174F79-FEEC-43A1-83F4-6557F5002361}.Release|Any CPU.ActiveCfg = Release|Any CPU
		{25174F79-FEEC-43A1-83F4-6557F5002361}.Release|Any CPU.Build.0 = Release|Any CPU
		{25174F79-FEEC-43A1-83F4-6557F5002361}.Release|Any CPU.Deploy.0 = Release|Any CPU
		{A49266A0-B2C2-482A-98BD-30C987C9B70A}.Debug|Any CPU.ActiveCfg = Debug|Any CPU
		{A49266A0-B2C2-482A-98BD-30C987C9B70A}.Debug|Any CPU.Build.0 = Debug|Any CPU
		{A49266A0-B2C2-482A-98BD-30C987C9B70A}.Debug|Any CPU.Deploy.0 = Debug|Any CPU
		{A49266A0-B2C2-482A-98BD-30C987C9B70A}.Release|Any CPU.ActiveCfg = Release|Any CPU
		{A49266A0-B2C2-482A-98BD-30C987C9B70A}.Release|Any CPU.Build.0 = Release|Any CPU
		{A49266A0-B2C2-482A-98BD-30C987C9B70A}.Release|Any CPU.Deploy.0 = Release|Any CPU
		{A141C6F9-829F-4EA6-B414-5DAC4E907AB3}.Debug|Any CPU.ActiveCfg = Debug|Any CPU
		{A141C6F9-829F-4EA6-B414-5DAC4E907AB3}.Debug|Any CPU.Build.0 = Debug|Any CPU
		{A141C6F9-829F-4EA6-B414-5DAC4E907AB3}.Debug|Any CPU.Deploy.0 = Debug|Any CPU
		{A141C6F9-829F-4EA6-B414-5DAC4E907AB3}.Release|Any CPU.ActiveCfg = Release|Any CPU
		{A141C6F9-829F-4EA6-B414-5DAC4E907AB3}.Release|Any CPU.Build.0 = Release|Any CPU
		{A141C6F9-829F-4EA6-B414-5DAC4E907AB3}.Release|Any CPU.Deploy.0 = Release|Any CPU
		{989BE483-B8E2-4524-BA67-12B10B2F42EC}.Debug|Any CPU.ActiveCfg = Debug|Any CPU
		{989BE483-B8E2-4524-BA67-12B10B2F42EC}.Debug|Any CPU.Build.0 = Debug|Any CPU
		{989BE483-B8E2-4524-BA67-12B10B2F42EC}.Debug|Any CPU.Deploy.0 = Debug|Any CPU
		{989BE483-B8E2-4524-BA67-12B10B2F42EC}.Release|Any CPU.ActiveCfg = Release|Any CPU
		{989BE483-B8E2-4524-BA67-12B10B2F42EC}.Release|Any CPU.Build.0 = Release|Any CPU
		{989BE483-B8E2-4524-BA67-12B10B2F42EC}.Release|Any CPU.Deploy.0 = Release|Any CPU
		{276D7C85-8A9C-4685-8B6C-92911E5E598A}.Debug|Any CPU.ActiveCfg = Debug|Any CPU
		{276D7C85-8A9C-4685-8B6C-92911E5E598A}.Debug|Any CPU.Build.0 = Debug|Any CPU
		{276D7C85-8A9C-4685-8B6C-92911E5E598A}.Debug|Any CPU.Deploy.0 = Debug|Any CPU
		{276D7C85-8A9C-4685-8B6C-92911E5E598A}.Release|Any CPU.ActiveCfg = Release|Any CPU
		{276D7C85-8A9C-4685-8B6C-92911E5E598A}.Release|Any CPU.Build.0 = Release|Any CPU
		{276D7C85-8A9C-4685-8B6C-92911E5E598A}.Release|Any CPU.Deploy.0 = Release|Any CPU
		{537058CD-D191-4EC4-80BD-E93C18E1B941}.Debug|Any CPU.ActiveCfg = Debug|Any CPU
		{537058CD-D191-4EC4-80BD-E93C18E1B941}.Debug|Any CPU.Build.0 = Debug|Any CPU
		{537058CD-D191-4EC4-80BD-E93C18E1B941}.Debug|Any CPU.Deploy.0 = Debug|Any CPU
		{537058CD-D191-4EC4-80BD-E93C18E1B941}.Release|Any CPU.ActiveCfg = Release|Any CPU
		{537058CD-D191-4EC4-80BD-E93C18E1B941}.Release|Any CPU.Build.0 = Release|Any CPU
		{537058CD-D191-4EC4-80BD-E93C18E1B941}.Release|Any CPU.Deploy.0 = Release|Any CPU
	EndGlobalSection
	GlobalSection(SolutionProperties) = preSolution
		HideSolutionNode = FALSE
	EndGlobalSection
	GlobalSection(TeamFoundationVersionControl) = preSolution
		SccNumberOfProjects = 16
		SccEnterpriseProvider = {4CA58AB2-18FA-4F8D-95D4-32DDF27D184C}
		SccTeamFoundationServer = http://216.17.41.138:8080/tfs/km_tfs_collection
		SccLocalPath0 = .
		SccProjectUniqueName1 = ECN_Activity\\ECN_Activity.sqlproj
		SccProjectName1 = ECN_Activity
		SccLocalPath1 = ECN_Activity
		SccProjectUniqueName2 = ECN5_Accounts\\ECN5_Accounts.sqlproj
		SccProjectName2 = ECN5_Accounts
		SccLocalPath2 = ECN5_Accounts
		SccProjectUniqueName3 = ECN5_Charity\\ECN5_Charity.sqlproj
		SccProjectName3 = ECN5_Charity
		SccLocalPath3 = ECN5_Charity
		SccProjectUniqueName4 = ECN5_Collector\\ECN5_Collector.sqlproj
		SccProjectName4 = ECN5_Collector
		SccLocalPath4 = ECN5_Collector
		SccProjectUniqueName5 = ECN5_Communicator\\ECN5_Communicator.sqlproj
		SccProjectName5 = ECN5_Communicator
		SccLocalPath5 = ECN5_Communicator
		SccProjectUniqueName6 = ECN5_Creator\\ECN5_Creator.sqlproj
		SccProjectName6 = ECN5_Creator
		SccLocalPath6 = ECN5_Creator
		SccProjectUniqueName7 = ECN5_DomainTracker\\ECN5_DomainTracker.sqlproj
		SccProjectName7 = ECN5_DomainTracker
		SccLocalPath7 = ECN5_DomainTracker
		SccProjectUniqueName8 = ECN5_Publisher\\ECN5_Publisher.sqlproj
		SccProjectName8 = ECN5_Publisher
		SccLocalPath8 = ECN5_Publisher
		SccProjectUniqueName9 = ECN5_Warehouse\\ECN5_Warehouse.sqlproj
		SccProjectName9 = ECN5_Warehouse
		SccLocalPath9 = ECN5_Warehouse
		SccProjectUniqueName10 = KMCommon\\KMCommon.sqlproj
		SccProjectName10 = KMCommon
		SccLocalPath10 = KMCommon
		SccProjectUniqueName11 = ECN_Misc\\ECN_Misc.sqlproj
		SccProjectName11 = ECN_Misc
		SccLocalPath11 = ECN_Misc
		SccProjectUniqueName12 = ECN_Temp\\ECN_Temp.sqlproj
		SccProjectName12 = ECN_Temp
		SccLocalPath12 = ECN_Temp
		SccProjectUniqueName13 = FormDesigner\\FormDesigner.sqlproj
		SccProjectName13 = FormDesigner
		SccLocalPath13 = FormDesigner
		SccProjectUniqueName14 = KMPlatform\\KMPlatform_DB.sqlproj
		SccProjectName14 = KMPlatform
		SccLocalPath14 = KMPlatform
		SccProjectUniqueName15 = ECN5_Content\\ECN5_Content.sqlproj
		SccProjectName15 = ECN5_Content
		SccLocalPath15 = ECN5_Content
	EndGlobalSection
EndGlobal
