
Microsoft Visual Studio Solution File, Format Version 12.00
# Visual Studio 2013
VisualStudioVersion = 12.0.30723.0
MinimumVisualStudioVersion = 10.0.40219.1
Project("{FAE04EC0-301F-11D3-BF4B-00C04F79EFBC}") = "ECNTools", "ECNTools\ECNTools.csproj", "{C1FB055D-C925-4C15-AD0B-D57D79F2CF65}"
EndProject
Project("{FAE04EC0-301F-11D3-BF4B-00C04F79EFBC}") = "ECN_Framework_BusinessLayer", "ECN_Framework_BusinessLayer\ECN_Framework_BusinessLayer.csproj", "{A0803DC4-88C9-4F0B-B567-2EA5504E5F47}"
EndProject
Project("{FAE04EC0-301F-11D3-BF4B-00C04F79EFBC}") = "ECN_Framework_DataLayer", "ECN_Framework_DataLayer\ECN_Framework_DataLayer.csproj", "{1BCE78E7-DD4D-48BC-85C3-D77FCE995528}"
EndProject
Project("{FAE04EC0-301F-11D3-BF4B-00C04F79EFBC}") = "ECN_Framework_Entities", "ECN_Framework_Entities\ECN_Framework_Entities.csproj", "{F17A88C4-2FA5-4312-9AA7-D674A24221A8}"
EndProject
Project("{FAE04EC0-301F-11D3-BF4B-00C04F79EFBC}") = "ECN_Framework_Common", "ECN_Framework_Common\ECN_Framework_Common.csproj", "{63B4326C-31F4-4C42-9110-A1D51DC4DDE6}"
EndProject
Project("{FAE04EC0-301F-11D3-BF4B-00C04F79EFBC}") = "CssConvert_2_0", "CssConvert_2_0\CssConvert_2_0.csproj", "{AC8C6FE6-4F0B-4B2B-A8F2-1DFE658B01DD}"
EndProject
Project("{FAE04EC0-301F-11D3-BF4B-00C04F79EFBC}") = "KM_Framework_PlatformUser", "FrameworkUAS\KM_Framework_PlatformUser.csproj", "{824833B3-D839-4878-AB71-B4DFDF802085}"
EndProject
Global
	GlobalSection(TeamFoundationVersionControl) = preSolution
		SccNumberOfProjects = 8
		SccEnterpriseProvider = {4CA58AB2-18FA-4F8D-95D4-32DDF27D184C}
		SccTeamFoundationServer = http://sapdevsql:8080/tfs/km_tfs_collection
		SccLocalPath0 = .
		SccProjectUniqueName1 = ECNTools\\ECNTools.csproj
		SccProjectName1 = ECNTools
		SccLocalPath1 = ECNTools
		SccProjectUniqueName2 = ECN_Framework_BusinessLayer\\ECN_Framework_BusinessLayer.csproj
		SccProjectName2 = ECN_Framework_BusinessLayer
		SccLocalPath2 = ECN_Framework_BusinessLayer
		SccProjectUniqueName3 = ECN_Framework_DataLayer\\ECN_Framework_DataLayer.csproj
		SccProjectName3 = ECN_Framework_DataLayer
		SccLocalPath3 = ECN_Framework_DataLayer
		SccProjectUniqueName4 = ECN_Framework_Entities\\ECN_Framework_Entities.csproj
		SccProjectName4 = ECN_Framework_Entities
		SccLocalPath4 = ECN_Framework_Entities
		SccProjectUniqueName5 = ECN_Framework_Common\\ECN_Framework_Common.csproj
		SccProjectName5 = ECN_Framework_Common
		SccLocalPath5 = ECN_Framework_Common
		SccProjectUniqueName6 = CssConvert_2_0\\CssConvert_2_0.csproj
		SccProjectName6 = CssConvert_2_0
		SccLocalPath6 = CssConvert_2_0
		SccProjectUniqueName7 = FrameworkUAS\\KM_Framework_PlatformUser.csproj
		SccProjectName7 = FrameworkUAS
		SccLocalPath7 = FrameworkUAS
	EndGlobalSection
	GlobalSection(SolutionConfigurationPlatforms) = preSolution
		Debug|Any CPU = Debug|Any CPU
		Local|Any CPU = Local|Any CPU
		Prod|Any CPU = Prod|Any CPU
		QA|Any CPU = QA|Any CPU
		Release|Any CPU = Release|Any CPU
	EndGlobalSection
	GlobalSection(ProjectConfigurationPlatforms) = postSolution
		{C1FB055D-C925-4C15-AD0B-D57D79F2CF65}.Debug|Any CPU.ActiveCfg = Debug|Any CPU
		{C1FB055D-C925-4C15-AD0B-D57D79F2CF65}.Debug|Any CPU.Build.0 = Debug|Any CPU
		{C1FB055D-C925-4C15-AD0B-D57D79F2CF65}.Local|Any CPU.ActiveCfg = Release|Any CPU
		{C1FB055D-C925-4C15-AD0B-D57D79F2CF65}.Local|Any CPU.Build.0 = Release|Any CPU
		{C1FB055D-C925-4C15-AD0B-D57D79F2CF65}.Prod|Any CPU.ActiveCfg = Release|Any CPU
		{C1FB055D-C925-4C15-AD0B-D57D79F2CF65}.Prod|Any CPU.Build.0 = Release|Any CPU
		{C1FB055D-C925-4C15-AD0B-D57D79F2CF65}.QA|Any CPU.ActiveCfg = Release|Any CPU
		{C1FB055D-C925-4C15-AD0B-D57D79F2CF65}.QA|Any CPU.Build.0 = Release|Any CPU
		{C1FB055D-C925-4C15-AD0B-D57D79F2CF65}.Release|Any CPU.ActiveCfg = Release|Any CPU
		{C1FB055D-C925-4C15-AD0B-D57D79F2CF65}.Release|Any CPU.Build.0 = Release|Any CPU
		{A0803DC4-88C9-4F0B-B567-2EA5504E5F47}.Debug|Any CPU.ActiveCfg = Debug|Any CPU
		{A0803DC4-88C9-4F0B-B567-2EA5504E5F47}.Debug|Any CPU.Build.0 = Debug|Any CPU
		{A0803DC4-88C9-4F0B-B567-2EA5504E5F47}.Local|Any CPU.ActiveCfg = Local|Any CPU
		{A0803DC4-88C9-4F0B-B567-2EA5504E5F47}.Local|Any CPU.Build.0 = Local|Any CPU
		{A0803DC4-88C9-4F0B-B567-2EA5504E5F47}.Prod|Any CPU.ActiveCfg = Prod|Any CPU
		{A0803DC4-88C9-4F0B-B567-2EA5504E5F47}.Prod|Any CPU.Build.0 = Prod|Any CPU
		{A0803DC4-88C9-4F0B-B567-2EA5504E5F47}.QA|Any CPU.ActiveCfg = QA|Any CPU
		{A0803DC4-88C9-4F0B-B567-2EA5504E5F47}.QA|Any CPU.Build.0 = QA|Any CPU
		{A0803DC4-88C9-4F0B-B567-2EA5504E5F47}.Release|Any CPU.ActiveCfg = Release|Any CPU
		{A0803DC4-88C9-4F0B-B567-2EA5504E5F47}.Release|Any CPU.Build.0 = Release|Any CPU
		{1BCE78E7-DD4D-48BC-85C3-D77FCE995528}.Debug|Any CPU.ActiveCfg = Debug|Any CPU
		{1BCE78E7-DD4D-48BC-85C3-D77FCE995528}.Debug|Any CPU.Build.0 = Debug|Any CPU
		{1BCE78E7-DD4D-48BC-85C3-D77FCE995528}.Local|Any CPU.ActiveCfg = Local|Any CPU
		{1BCE78E7-DD4D-48BC-85C3-D77FCE995528}.Local|Any CPU.Build.0 = Local|Any CPU
		{1BCE78E7-DD4D-48BC-85C3-D77FCE995528}.Prod|Any CPU.ActiveCfg = Prod|Any CPU
		{1BCE78E7-DD4D-48BC-85C3-D77FCE995528}.Prod|Any CPU.Build.0 = Prod|Any CPU
		{1BCE78E7-DD4D-48BC-85C3-D77FCE995528}.QA|Any CPU.ActiveCfg = QA|Any CPU
		{1BCE78E7-DD4D-48BC-85C3-D77FCE995528}.QA|Any CPU.Build.0 = QA|Any CPU
		{1BCE78E7-DD4D-48BC-85C3-D77FCE995528}.Release|Any CPU.ActiveCfg = Release|Any CPU
		{1BCE78E7-DD4D-48BC-85C3-D77FCE995528}.Release|Any CPU.Build.0 = Release|Any CPU
		{F17A88C4-2FA5-4312-9AA7-D674A24221A8}.Debug|Any CPU.ActiveCfg = Debug|Any CPU
		{F17A88C4-2FA5-4312-9AA7-D674A24221A8}.Debug|Any CPU.Build.0 = Debug|Any CPU
		{F17A88C4-2FA5-4312-9AA7-D674A24221A8}.Local|Any CPU.ActiveCfg = Local|Any CPU
		{F17A88C4-2FA5-4312-9AA7-D674A24221A8}.Local|Any CPU.Build.0 = Local|Any CPU
		{F17A88C4-2FA5-4312-9AA7-D674A24221A8}.Prod|Any CPU.ActiveCfg = Prod|Any CPU
		{F17A88C4-2FA5-4312-9AA7-D674A24221A8}.Prod|Any CPU.Build.0 = Prod|Any CPU
		{F17A88C4-2FA5-4312-9AA7-D674A24221A8}.QA|Any CPU.ActiveCfg = QA|Any CPU
		{F17A88C4-2FA5-4312-9AA7-D674A24221A8}.QA|Any CPU.Build.0 = QA|Any CPU
		{F17A88C4-2FA5-4312-9AA7-D674A24221A8}.Release|Any CPU.ActiveCfg = Release|Any CPU
		{F17A88C4-2FA5-4312-9AA7-D674A24221A8}.Release|Any CPU.Build.0 = Release|Any CPU
		{63B4326C-31F4-4C42-9110-A1D51DC4DDE6}.Debug|Any CPU.ActiveCfg = Debug|Any CPU
		{63B4326C-31F4-4C42-9110-A1D51DC4DDE6}.Debug|Any CPU.Build.0 = Debug|Any CPU
		{63B4326C-31F4-4C42-9110-A1D51DC4DDE6}.Local|Any CPU.ActiveCfg = Local|Any CPU
		{63B4326C-31F4-4C42-9110-A1D51DC4DDE6}.Local|Any CPU.Build.0 = Local|Any CPU
		{63B4326C-31F4-4C42-9110-A1D51DC4DDE6}.Prod|Any CPU.ActiveCfg = Prod|Any CPU
		{63B4326C-31F4-4C42-9110-A1D51DC4DDE6}.Prod|Any CPU.Build.0 = Prod|Any CPU
		{63B4326C-31F4-4C42-9110-A1D51DC4DDE6}.QA|Any CPU.ActiveCfg = QA|Any CPU
		{63B4326C-31F4-4C42-9110-A1D51DC4DDE6}.QA|Any CPU.Build.0 = QA|Any CPU
		{63B4326C-31F4-4C42-9110-A1D51DC4DDE6}.Release|Any CPU.ActiveCfg = Release|Any CPU
		{63B4326C-31F4-4C42-9110-A1D51DC4DDE6}.Release|Any CPU.Build.0 = Release|Any CPU
		{AC8C6FE6-4F0B-4B2B-A8F2-1DFE658B01DD}.Debug|Any CPU.ActiveCfg = Debug|Any CPU
		{AC8C6FE6-4F0B-4B2B-A8F2-1DFE658B01DD}.Debug|Any CPU.Build.0 = Debug|Any CPU
		{AC8C6FE6-4F0B-4B2B-A8F2-1DFE658B01DD}.Local|Any CPU.ActiveCfg = Local|Any CPU
		{AC8C6FE6-4F0B-4B2B-A8F2-1DFE658B01DD}.Local|Any CPU.Build.0 = Local|Any CPU
		{AC8C6FE6-4F0B-4B2B-A8F2-1DFE658B01DD}.Prod|Any CPU.ActiveCfg = Prod|Any CPU
		{AC8C6FE6-4F0B-4B2B-A8F2-1DFE658B01DD}.Prod|Any CPU.Build.0 = Prod|Any CPU
		{AC8C6FE6-4F0B-4B2B-A8F2-1DFE658B01DD}.QA|Any CPU.ActiveCfg = QA|Any CPU
		{AC8C6FE6-4F0B-4B2B-A8F2-1DFE658B01DD}.QA|Any CPU.Build.0 = QA|Any CPU
		{AC8C6FE6-4F0B-4B2B-A8F2-1DFE658B01DD}.Release|Any CPU.ActiveCfg = Release|Any CPU
		{AC8C6FE6-4F0B-4B2B-A8F2-1DFE658B01DD}.Release|Any CPU.Build.0 = Release|Any CPU
		{824833B3-D839-4878-AB71-B4DFDF802085}.Debug|Any CPU.ActiveCfg = Debug|Any CPU
		{824833B3-D839-4878-AB71-B4DFDF802085}.Debug|Any CPU.Build.0 = Debug|Any CPU
		{824833B3-D839-4878-AB71-B4DFDF802085}.Local|Any CPU.ActiveCfg = Release|Any CPU
		{824833B3-D839-4878-AB71-B4DFDF802085}.Local|Any CPU.Build.0 = Release|Any CPU
		{824833B3-D839-4878-AB71-B4DFDF802085}.Prod|Any CPU.ActiveCfg = Release|Any CPU
		{824833B3-D839-4878-AB71-B4DFDF802085}.Prod|Any CPU.Build.0 = Release|Any CPU
		{824833B3-D839-4878-AB71-B4DFDF802085}.QA|Any CPU.ActiveCfg = Release|Any CPU
		{824833B3-D839-4878-AB71-B4DFDF802085}.QA|Any CPU.Build.0 = Release|Any CPU
		{824833B3-D839-4878-AB71-B4DFDF802085}.Release|Any CPU.ActiveCfg = Release|Any CPU
		{824833B3-D839-4878-AB71-B4DFDF802085}.Release|Any CPU.Build.0 = Release|Any CPU
	EndGlobalSection
	GlobalSection(SolutionProperties) = preSolution
		HideSolutionNode = FALSE
	EndGlobalSection
EndGlobal
