
Microsoft Visual Studio Solution File, Format Version 12.00
# Visual Studio 14
VisualStudioVersion = 14.0.25420.1
MinimumVisualStudioVersion = 10.0.40219.1
Project("{00D1A9C2-B5F0-4AF3-8072-F6C62B433612}") = "Circulation_DB", "Circulation\Circulation_DB\Circulation_DB.sqlproj", "{935E8CE2-BA6B-4CA5-B18D-A90F5B42DA6F}"
EndProject
Project("{00D1A9C2-B5F0-4AF3-8072-F6C62B433612}") = "UAS_DB", "UAS\UAS_DB\UAS_DB.sqlproj", "{A42B5E90-77A0-407C-A919-D8A4916DE154}"
EndProject
Project("{00D1A9C2-B5F0-4AF3-8072-F6C62B433612}") = "UnifiedAudience_DB", "UnifiedAudience\UnifiedAudience_DB\UnifiedAudience_DB.sqlproj", "{6E85A14D-B290-4363-B97E-C1F7E0400AD0}"
EndProject
Project("{00D1A9C2-B5F0-4AF3-8072-F6C62B433612}") = "UAD_Lookup_DB", "UAD_Lookup\UAD_Lookup\UAD_Lookup_DB.sqlproj", "{0E5CE7AB-DF6A-46D0-979F-70245AD7EE7F}"
EndProject
Global
	GlobalSection(SolutionConfigurationPlatforms) = preSolution
		Debug|Any CPU = Debug|Any CPU
		Release|Any CPU = Release|Any CPU
	EndGlobalSection
	GlobalSection(ProjectConfigurationPlatforms) = postSolution
		{935E8CE2-BA6B-4CA5-B18D-A90F5B42DA6F}.Debug|Any CPU.ActiveCfg = Debug|Any CPU
		{935E8CE2-BA6B-4CA5-B18D-A90F5B42DA6F}.Debug|Any CPU.Build.0 = Debug|Any CPU
		{935E8CE2-BA6B-4CA5-B18D-A90F5B42DA6F}.Debug|Any CPU.Deploy.0 = Debug|Any CPU
		{935E8CE2-BA6B-4CA5-B18D-A90F5B42DA6F}.Release|Any CPU.ActiveCfg = Release|Any CPU
		{935E8CE2-BA6B-4CA5-B18D-A90F5B42DA6F}.Release|Any CPU.Build.0 = Release|Any CPU
		{935E8CE2-BA6B-4CA5-B18D-A90F5B42DA6F}.Release|Any CPU.Deploy.0 = Release|Any CPU
		{A42B5E90-77A0-407C-A919-D8A4916DE154}.Debug|Any CPU.ActiveCfg = Debug|Any CPU
		{A42B5E90-77A0-407C-A919-D8A4916DE154}.Debug|Any CPU.Build.0 = Debug|Any CPU
		{A42B5E90-77A0-407C-A919-D8A4916DE154}.Debug|Any CPU.Deploy.0 = Debug|Any CPU
		{A42B5E90-77A0-407C-A919-D8A4916DE154}.Release|Any CPU.ActiveCfg = Release|Any CPU
		{A42B5E90-77A0-407C-A919-D8A4916DE154}.Release|Any CPU.Build.0 = Release|Any CPU
		{A42B5E90-77A0-407C-A919-D8A4916DE154}.Release|Any CPU.Deploy.0 = Release|Any CPU
		{6E85A14D-B290-4363-B97E-C1F7E0400AD0}.Debug|Any CPU.ActiveCfg = Debug|Any CPU
		{6E85A14D-B290-4363-B97E-C1F7E0400AD0}.Debug|Any CPU.Build.0 = Debug|Any CPU
		{6E85A14D-B290-4363-B97E-C1F7E0400AD0}.Debug|Any CPU.Deploy.0 = Debug|Any CPU
		{6E85A14D-B290-4363-B97E-C1F7E0400AD0}.Release|Any CPU.ActiveCfg = Release|Any CPU
		{6E85A14D-B290-4363-B97E-C1F7E0400AD0}.Release|Any CPU.Build.0 = Release|Any CPU
		{6E85A14D-B290-4363-B97E-C1F7E0400AD0}.Release|Any CPU.Deploy.0 = Release|Any CPU
		{0E5CE7AB-DF6A-46D0-979F-70245AD7EE7F}.Debug|Any CPU.ActiveCfg = Debug|Any CPU
		{0E5CE7AB-DF6A-46D0-979F-70245AD7EE7F}.Debug|Any CPU.Build.0 = Debug|Any CPU
		{0E5CE7AB-DF6A-46D0-979F-70245AD7EE7F}.Debug|Any CPU.Deploy.0 = Debug|Any CPU
		{0E5CE7AB-DF6A-46D0-979F-70245AD7EE7F}.Release|Any CPU.ActiveCfg = Release|Any CPU
		{0E5CE7AB-DF6A-46D0-979F-70245AD7EE7F}.Release|Any CPU.Build.0 = Release|Any CPU
		{0E5CE7AB-DF6A-46D0-979F-70245AD7EE7F}.Release|Any CPU.Deploy.0 = Release|Any CPU
	EndGlobalSection
	GlobalSection(SolutionProperties) = preSolution
		HideSolutionNode = FALSE
	EndGlobalSection
	GlobalSection(TeamFoundationVersionControl) = preSolution
		SccNumberOfProjects = 5
		SccEnterpriseProvider = {4CA58AB2-18FA-4F8D-95D4-32DDF27D184C}
		SccTeamFoundationServer = http://216.17.41.138:8080/tfs/km_tfs_collection
		SccLocalPath0 = Databases\\UAS\\UAS_DB
		SccProjectFilePathRelativizedFromConnection0 = ..\\..\\..\\
		SccProjectUniqueName1 = Circulation\\Circulation_DB\\Circulation_DB.sqlproj
		SccProjectName1 = Circulation/Circulation_DB
		SccLocalPath1 = Circulation\\Circulation_DB
		SccProjectUniqueName2 = UAS\\UAS_DB\\UAS_DB.sqlproj
		SccProjectName2 = UAS/UAS_DB
		SccLocalPath2 = UAS\\UAS_DB
		SccProjectUniqueName3 = UnifiedAudience\\UnifiedAudience_DB\\UnifiedAudience_DB.sqlproj
		SccProjectName3 = UnifiedAudience/UnifiedAudience_DB
		SccLocalPath3 = UnifiedAudience\\UnifiedAudience_DB
		SccProjectUniqueName4 = UAD_Lookup\\UAD_Lookup\\UAD_Lookup_DB.sqlproj
		SccProjectName4 = UAD_Lookup/UAD_Lookup
		SccLocalPath4 = UAD_Lookup\\UAD_Lookup
	EndGlobalSection
EndGlobal

