Microsoft Visual Studio Solution File, Format Version 12.00
# Visual Studio 14
VisualStudioVersion = 14.0.25420.1
MinimumVisualStudioVersion = 10.0.40219.1
Project("{FAE04EC0-301F-11D3-BF4B-00C04F79EFBC}") = "KMPS_JF_Objects", "KMPS_JF_Objects\KMPS_JF_Objects.csproj", "{D9D1F242-E750-4B2E-95F6-79C75E77F7C8}"
EndProject
Project("{FAE04EC0-301F-11D3-BF4B-00C04F79EFBC}") = "KMPS_JF_Setup", "KMPS_JF_Admin\KMPS_JF_Setup.csproj", "{2A1E2D78-871D-4633-8A5E-AA2D2A286DC2}"
EndProject
Project("{FAE04EC0-301F-11D3-BF4B-00C04F79EFBC}") = "wattpaidpub", "wattpaidpub\wattpaidpub.csproj", "{E1D455E5-FC40-40A8-8914-C19B554CE880}"
EndProject
Project("{FAE04EC0-301F-11D3-BF4B-00C04F79EFBC}") = "FrancePaidPub", "FrancePaidPub\FrancePaidPub.csproj", "{3E0DF5DE-E561-4D13-9A5B-C651C2629689}"
EndProject
Project("{FAE04EC0-301F-11D3-BF4B-00C04F79EFBC}") = "MeisterPaidPub", "MeisterPaidPub\MeisterPaidPub.csproj", "{FAC6813E-1AC4-46C2-8AE4-B827B5B0EA0B}"
EndProject
Project("{FAE04EC0-301F-11D3-BF4B-00C04F79EFBC}") = "WattWebService", "WatWebService\WattWebService.csproj", "{B6710660-CBCF-47F1-B3C8-2204D65CA16B}"
EndProject
Project("{FAE04EC0-301F-11D3-BF4B-00C04F79EFBC}") = "WattWebService_TEST", "WattWebService_TEST\WattWebService_TEST.csproj", "{B91F7E2A-8B0F-417C-9556-DDE03F2385DF}"
EndProject
Project("{FAE04EC0-301F-11D3-BF4B-00C04F79EFBC}") = "PaidForms", "PaidForms\PaidForms.csproj", "{6A4642C9-41D2-4042-9193-492D942346DC}"
EndProject
Project("{FAE04EC0-301F-11D3-BF4B-00C04F79EFBC}") = "CKEditor.NET", "CKEditor.NET\CKEditor.NET.csproj", "{FC4500A9-8E83-46B0-87FA-86D44AB79AA7}"
EndProject
Project("{FAE04EC0-301F-11D3-BF4B-00C04F79EFBC}") = "NXTBookAPI", "NXTBookAPI\NXTBookAPI.csproj", "{01572B21-A7C5-41CD-BB47-7E78A9C871CC}"
EndProject
Project("{2150E333-8FDC-42A3-9474-1A3956D46DE8}") = "Paid Forms Sites", "Paid Forms Sites", "{89AAB2C4-96DB-4792-9202-80C398BF5DAD}"
EndProject
Project("{2150E333-8FDC-42A3-9474-1A3956D46DE8}") = "JFs Sites", "JFs Sites", "{37622F60-91AF-474A-9F77-A44689395947}"
EndProject
Project("{2150E333-8FDC-42A3-9474-1A3956D46DE8}") = "Object Library", "Object Library", "{20450F66-37B6-4743-8B2D-3A0615E40907}"
EndProject
Project("{2150E333-8FDC-42A3-9474-1A3956D46DE8}") = "Old Projects", "Old Projects", "{00AF49A8-6A3E-47AD-BC12-DB523F14FE72}"
EndProject
Project("{FAE04EC0-301F-11D3-BF4B-00C04F79EFBC}") = "KMPS_JF", "KMPS_JF\KMPS_JF.csproj", "{03577BEC-2C45-4359-A4D6-EEDC33D0D62F}"
EndProject
Project("{2150E333-8FDC-42A3-9474-1A3956D46DE8}") = "ECN", "ECN", "{DDCD3CC7-A673-4595-89F5-CFDA27D9060B}"
EndProject
Project("{FAE04EC0-301F-11D3-BF4B-00C04F79EFBC}") = "ECN_Framework_Entities", "..\ECN\ECN_Framework_Entities\ECN_Framework_Entities.csproj", "{F17A88C4-2FA5-4312-9AA7-D674A24221A8}"
EndProject
Project("{FAE04EC0-301F-11D3-BF4B-00C04F79EFBC}") = "ECN_Framework_DataLayer", "..\ECN\ECN_Framework_DataLayer\ECN_Framework_DataLayer.csproj", "{1BCE78E7-DD4D-48BC-85C3-D77FCE995528}"
EndProject
Project("{FAE04EC0-301F-11D3-BF4B-00C04F79EFBC}") = "ECN_Framework_Common", "..\ECN\ECN_Framework_Common\ECN_Framework_Common.csproj", "{63B4326C-31F4-4C42-9110-A1D51DC4DDE6}"
EndProject
Project("{FAE04EC0-301F-11D3-BF4B-00C04F79EFBC}") = "ECN_Framework_BusinessLayer", "..\ECN\ECN_Framework_BusinessLayer\ECN_Framework_BusinessLayer.csproj", "{A0803DC4-88C9-4F0B-B567-2EA5504E5F47}"
EndProject
Project("{FAE04EC0-301F-11D3-BF4B-00C04F79EFBC}") = "ECN", "..\ECN\ECN\ECN.csproj", "{8BBEB645-DD44-4E47-A204-95341F4D87C2}"
EndProject
Project("{FAE04EC0-301F-11D3-BF4B-00C04F79EFBC}") = "KMPlatform", "..\ECN\FrameworkUAS\KMPlatform.csproj", "{6DEFD456-445C-475A-AF97-09D2EF5AAA04}"
EndProject
Project("{FAE04EC0-301F-11D3-BF4B-00C04F79EFBC}") = "KM.Common", "..\KMCommon\KM.Common.csproj", "{65C7C665-2088-4291-AB27-AADBED47E370}"
EndProject
Project("{FAE04EC0-301F-11D3-BF4B-00C04F79EFBC}") = "KM.Platform.User", "..\ECN\KM.PlatformUser\KM.Platform.User.csproj", "{40A3D230-59AC-448F-B365-472807705310}"
EndProject
Project("{FAE04EC0-301F-11D3-BF4B-00C04F79EFBC}") = "CssConvert_2_0", "..\ECN\CssConvert_2_0\CssConvert_2_0.csproj", "{AC8C6FE6-4F0B-4B2B-A8F2-1DFE658B01DD}"
EndProject
Project("{FAE04EC0-301F-11D3-BF4B-00C04F79EFBC}") = "Core_AMS.Utilities", "..\UAS\Core\Utilities\Core_AMS.Utilities.csproj", "{E151A8A8-19FA-44A2-9CD3-4DFA3627B7AC}"
EndProject
Project("{FAE04EC0-301F-11D3-BF4B-00C04F79EFBC}") = "ECN_Framework", "..\ECN\ECN_Framework\ECN_Framework.csproj", "{3B505AE1-FD1C-429A-A534-81AE42F7CCC5}"
EndProject
Project("{FAE04EC0-301F-11D3-BF4B-00C04F79EFBC}") = "ecn.EmailPreview", "..\ECN\ecn.EmailPreview\ecn.EmailPreview.csproj", "{4BF970D0-3B03-4949-A105-E23593AF6C34}"
EndProject
Global
	GlobalSection(SolutionConfigurationPlatforms) = preSolution
		Debug|Any CPU = Debug|Any CPU
		Local|Any CPU = Local|Any CPU
		Prod|Any CPU = Prod|Any CPU
		QA|Any CPU = QA|Any CPU
		Release|Any CPU = Release|Any CPU
	EndGlobalSection
	GlobalSection(ProjectConfigurationPlatforms) = postSolution
		{D9D1F242-E750-4B2E-95F6-79C75E77F7C8}.Debug|Any CPU.ActiveCfg = Debug|Any CPU
		{D9D1F242-E750-4B2E-95F6-79C75E77F7C8}.Debug|Any CPU.Build.0 = Debug|Any CPU
		{D9D1F242-E750-4B2E-95F6-79C75E77F7C8}.Local|Any CPU.ActiveCfg = Release|Any CPU
		{D9D1F242-E750-4B2E-95F6-79C75E77F7C8}.Local|Any CPU.Build.0 = Release|Any CPU
		{D9D1F242-E750-4B2E-95F6-79C75E77F7C8}.Prod|Any CPU.ActiveCfg = Prod|Any CPU
		{D9D1F242-E750-4B2E-95F6-79C75E77F7C8}.Prod|Any CPU.Build.0 = Prod|Any CPU
		{D9D1F242-E750-4B2E-95F6-79C75E77F7C8}.QA|Any CPU.ActiveCfg = Release|Any CPU
		{D9D1F242-E750-4B2E-95F6-79C75E77F7C8}.QA|Any CPU.Build.0 = Release|Any CPU
		{D9D1F242-E750-4B2E-95F6-79C75E77F7C8}.Release|Any CPU.ActiveCfg = Release|Any CPU
		{D9D1F242-E750-4B2E-95F6-79C75E77F7C8}.Release|Any CPU.Build.0 = Release|Any CPU
		{2A1E2D78-871D-4633-8A5E-AA2D2A286DC2}.Debug|Any CPU.ActiveCfg = Debug|Any CPU
		{2A1E2D78-871D-4633-8A5E-AA2D2A286DC2}.Debug|Any CPU.Build.0 = Debug|Any CPU
		{2A1E2D78-871D-4633-8A5E-AA2D2A286DC2}.Local|Any CPU.ActiveCfg = Release|Any CPU
		{2A1E2D78-871D-4633-8A5E-AA2D2A286DC2}.Local|Any CPU.Build.0 = Release|Any CPU
		{2A1E2D78-871D-4633-8A5E-AA2D2A286DC2}.Prod|Any CPU.ActiveCfg = Prod|Any CPU
		{2A1E2D78-871D-4633-8A5E-AA2D2A286DC2}.Prod|Any CPU.Build.0 = Prod|Any CPU
		{2A1E2D78-871D-4633-8A5E-AA2D2A286DC2}.QA|Any CPU.ActiveCfg = Release|Any CPU
		{2A1E2D78-871D-4633-8A5E-AA2D2A286DC2}.QA|Any CPU.Build.0 = Release|Any CPU
		{2A1E2D78-871D-4633-8A5E-AA2D2A286DC2}.Release|Any CPU.ActiveCfg = Release|Any CPU
		{2A1E2D78-871D-4633-8A5E-AA2D2A286DC2}.Release|Any CPU.Build.0 = Release|Any CPU
		{E1D455E5-FC40-40A8-8914-C19B554CE880}.Debug|Any CPU.ActiveCfg = Debug|Any CPU
		{E1D455E5-FC40-40A8-8914-C19B554CE880}.Debug|Any CPU.Build.0 = Debug|Any CPU
		{E1D455E5-FC40-40A8-8914-C19B554CE880}.Local|Any CPU.ActiveCfg = Release|Any CPU
		{E1D455E5-FC40-40A8-8914-C19B554CE880}.Local|Any CPU.Build.0 = Release|Any CPU
		{E1D455E5-FC40-40A8-8914-C19B554CE880}.Prod|Any CPU.ActiveCfg = Prod|Any CPU
		{E1D455E5-FC40-40A8-8914-C19B554CE880}.Prod|Any CPU.Build.0 = Prod|Any CPU
		{E1D455E5-FC40-40A8-8914-C19B554CE880}.QA|Any CPU.ActiveCfg = Release|Any CPU
		{E1D455E5-FC40-40A8-8914-C19B554CE880}.QA|Any CPU.Build.0 = Release|Any CPU
		{E1D455E5-FC40-40A8-8914-C19B554CE880}.Release|Any CPU.ActiveCfg = Release|Any CPU
		{E1D455E5-FC40-40A8-8914-C19B554CE880}.Release|Any CPU.Build.0 = Release|Any CPU
		{3E0DF5DE-E561-4D13-9A5B-C651C2629689}.Debug|Any CPU.ActiveCfg = Debug|Any CPU
		{3E0DF5DE-E561-4D13-9A5B-C651C2629689}.Debug|Any CPU.Build.0 = Debug|Any CPU
		{3E0DF5DE-E561-4D13-9A5B-C651C2629689}.Local|Any CPU.ActiveCfg = Release|Any CPU
		{3E0DF5DE-E561-4D13-9A5B-C651C2629689}.Local|Any CPU.Build.0 = Release|Any CPU
		{3E0DF5DE-E561-4D13-9A5B-C651C2629689}.Prod|Any CPU.ActiveCfg = Prod|Any CPU
		{3E0DF5DE-E561-4D13-9A5B-C651C2629689}.Prod|Any CPU.Build.0 = Prod|Any CPU
		{3E0DF5DE-E561-4D13-9A5B-C651C2629689}.QA|Any CPU.ActiveCfg = Release|Any CPU
		{3E0DF5DE-E561-4D13-9A5B-C651C2629689}.QA|Any CPU.Build.0 = Release|Any CPU
		{3E0DF5DE-E561-4D13-9A5B-C651C2629689}.Release|Any CPU.ActiveCfg = Release|Any CPU
		{3E0DF5DE-E561-4D13-9A5B-C651C2629689}.Release|Any CPU.Build.0 = Release|Any CPU
		{FAC6813E-1AC4-46C2-8AE4-B827B5B0EA0B}.Debug|Any CPU.ActiveCfg = Debug|Any CPU
		{FAC6813E-1AC4-46C2-8AE4-B827B5B0EA0B}.Debug|Any CPU.Build.0 = Debug|Any CPU
		{FAC6813E-1AC4-46C2-8AE4-B827B5B0EA0B}.Local|Any CPU.ActiveCfg = Release|Any CPU
		{FAC6813E-1AC4-46C2-8AE4-B827B5B0EA0B}.Local|Any CPU.Build.0 = Release|Any CPU
		{FAC6813E-1AC4-46C2-8AE4-B827B5B0EA0B}.Prod|Any CPU.ActiveCfg = Prod|Any CPU
		{FAC6813E-1AC4-46C2-8AE4-B827B5B0EA0B}.Prod|Any CPU.Build.0 = Prod|Any CPU
		{FAC6813E-1AC4-46C2-8AE4-B827B5B0EA0B}.QA|Any CPU.ActiveCfg = Release|Any CPU
		{FAC6813E-1AC4-46C2-8AE4-B827B5B0EA0B}.QA|Any CPU.Build.0 = Release|Any CPU
		{FAC6813E-1AC4-46C2-8AE4-B827B5B0EA0B}.Release|Any CPU.ActiveCfg = Release|Any CPU
		{FAC6813E-1AC4-46C2-8AE4-B827B5B0EA0B}.Release|Any CPU.Build.0 = Release|Any CPU
		{B6710660-CBCF-47F1-B3C8-2204D65CA16B}.Debug|Any CPU.ActiveCfg = Debug|Any CPU
		{B6710660-CBCF-47F1-B3C8-2204D65CA16B}.Local|Any CPU.ActiveCfg = Release|Any CPU
		{B6710660-CBCF-47F1-B3C8-2204D65CA16B}.Local|Any CPU.Build.0 = Release|Any CPU
		{B6710660-CBCF-47F1-B3C8-2204D65CA16B}.Prod|Any CPU.ActiveCfg = Prod|Any CPU
		{B6710660-CBCF-47F1-B3C8-2204D65CA16B}.Prod|Any CPU.Build.0 = Prod|Any CPU
		{B6710660-CBCF-47F1-B3C8-2204D65CA16B}.QA|Any CPU.ActiveCfg = Release|Any CPU
		{B6710660-CBCF-47F1-B3C8-2204D65CA16B}.QA|Any CPU.Build.0 = Release|Any CPU
		{B6710660-CBCF-47F1-B3C8-2204D65CA16B}.Release|Any CPU.ActiveCfg = Release|Any CPU
		{B6710660-CBCF-47F1-B3C8-2204D65CA16B}.Release|Any CPU.Build.0 = Release|Any CPU
		{B91F7E2A-8B0F-417C-9556-DDE03F2385DF}.Debug|Any CPU.ActiveCfg = Debug|Any CPU
		{B91F7E2A-8B0F-417C-9556-DDE03F2385DF}.Local|Any CPU.ActiveCfg = Release|Any CPU
		{B91F7E2A-8B0F-417C-9556-DDE03F2385DF}.Local|Any CPU.Build.0 = Release|Any CPU
		{B91F7E2A-8B0F-417C-9556-DDE03F2385DF}.Prod|Any CPU.ActiveCfg = Prod|Any CPU
		{B91F7E2A-8B0F-417C-9556-DDE03F2385DF}.Prod|Any CPU.Build.0 = Prod|Any CPU
		{B91F7E2A-8B0F-417C-9556-DDE03F2385DF}.QA|Any CPU.ActiveCfg = Release|Any CPU
		{B91F7E2A-8B0F-417C-9556-DDE03F2385DF}.QA|Any CPU.Build.0 = Release|Any CPU
		{B91F7E2A-8B0F-417C-9556-DDE03F2385DF}.Release|Any CPU.ActiveCfg = Release|Any CPU
		{B91F7E2A-8B0F-417C-9556-DDE03F2385DF}.Release|Any CPU.Build.0 = Release|Any CPU
		{6A4642C9-41D2-4042-9193-492D942346DC}.Debug|Any CPU.ActiveCfg = Debug|Any CPU
		{6A4642C9-41D2-4042-9193-492D942346DC}.Debug|Any CPU.Build.0 = Debug|Any CPU
		{6A4642C9-41D2-4042-9193-492D942346DC}.Local|Any CPU.ActiveCfg = Release|Any CPU
		{6A4642C9-41D2-4042-9193-492D942346DC}.Local|Any CPU.Build.0 = Release|Any CPU
		{6A4642C9-41D2-4042-9193-492D942346DC}.Prod|Any CPU.ActiveCfg = Prod|Any CPU
		{6A4642C9-41D2-4042-9193-492D942346DC}.Prod|Any CPU.Build.0 = Prod|Any CPU
		{6A4642C9-41D2-4042-9193-492D942346DC}.QA|Any CPU.ActiveCfg = Release|Any CPU
		{6A4642C9-41D2-4042-9193-492D942346DC}.QA|Any CPU.Build.0 = Release|Any CPU
		{6A4642C9-41D2-4042-9193-492D942346DC}.Release|Any CPU.ActiveCfg = Release|Any CPU
		{6A4642C9-41D2-4042-9193-492D942346DC}.Release|Any CPU.Build.0 = Release|Any CPU
		{FC4500A9-8E83-46B0-87FA-86D44AB79AA7}.Debug|Any CPU.ActiveCfg = Debug|Any CPU
		{FC4500A9-8E83-46B0-87FA-86D44AB79AA7}.Debug|Any CPU.Build.0 = Debug|Any CPU
		{FC4500A9-8E83-46B0-87FA-86D44AB79AA7}.Local|Any CPU.ActiveCfg = Release|Any CPU
		{FC4500A9-8E83-46B0-87FA-86D44AB79AA7}.Local|Any CPU.Build.0 = Release|Any CPU
		{FC4500A9-8E83-46B0-87FA-86D44AB79AA7}.Prod|Any CPU.ActiveCfg = Prod|Any CPU
		{FC4500A9-8E83-46B0-87FA-86D44AB79AA7}.Prod|Any CPU.Build.0 = Prod|Any CPU
		{FC4500A9-8E83-46B0-87FA-86D44AB79AA7}.QA|Any CPU.ActiveCfg = Release|Any CPU
		{FC4500A9-8E83-46B0-87FA-86D44AB79AA7}.QA|Any CPU.Build.0 = Release|Any CPU
		{FC4500A9-8E83-46B0-87FA-86D44AB79AA7}.Release|Any CPU.ActiveCfg = Release|Any CPU
		{FC4500A9-8E83-46B0-87FA-86D44AB79AA7}.Release|Any CPU.Build.0 = Release|Any CPU
		{01572B21-A7C5-41CD-BB47-7E78A9C871CC}.Debug|Any CPU.ActiveCfg = Debug|Any CPU
		{01572B21-A7C5-41CD-BB47-7E78A9C871CC}.Debug|Any CPU.Build.0 = Debug|Any CPU
		{01572B21-A7C5-41CD-BB47-7E78A9C871CC}.Local|Any CPU.ActiveCfg = Release|Any CPU
		{01572B21-A7C5-41CD-BB47-7E78A9C871CC}.Local|Any CPU.Build.0 = Release|Any CPU
		{01572B21-A7C5-41CD-BB47-7E78A9C871CC}.Prod|Any CPU.ActiveCfg = Prod|Any CPU
		{01572B21-A7C5-41CD-BB47-7E78A9C871CC}.Prod|Any CPU.Build.0 = Prod|Any CPU
		{01572B21-A7C5-41CD-BB47-7E78A9C871CC}.QA|Any CPU.ActiveCfg = Release|Any CPU
		{01572B21-A7C5-41CD-BB47-7E78A9C871CC}.QA|Any CPU.Build.0 = Release|Any CPU
		{01572B21-A7C5-41CD-BB47-7E78A9C871CC}.Release|Any CPU.ActiveCfg = Release|Any CPU
		{01572B21-A7C5-41CD-BB47-7E78A9C871CC}.Release|Any CPU.Build.0 = Release|Any CPU
		{03577BEC-2C45-4359-A4D6-EEDC33D0D62F}.Debug|Any CPU.ActiveCfg = Debug|Any CPU
		{03577BEC-2C45-4359-A4D6-EEDC33D0D62F}.Debug|Any CPU.Build.0 = Debug|Any CPU
		{03577BEC-2C45-4359-A4D6-EEDC33D0D62F}.Local|Any CPU.ActiveCfg = Release|Any CPU
		{03577BEC-2C45-4359-A4D6-EEDC33D0D62F}.Local|Any CPU.Build.0 = Release|Any CPU
		{03577BEC-2C45-4359-A4D6-EEDC33D0D62F}.Prod|Any CPU.ActiveCfg = Prod|Any CPU
		{03577BEC-2C45-4359-A4D6-EEDC33D0D62F}.Prod|Any CPU.Build.0 = Prod|Any CPU
		{03577BEC-2C45-4359-A4D6-EEDC33D0D62F}.QA|Any CPU.ActiveCfg = Release|Any CPU
		{03577BEC-2C45-4359-A4D6-EEDC33D0D62F}.QA|Any CPU.Build.0 = Release|Any CPU
		{03577BEC-2C45-4359-A4D6-EEDC33D0D62F}.Release|Any CPU.ActiveCfg = Release|Any CPU
		{03577BEC-2C45-4359-A4D6-EEDC33D0D62F}.Release|Any CPU.Build.0 = Release|Any CPU
		{F17A88C4-2FA5-4312-9AA7-D674A24221A8}.Debug|Any CPU.ActiveCfg = Debug|Any CPU
		{F17A88C4-2FA5-4312-9AA7-D674A24221A8}.Debug|Any CPU.Build.0 = Debug|Any CPU
		{F17A88C4-2FA5-4312-9AA7-D674A24221A8}.Local|Any CPU.ActiveCfg = Local|Any CPU
		{F17A88C4-2FA5-4312-9AA7-D674A24221A8}.Local|Any CPU.Build.0 = Local|Any CPU
		{F17A88C4-2FA5-4312-9AA7-D674A24221A8}.Prod|Any CPU.ActiveCfg = Prod|Any CPU
		{F17A88C4-2FA5-4312-9AA7-D674A24221A8}.Prod|Any CPU.Build.0 = Prod|Any CPU
		{F17A88C4-2FA5-4312-9AA7-D674A24221A8}.QA|Any CPU.ActiveCfg = QA|Any CPU
		{F17A88C4-2FA5-4312-9AA7-D674A24221A8}.QA|Any CPU.Build.0 = QA|Any CPU
		{F17A88C4-2FA5-4312-9AA7-D674A24221A8}.Release|Any CPU.ActiveCfg = Release|Any CPU
		{F17A88C4-2FA5-4312-9AA7-D674A24221A8}.Release|Any CPU.Build.0 = Release|Any CPU
		{1BCE78E7-DD4D-48BC-85C3-D77FCE995528}.Debug|Any CPU.ActiveCfg = Debug|Any CPU
		{1BCE78E7-DD4D-48BC-85C3-D77FCE995528}.Debug|Any CPU.Build.0 = Debug|Any CPU
		{1BCE78E7-DD4D-48BC-85C3-D77FCE995528}.Local|Any CPU.ActiveCfg = Local|Any CPU
		{1BCE78E7-DD4D-48BC-85C3-D77FCE995528}.Local|Any CPU.Build.0 = Local|Any CPU
		{1BCE78E7-DD4D-48BC-85C3-D77FCE995528}.Prod|Any CPU.ActiveCfg = Prod|Any CPU
		{1BCE78E7-DD4D-48BC-85C3-D77FCE995528}.Prod|Any CPU.Build.0 = Prod|Any CPU
		{1BCE78E7-DD4D-48BC-85C3-D77FCE995528}.QA|Any CPU.ActiveCfg = QA|Any CPU
		{1BCE78E7-DD4D-48BC-85C3-D77FCE995528}.QA|Any CPU.Build.0 = QA|Any CPU
		{1BCE78E7-DD4D-48BC-85C3-D77FCE995528}.Release|Any CPU.ActiveCfg = Release|Any CPU
		{1BCE78E7-DD4D-48BC-85C3-D77FCE995528}.Release|Any CPU.Build.0 = Release|Any CPU
		{63B4326C-31F4-4C42-9110-A1D51DC4DDE6}.Debug|Any CPU.ActiveCfg = Debug|Any CPU
		{63B4326C-31F4-4C42-9110-A1D51DC4DDE6}.Debug|Any CPU.Build.0 = Debug|Any CPU
		{63B4326C-31F4-4C42-9110-A1D51DC4DDE6}.Local|Any CPU.ActiveCfg = Local|Any CPU
		{63B4326C-31F4-4C42-9110-A1D51DC4DDE6}.Local|Any CPU.Build.0 = Local|Any CPU
		{63B4326C-31F4-4C42-9110-A1D51DC4DDE6}.Prod|Any CPU.ActiveCfg = Prod|Any CPU
		{63B4326C-31F4-4C42-9110-A1D51DC4DDE6}.Prod|Any CPU.Build.0 = Prod|Any CPU
		{63B4326C-31F4-4C42-9110-A1D51DC4DDE6}.QA|Any CPU.ActiveCfg = QA|Any CPU
		{63B4326C-31F4-4C42-9110-A1D51DC4DDE6}.QA|Any CPU.Build.0 = QA|Any CPU
		{63B4326C-31F4-4C42-9110-A1D51DC4DDE6}.Release|Any CPU.ActiveCfg = Release|Any CPU
		{63B4326C-31F4-4C42-9110-A1D51DC4DDE6}.Release|Any CPU.Build.0 = Release|Any CPU
		{A0803DC4-88C9-4F0B-B567-2EA5504E5F47}.Debug|Any CPU.ActiveCfg = Debug|Any CPU
		{A0803DC4-88C9-4F0B-B567-2EA5504E5F47}.Debug|Any CPU.Build.0 = Debug|Any CPU
		{A0803DC4-88C9-4F0B-B567-2EA5504E5F47}.Local|Any CPU.ActiveCfg = Local|Any CPU
		{A0803DC4-88C9-4F0B-B567-2EA5504E5F47}.Local|Any CPU.Build.0 = Local|Any CPU
		{A0803DC4-88C9-4F0B-B567-2EA5504E5F47}.Prod|Any CPU.ActiveCfg = Prod|Any CPU
		{A0803DC4-88C9-4F0B-B567-2EA5504E5F47}.Prod|Any CPU.Build.0 = Prod|Any CPU
		{A0803DC4-88C9-4F0B-B567-2EA5504E5F47}.QA|Any CPU.ActiveCfg = QA|Any CPU
		{A0803DC4-88C9-4F0B-B567-2EA5504E5F47}.QA|Any CPU.Build.0 = QA|Any CPU
		{A0803DC4-88C9-4F0B-B567-2EA5504E5F47}.Release|Any CPU.ActiveCfg = Release|Any CPU
		{A0803DC4-88C9-4F0B-B567-2EA5504E5F47}.Release|Any CPU.Build.0 = Release|Any CPU
		{8BBEB645-DD44-4E47-A204-95341F4D87C2}.Debug|Any CPU.ActiveCfg = Debug|Any CPU
		{8BBEB645-DD44-4E47-A204-95341F4D87C2}.Debug|Any CPU.Build.0 = Debug|Any CPU
		{8BBEB645-DD44-4E47-A204-95341F4D87C2}.Local|Any CPU.ActiveCfg = Local|Any CPU
		{8BBEB645-DD44-4E47-A204-95341F4D87C2}.Local|Any CPU.Build.0 = Local|Any CPU
		{8BBEB645-DD44-4E47-A204-95341F4D87C2}.Prod|Any CPU.ActiveCfg = Prod|Any CPU
		{8BBEB645-DD44-4E47-A204-95341F4D87C2}.Prod|Any CPU.Build.0 = Prod|Any CPU
		{8BBEB645-DD44-4E47-A204-95341F4D87C2}.QA|Any CPU.ActiveCfg = QA|Any CPU
		{8BBEB645-DD44-4E47-A204-95341F4D87C2}.QA|Any CPU.Build.0 = QA|Any CPU
		{8BBEB645-DD44-4E47-A204-95341F4D87C2}.Release|Any CPU.ActiveCfg = Release|Any CPU
		{8BBEB645-DD44-4E47-A204-95341F4D87C2}.Release|Any CPU.Build.0 = Release|Any CPU
		{6DEFD456-445C-475A-AF97-09D2EF5AAA04}.Debug|Any CPU.ActiveCfg = Debug|Any CPU
		{6DEFD456-445C-475A-AF97-09D2EF5AAA04}.Debug|Any CPU.Build.0 = Debug|Any CPU
		{6DEFD456-445C-475A-AF97-09D2EF5AAA04}.Local|Any CPU.ActiveCfg = Release|Any CPU
		{6DEFD456-445C-475A-AF97-09D2EF5AAA04}.Local|Any CPU.Build.0 = Release|Any CPU
		{6DEFD456-445C-475A-AF97-09D2EF5AAA04}.Prod|Any CPU.ActiveCfg = Release|Any CPU
		{6DEFD456-445C-475A-AF97-09D2EF5AAA04}.Prod|Any CPU.Build.0 = Release|Any CPU
		{6DEFD456-445C-475A-AF97-09D2EF5AAA04}.QA|Any CPU.ActiveCfg = Release|Any CPU
		{6DEFD456-445C-475A-AF97-09D2EF5AAA04}.QA|Any CPU.Build.0 = Release|Any CPU
		{6DEFD456-445C-475A-AF97-09D2EF5AAA04}.Release|Any CPU.ActiveCfg = Release|Any CPU
		{6DEFD456-445C-475A-AF97-09D2EF5AAA04}.Release|Any CPU.Build.0 = Release|Any CPU
		{65C7C665-2088-4291-AB27-AADBED47E370}.Debug|Any CPU.ActiveCfg = Debug|Any CPU
		{65C7C665-2088-4291-AB27-AADBED47E370}.Debug|Any CPU.Build.0 = Debug|Any CPU
		{65C7C665-2088-4291-AB27-AADBED47E370}.Local|Any CPU.ActiveCfg = Release|Any CPU
		{65C7C665-2088-4291-AB27-AADBED47E370}.Local|Any CPU.Build.0 = Release|Any CPU
		{65C7C665-2088-4291-AB27-AADBED47E370}.Prod|Any CPU.ActiveCfg = Release|Any CPU
		{65C7C665-2088-4291-AB27-AADBED47E370}.Prod|Any CPU.Build.0 = Release|Any CPU
		{65C7C665-2088-4291-AB27-AADBED47E370}.QA|Any CPU.ActiveCfg = Release|Any CPU
		{65C7C665-2088-4291-AB27-AADBED47E370}.QA|Any CPU.Build.0 = Release|Any CPU
		{65C7C665-2088-4291-AB27-AADBED47E370}.Release|Any CPU.ActiveCfg = Release|Any CPU
		{65C7C665-2088-4291-AB27-AADBED47E370}.Release|Any CPU.Build.0 = Release|Any CPU
		{40A3D230-59AC-448F-B365-472807705310}.Debug|Any CPU.ActiveCfg = Debug|Any CPU
		{40A3D230-59AC-448F-B365-472807705310}.Debug|Any CPU.Build.0 = Debug|Any CPU
		{40A3D230-59AC-448F-B365-472807705310}.Local|Any CPU.ActiveCfg = Release|Any CPU
		{40A3D230-59AC-448F-B365-472807705310}.Local|Any CPU.Build.0 = Release|Any CPU
		{40A3D230-59AC-448F-B365-472807705310}.Prod|Any CPU.ActiveCfg = Release|Any CPU
		{40A3D230-59AC-448F-B365-472807705310}.Prod|Any CPU.Build.0 = Release|Any CPU
		{40A3D230-59AC-448F-B365-472807705310}.QA|Any CPU.ActiveCfg = Release|Any CPU
		{40A3D230-59AC-448F-B365-472807705310}.QA|Any CPU.Build.0 = Release|Any CPU
		{40A3D230-59AC-448F-B365-472807705310}.Release|Any CPU.ActiveCfg = Release|Any CPU
		{40A3D230-59AC-448F-B365-472807705310}.Release|Any CPU.Build.0 = Release|Any CPU
		{AC8C6FE6-4F0B-4B2B-A8F2-1DFE658B01DD}.Debug|Any CPU.ActiveCfg = Debug|Any CPU
		{AC8C6FE6-4F0B-4B2B-A8F2-1DFE658B01DD}.Debug|Any CPU.Build.0 = Debug|Any CPU
		{AC8C6FE6-4F0B-4B2B-A8F2-1DFE658B01DD}.Local|Any CPU.ActiveCfg = Local|Any CPU
		{AC8C6FE6-4F0B-4B2B-A8F2-1DFE658B01DD}.Local|Any CPU.Build.0 = Local|Any CPU
		{AC8C6FE6-4F0B-4B2B-A8F2-1DFE658B01DD}.Prod|Any CPU.ActiveCfg = Prod|Any CPU
		{AC8C6FE6-4F0B-4B2B-A8F2-1DFE658B01DD}.Prod|Any CPU.Build.0 = Prod|Any CPU
		{AC8C6FE6-4F0B-4B2B-A8F2-1DFE658B01DD}.QA|Any CPU.ActiveCfg = QA|Any CPU
		{AC8C6FE6-4F0B-4B2B-A8F2-1DFE658B01DD}.QA|Any CPU.Build.0 = QA|Any CPU
		{AC8C6FE6-4F0B-4B2B-A8F2-1DFE658B01DD}.Release|Any CPU.ActiveCfg = Release|Any CPU
		{AC8C6FE6-4F0B-4B2B-A8F2-1DFE658B01DD}.Release|Any CPU.Build.0 = Release|Any CPU
		{E151A8A8-19FA-44A2-9CD3-4DFA3627B7AC}.Debug|Any CPU.ActiveCfg = Debug|Any CPU
		{E151A8A8-19FA-44A2-9CD3-4DFA3627B7AC}.Debug|Any CPU.Build.0 = Debug|Any CPU
		{E151A8A8-19FA-44A2-9CD3-4DFA3627B7AC}.Local|Any CPU.ActiveCfg = Release|Any CPU
		{E151A8A8-19FA-44A2-9CD3-4DFA3627B7AC}.Local|Any CPU.Build.0 = Release|Any CPU
		{E151A8A8-19FA-44A2-9CD3-4DFA3627B7AC}.Prod|Any CPU.ActiveCfg = Release|Any CPU
		{E151A8A8-19FA-44A2-9CD3-4DFA3627B7AC}.Prod|Any CPU.Build.0 = Release|Any CPU
		{E151A8A8-19FA-44A2-9CD3-4DFA3627B7AC}.QA|Any CPU.ActiveCfg = Release|Any CPU
		{E151A8A8-19FA-44A2-9CD3-4DFA3627B7AC}.QA|Any CPU.Build.0 = Release|Any CPU
		{E151A8A8-19FA-44A2-9CD3-4DFA3627B7AC}.Release|Any CPU.ActiveCfg = Release|Any CPU
		{E151A8A8-19FA-44A2-9CD3-4DFA3627B7AC}.Release|Any CPU.Build.0 = Release|Any CPU
		{3B505AE1-FD1C-429A-A534-81AE42F7CCC5}.Debug|Any CPU.ActiveCfg = Debug|Any CPU
		{3B505AE1-FD1C-429A-A534-81AE42F7CCC5}.Debug|Any CPU.Build.0 = Debug|Any CPU
		{3B505AE1-FD1C-429A-A534-81AE42F7CCC5}.Local|Any CPU.ActiveCfg = Local|Any CPU
		{3B505AE1-FD1C-429A-A534-81AE42F7CCC5}.Local|Any CPU.Build.0 = Local|Any CPU
		{3B505AE1-FD1C-429A-A534-81AE42F7CCC5}.Prod|Any CPU.ActiveCfg = Prod|Any CPU
		{3B505AE1-FD1C-429A-A534-81AE42F7CCC5}.Prod|Any CPU.Build.0 = Prod|Any CPU
		{3B505AE1-FD1C-429A-A534-81AE42F7CCC5}.QA|Any CPU.ActiveCfg = QA|Any CPU
		{3B505AE1-FD1C-429A-A534-81AE42F7CCC5}.QA|Any CPU.Build.0 = QA|Any CPU
		{3B505AE1-FD1C-429A-A534-81AE42F7CCC5}.Release|Any CPU.ActiveCfg = Release|Any CPU
		{3B505AE1-FD1C-429A-A534-81AE42F7CCC5}.Release|Any CPU.Build.0 = Release|Any CPU
		{4BF970D0-3B03-4949-A105-E23593AF6C34}.Debug|Any CPU.ActiveCfg = Debug|Any CPU
		{4BF970D0-3B03-4949-A105-E23593AF6C34}.Debug|Any CPU.Build.0 = Debug|Any CPU
		{4BF970D0-3B03-4949-A105-E23593AF6C34}.Local|Any CPU.ActiveCfg = Local|Any CPU
		{4BF970D0-3B03-4949-A105-E23593AF6C34}.Local|Any CPU.Build.0 = Local|Any CPU
		{4BF970D0-3B03-4949-A105-E23593AF6C34}.Prod|Any CPU.ActiveCfg = Prod|Any CPU
		{4BF970D0-3B03-4949-A105-E23593AF6C34}.Prod|Any CPU.Build.0 = Prod|Any CPU
		{4BF970D0-3B03-4949-A105-E23593AF6C34}.QA|Any CPU.ActiveCfg = QA|Any CPU
		{4BF970D0-3B03-4949-A105-E23593AF6C34}.QA|Any CPU.Build.0 = QA|Any CPU
		{4BF970D0-3B03-4949-A105-E23593AF6C34}.Release|Any CPU.ActiveCfg = Release|Any CPU
		{4BF970D0-3B03-4949-A105-E23593AF6C34}.Release|Any CPU.Build.0 = Release|Any CPU
	EndGlobalSection
	GlobalSection(SolutionProperties) = preSolution
		HideSolutionNode = FALSE
	EndGlobalSection
	GlobalSection(NestedProjects) = preSolution
		{D9D1F242-E750-4B2E-95F6-79C75E77F7C8} = {20450F66-37B6-4743-8B2D-3A0615E40907}
		{2A1E2D78-871D-4633-8A5E-AA2D2A286DC2} = {37622F60-91AF-474A-9F77-A44689395947}
		{E1D455E5-FC40-40A8-8914-C19B554CE880} = {89AAB2C4-96DB-4792-9202-80C398BF5DAD}
		{3E0DF5DE-E561-4D13-9A5B-C651C2629689} = {89AAB2C4-96DB-4792-9202-80C398BF5DAD}
		{FAC6813E-1AC4-46C2-8AE4-B827B5B0EA0B} = {89AAB2C4-96DB-4792-9202-80C398BF5DAD}
		{B6710660-CBCF-47F1-B3C8-2204D65CA16B} = {00AF49A8-6A3E-47AD-BC12-DB523F14FE72}
		{B91F7E2A-8B0F-417C-9556-DDE03F2385DF} = {00AF49A8-6A3E-47AD-BC12-DB523F14FE72}
		{6A4642C9-41D2-4042-9193-492D942346DC} = {37622F60-91AF-474A-9F77-A44689395947}
		{FC4500A9-8E83-46B0-87FA-86D44AB79AA7} = {00AF49A8-6A3E-47AD-BC12-DB523F14FE72}
		{01572B21-A7C5-41CD-BB47-7E78A9C871CC} = {20450F66-37B6-4743-8B2D-3A0615E40907}
		{03577BEC-2C45-4359-A4D6-EEDC33D0D62F} = {37622F60-91AF-474A-9F77-A44689395947}
		{F17A88C4-2FA5-4312-9AA7-D674A24221A8} = {DDCD3CC7-A673-4595-89F5-CFDA27D9060B}
		{1BCE78E7-DD4D-48BC-85C3-D77FCE995528} = {DDCD3CC7-A673-4595-89F5-CFDA27D9060B}
		{63B4326C-31F4-4C42-9110-A1D51DC4DDE6} = {DDCD3CC7-A673-4595-89F5-CFDA27D9060B}
		{A0803DC4-88C9-4F0B-B567-2EA5504E5F47} = {DDCD3CC7-A673-4595-89F5-CFDA27D9060B}
		{8BBEB645-DD44-4E47-A204-95341F4D87C2} = {DDCD3CC7-A673-4595-89F5-CFDA27D9060B}
		{6DEFD456-445C-475A-AF97-09D2EF5AAA04} = {DDCD3CC7-A673-4595-89F5-CFDA27D9060B}
		{65C7C665-2088-4291-AB27-AADBED47E370} = {DDCD3CC7-A673-4595-89F5-CFDA27D9060B}
		{40A3D230-59AC-448F-B365-472807705310} = {DDCD3CC7-A673-4595-89F5-CFDA27D9060B}
		{AC8C6FE6-4F0B-4B2B-A8F2-1DFE658B01DD} = {DDCD3CC7-A673-4595-89F5-CFDA27D9060B}
		{E151A8A8-19FA-44A2-9CD3-4DFA3627B7AC} = {DDCD3CC7-A673-4595-89F5-CFDA27D9060B}
		{3B505AE1-FD1C-429A-A534-81AE42F7CCC5} = {DDCD3CC7-A673-4595-89F5-CFDA27D9060B}
		{4BF970D0-3B03-4949-A105-E23593AF6C34} = {DDCD3CC7-A673-4595-89F5-CFDA27D9060B}
	EndGlobalSection
	GlobalSection(TeamFoundationVersionControl) = preSolution
		SccNumberOfProjects = 24
		SccEnterpriseProvider = {4CA58AB2-18FA-4F8D-95D4-32DDF27D184C}
		SccTeamFoundationServer = http://216.17.41.138:8080/tfs/km_tfs_collection
		SccLocalPath0 = .
		SccProjectUniqueName1 = KMPS_JF_Objects\\KMPS_JF_Objects.csproj
		SccProjectTopLevelParentUniqueName1 = KMPS_JF.sln
		SccProjectName1 = KMPS_JF_Objects
		SccLocalPath1 = KMPS_JF_Objects
		SccProjectUniqueName2 = KMPS_JF_Admin\\KMPS_JF_Setup.csproj
		SccProjectTopLevelParentUniqueName2 = KMPS_JF.sln
		SccProjectName2 = KMPS_JF_Admin
		SccLocalPath2 = KMPS_JF_Admin
		SccProjectUniqueName3 = wattpaidpub\\wattpaidpub.csproj
		SccProjectTopLevelParentUniqueName3 = KMPS_JF.sln
		SccProjectName3 = wattpaidpub
		SccLocalPath3 = wattpaidpub
		SccProjectUniqueName4 = FrancePaidPub\\FrancePaidPub.csproj
		SccProjectTopLevelParentUniqueName4 = KMPS_JF.sln
		SccProjectName4 = FrancePaidPub
		SccLocalPath4 = FrancePaidPub
		SccProjectUniqueName5 = MeisterPaidPub\\MeisterPaidPub.csproj
		SccProjectTopLevelParentUniqueName5 = KMPS_JF.sln
		SccProjectName5 = MeisterPaidPub
		SccLocalPath5 = MeisterPaidPub
		SccProjectUniqueName6 = WatWebService\\WattWebService.csproj
		SccProjectTopLevelParentUniqueName6 = KMPS_JF.sln
		SccProjectName6 = WatWebService
		SccLocalPath6 = WatWebService
		SccProjectUniqueName7 = WattWebService_TEST\\WattWebService_TEST.csproj
		SccProjectTopLevelParentUniqueName7 = KMPS_JF.sln
		SccProjectName7 = WattWebService_TEST
		SccLocalPath7 = WattWebService_TEST
		SccProjectUniqueName8 = CKEditor.NET\\CKEditor.NET.csproj
		SccProjectTopLevelParentUniqueName8 = KMPS_JF.sln
		SccProjectName8 = CKEditor.NET
		SccLocalPath8 = CKEditor.NET
		SccProjectUniqueName9 = NXTBookAPI\\NXTBookAPI.csproj
		SccProjectTopLevelParentUniqueName9 = KMPS_JF.sln
		SccProjectName9 = NXTBookAPI
		SccLocalPath9 = NXTBookAPI
		SccProjectUniqueName10 = PaidForms\\PaidForms.csproj
		SccProjectTopLevelParentUniqueName10 = KMPS_JF.sln
		SccProjectName10 = PaidForms
		SccLocalPath10 = PaidForms
		SccProjectUniqueName11 = KMPS_JF\\KMPS_JF.csproj
		SccProjectTopLevelParentUniqueName11 = KMPS_JF.sln
		SccProjectName11 = KMPS_JF
		SccLocalPath11 = KMPS_JF
		SccProjectUniqueName12 = ..\\ECN\\ECN_Framework_Entities\\ECN_Framework_Entities.csproj
		SccProjectTopLevelParentUniqueName12 = KMPS_JF.sln
		SccProjectName12 = ../ECN/ECN_Framework_Entities
		SccLocalPath12 = ..\\ECN\\ECN_Framework_Entities
		SccProjectUniqueName13 = ..\\ECN\\ECN_Framework_DataLayer\\ECN_Framework_DataLayer.csproj
		SccProjectTopLevelParentUniqueName13 = KMPS_JF.sln
		SccProjectName13 = ../ECN/ECN_Framework_DataLayer
		SccLocalPath13 = ..\\ECN\\ECN_Framework_DataLayer
		SccProjectUniqueName14 = ..\\ECN\\ECN_Framework_Common\\ECN_Framework_Common.csproj
		SccProjectTopLevelParentUniqueName14 = KMPS_JF.sln
		SccProjectName14 = ../ECN/ECN_Framework_Common
		SccLocalPath14 = ..\\ECN\\ECN_Framework_Common
		SccProjectUniqueName15 = ..\\ECN\\ECN_Framework_BusinessLayer\\ECN_Framework_BusinessLayer.csproj
		SccProjectTopLevelParentUniqueName15 = KMPS_JF.sln
		SccProjectName15 = ../ECN/ECN_Framework_BusinessLayer
		SccLocalPath15 = ..\\ECN\\ECN_Framework_BusinessLayer
		SccProjectUniqueName16 = ..\\ECN\\ECN\\ECN.csproj
		SccProjectTopLevelParentUniqueName16 = KMPS_JF.sln
		SccProjectName16 = ../ECN/ECN
		SccLocalPath16 = ..\\ECN\\ECN
		SccProjectUniqueName17 = ..\\ECN\\FrameworkUAS\\KMPlatform.csproj
		SccProjectTopLevelParentUniqueName17 = KMPS_JF.sln
		SccProjectName17 = ../ECN/FrameworkUAS
		SccLocalPath17 = ..\\ECN\\FrameworkUAS
		SccProjectUniqueName18 = ..\\KMCommon\\KM.Common.csproj
		SccProjectTopLevelParentUniqueName18 = KMPS_JF.sln
		SccProjectName18 = ../KMCommon
		SccLocalPath18 = ..\\KMCommon
		SccProjectUniqueName19 = ..\\ECN\\KM.PlatformUser\\KM.Platform.User.csproj
		SccProjectTopLevelParentUniqueName19 = KMPS_JF.sln
		SccProjectName19 = ../ECN/KM.PlatformUser
		SccLocalPath19 = ..\\ECN\\KM.PlatformUser
		SccProjectUniqueName20 = ..\\ECN\\CssConvert_2_0\\CssConvert_2_0.csproj
		SccProjectTopLevelParentUniqueName20 = KMPS_JF.sln
		SccProjectName20 = ../ECN/CssConvert_2_0
		SccLocalPath20 = ..\\ECN\\CssConvert_2_0
		SccProjectUniqueName21 = ..\\UAS\\Core\\Utilities\\Core_AMS.Utilities.csproj
		SccProjectTopLevelParentUniqueName21 = KMPS_JF.sln
		SccProjectName21 = ../UAS/Core/Utilities
		SccLocalPath21 = ..\\UAS\\Core\\Utilities
		SccProjectUniqueName22 = ..\\ECN\\ECN_Framework\\ECN_Framework.csproj
		SccProjectTopLevelParentUniqueName22 = KMPS_JF.sln
		SccProjectName22 = ../ECN/ECN_Framework
		SccLocalPath22 = ..\\ECN\\ECN_Framework
		SccProjectUniqueName23 = ..\\ECN\\ecn.EmailPreview\\ecn.EmailPreview.csproj
		SccProjectTopLevelParentUniqueName23 = KMPS_JF.sln
		SccProjectName23 = ../ECN/ecn.EmailPreview
		SccLocalPath23 = ..\\ECN\\ecn.EmailPreview
	EndGlobalSection
EndGlobal
