
Microsoft Visual Studio Solution File, Format Version 12.00
# Visual Studio 2013
VisualStudioVersion = 12.0.30723.0
MinimumVisualStudioVersion = 10.0.40219.1
Project("{FAE04EC0-301F-11D3-BF4B-00C04F79EFBC}") = "ADMS", "..\Services\AutomatedDataMigrationService\ADMS.csproj", "{128B0A2C-1E47-4206-84BC-4C15FC4B4129}"
EndProject
Project("{FAE04EC0-301F-11D3-BF4B-00C04F79EFBC}") = "ADMS_Engine", "ADMS_Engine\ADMS_Engine.csproj", "{8F15A0F9-52AC-41AA-BB3E-EFCC17E854A9}"
EndProject
Project("{FAE04EC0-301F-11D3-BF4B-00C04F79EFBC}") = "Core.ADMS", "..\Core\ADMS\Core.ADMS.csproj", "{F1438266-1B41-48C2-AED3-AC0F56079DF0}"
EndProject
Project("{FAE04EC0-301F-11D3-BF4B-00C04F79EFBC}") = "Core.Utilities", "..\Core\Utilities\Core.Utilities.csproj", "{AAC306A3-A54B-4E6D-B5E7-0170ACDFFE26}"
EndProject
Project("{FAE04EC0-301F-11D3-BF4B-00C04F79EFBC}") = "FrameworkUAD", "..\Framework\FrameworkUAD\FrameworkUAD.csproj", "{CBA5B2C6-3CE4-4782-BAE0-570528690B4B}"
EndProject
Project("{FAE04EC0-301F-11D3-BF4B-00C04F79EFBC}") = "FrameworkUAS", "..\Framework\FrameworkUAS\FrameworkUAS.csproj", "{824833B3-D839-4878-AB71-B4DFDF802085}"
EndProject
Project("{FAE04EC0-301F-11D3-BF4B-00C04F79EFBC}") = "ServiceQueMonitor", "ServiceQueMonitor\ServiceQueMonitor.csproj", "{F5F6BAB1-9397-4438-B997-5223307F0DE1}"
EndProject
Project("{FAE04EC0-301F-11D3-BF4B-00C04F79EFBC}") = "AMS_Operations", "ADMS_Operations\AMS_Operations.csproj", "{57921470-9B34-45C8-B7A4-29C55188212A}"
EndProject
Global
	GlobalSection(TeamFoundationVersionControl) = preSolution
		SccNumberOfProjects = 9
		SccEnterpriseProvider = {4CA58AB2-18FA-4F8D-95D4-32DDF27D184C}
		SccTeamFoundationServer = http://216.17.41.196:8080/tfs/km_tfs_collection
		SccLocalPath0 = .
		SccProjectUniqueName1 = ..\\Services\\AutomatedDataMigrationService\\ADMS.csproj
		SccProjectName1 = ../Services/AutomatedDataMigrationService
		SccLocalPath1 = ..\\Services\\AutomatedDataMigrationService
		SccProjectUniqueName2 = ADMS_Engine\\ADMS_Engine.csproj
		SccProjectName2 = ADMS_Engine
		SccLocalPath2 = ADMS_Engine
		SccProjectUniqueName3 = ..\\Core\\ADMS\\Core.ADMS.csproj
		SccProjectName3 = ../Core/ADMS
		SccLocalPath3 = ..\\Core\\ADMS
		SccProjectUniqueName4 = ..\\Core\\Utilities\\Core.Utilities.csproj
		SccProjectName4 = ../Core/Utilities
		SccLocalPath4 = ..\\Core\\Utilities
		SccProjectUniqueName5 = ..\\Framework\\FrameworkUAD\\FrameworkUAD.csproj
		SccProjectName5 = ../Framework/FrameworkUAD
		SccLocalPath5 = ..\\Framework\\FrameworkUAD
		SccProjectUniqueName6 = ..\\Framework\\FrameworkUAS\\FrameworkUAS.csproj
		SccProjectName6 = ../Framework/FrameworkUAS
		SccLocalPath6 = ..\\Framework\\FrameworkUAS
		SccProjectUniqueName7 = ServiceQueMonitor\\ServiceQueMonitor.csproj
		SccProjectName7 = ServiceQueMonitor
		SccLocalPath7 = ServiceQueMonitor
		SccProjectUniqueName8 = ADMS_Operations\\AMS_Operations.csproj
		SccProjectName8 = ADMS_Operations
		SccLocalPath8 = ADMS_Operations
	EndGlobalSection
	GlobalSection(SolutionConfigurationPlatforms) = preSolution
		Debug|Any CPU = Debug|Any CPU
		Development|Any CPU = Development|Any CPU
		Release|Any CPU = Release|Any CPU
	EndGlobalSection
	GlobalSection(ProjectConfigurationPlatforms) = postSolution
		{128B0A2C-1E47-4206-84BC-4C15FC4B4129}.Debug|Any CPU.ActiveCfg = Debug|Any CPU
		{128B0A2C-1E47-4206-84BC-4C15FC4B4129}.Debug|Any CPU.Build.0 = Debug|Any CPU
		{128B0A2C-1E47-4206-84BC-4C15FC4B4129}.Development|Any CPU.ActiveCfg = Debug|Any CPU
		{128B0A2C-1E47-4206-84BC-4C15FC4B4129}.Development|Any CPU.Build.0 = Debug|Any CPU
		{128B0A2C-1E47-4206-84BC-4C15FC4B4129}.Release|Any CPU.ActiveCfg = Release|Any CPU
		{128B0A2C-1E47-4206-84BC-4C15FC4B4129}.Release|Any CPU.Build.0 = Release|Any CPU
		{8F15A0F9-52AC-41AA-BB3E-EFCC17E854A9}.Debug|Any CPU.ActiveCfg = Debug|Any CPU
		{8F15A0F9-52AC-41AA-BB3E-EFCC17E854A9}.Debug|Any CPU.Build.0 = Debug|Any CPU
		{8F15A0F9-52AC-41AA-BB3E-EFCC17E854A9}.Development|Any CPU.ActiveCfg = Debug|Any CPU
		{8F15A0F9-52AC-41AA-BB3E-EFCC17E854A9}.Development|Any CPU.Build.0 = Debug|Any CPU
		{8F15A0F9-52AC-41AA-BB3E-EFCC17E854A9}.Release|Any CPU.ActiveCfg = Release|Any CPU
		{8F15A0F9-52AC-41AA-BB3E-EFCC17E854A9}.Release|Any CPU.Build.0 = Release|Any CPU
		{F1438266-1B41-48C2-AED3-AC0F56079DF0}.Debug|Any CPU.ActiveCfg = Debug|Any CPU
		{F1438266-1B41-48C2-AED3-AC0F56079DF0}.Debug|Any CPU.Build.0 = Debug|Any CPU
		{F1438266-1B41-48C2-AED3-AC0F56079DF0}.Development|Any CPU.ActiveCfg = Debug|Any CPU
		{F1438266-1B41-48C2-AED3-AC0F56079DF0}.Development|Any CPU.Build.0 = Debug|Any CPU
		{F1438266-1B41-48C2-AED3-AC0F56079DF0}.Release|Any CPU.ActiveCfg = Release|Any CPU
		{F1438266-1B41-48C2-AED3-AC0F56079DF0}.Release|Any CPU.Build.0 = Release|Any CPU
		{AAC306A3-A54B-4E6D-B5E7-0170ACDFFE26}.Debug|Any CPU.ActiveCfg = Debug|Any CPU
		{AAC306A3-A54B-4E6D-B5E7-0170ACDFFE26}.Debug|Any CPU.Build.0 = Debug|Any CPU
		{AAC306A3-A54B-4E6D-B5E7-0170ACDFFE26}.Development|Any CPU.ActiveCfg = Debug|Any CPU
		{AAC306A3-A54B-4E6D-B5E7-0170ACDFFE26}.Development|Any CPU.Build.0 = Debug|Any CPU
		{AAC306A3-A54B-4E6D-B5E7-0170ACDFFE26}.Release|Any CPU.ActiveCfg = Release|Any CPU
		{AAC306A3-A54B-4E6D-B5E7-0170ACDFFE26}.Release|Any CPU.Build.0 = Release|Any CPU
		{CBA5B2C6-3CE4-4782-BAE0-570528690B4B}.Debug|Any CPU.ActiveCfg = Debug|Any CPU
		{CBA5B2C6-3CE4-4782-BAE0-570528690B4B}.Debug|Any CPU.Build.0 = Debug|Any CPU
		{CBA5B2C6-3CE4-4782-BAE0-570528690B4B}.Development|Any CPU.ActiveCfg = Debug|Any CPU
		{CBA5B2C6-3CE4-4782-BAE0-570528690B4B}.Development|Any CPU.Build.0 = Debug|Any CPU
		{CBA5B2C6-3CE4-4782-BAE0-570528690B4B}.Release|Any CPU.ActiveCfg = Release|Any CPU
		{CBA5B2C6-3CE4-4782-BAE0-570528690B4B}.Release|Any CPU.Build.0 = Release|Any CPU
		{824833B3-D839-4878-AB71-B4DFDF802085}.Debug|Any CPU.ActiveCfg = Debug|Any CPU
		{824833B3-D839-4878-AB71-B4DFDF802085}.Debug|Any CPU.Build.0 = Debug|Any CPU
		{824833B3-D839-4878-AB71-B4DFDF802085}.Development|Any CPU.ActiveCfg = Debug|Any CPU
		{824833B3-D839-4878-AB71-B4DFDF802085}.Development|Any CPU.Build.0 = Debug|Any CPU
		{824833B3-D839-4878-AB71-B4DFDF802085}.Release|Any CPU.ActiveCfg = Release|Any CPU
		{824833B3-D839-4878-AB71-B4DFDF802085}.Release|Any CPU.Build.0 = Release|Any CPU
		{F5F6BAB1-9397-4438-B997-5223307F0DE1}.Debug|Any CPU.ActiveCfg = Debug|Any CPU
		{F5F6BAB1-9397-4438-B997-5223307F0DE1}.Debug|Any CPU.Build.0 = Debug|Any CPU
		{F5F6BAB1-9397-4438-B997-5223307F0DE1}.Development|Any CPU.ActiveCfg = Debug|Any CPU
		{F5F6BAB1-9397-4438-B997-5223307F0DE1}.Development|Any CPU.Build.0 = Debug|Any CPU
		{F5F6BAB1-9397-4438-B997-5223307F0DE1}.Release|Any CPU.ActiveCfg = Release|Any CPU
		{F5F6BAB1-9397-4438-B997-5223307F0DE1}.Release|Any CPU.Build.0 = Release|Any CPU
		{57921470-9B34-45C8-B7A4-29C55188212A}.Debug|Any CPU.ActiveCfg = Debug|Any CPU
		{57921470-9B34-45C8-B7A4-29C55188212A}.Debug|Any CPU.Build.0 = Debug|Any CPU
		{57921470-9B34-45C8-B7A4-29C55188212A}.Development|Any CPU.ActiveCfg = Debug|Any CPU
		{57921470-9B34-45C8-B7A4-29C55188212A}.Development|Any CPU.Build.0 = Debug|Any CPU
		{57921470-9B34-45C8-B7A4-29C55188212A}.Release|Any CPU.ActiveCfg = Release|Any CPU
		{57921470-9B34-45C8-B7A4-29C55188212A}.Release|Any CPU.Build.0 = Release|Any CPU
	EndGlobalSection
	GlobalSection(SolutionProperties) = preSolution
		HideSolutionNode = FALSE
	EndGlobalSection
EndGlobal
