
Microsoft Visual Studio Solution File, Format Version 12.00
# Visual Studio 2013
VisualStudioVersion = 12.0.30723.0
MinimumVisualStudioVersion = 10.0.40219.1
Project("{2150E333-8FDC-42A3-9474-1A3956D46DE8}") = "QATesting", "QATesting", "{2DC11180-F431-4A0E-8B4B-ED49442FDCA3}"
EndProject
Project("{FAE04EC0-301F-11D3-BF4B-00C04F79EFBC}") = "FormDesigner.QATesting", "QATesting\FormDesigner.QATesting.csproj", "{F996C754-286E-4517-AF57-70D1777A8007}"
EndProject
Project("{2150E333-8FDC-42A3-9474-1A3956D46DE8}") = ".nuget", ".nuget", "{672FEEEF-8919-46B6-B269-6B83A8070502}"
	ProjectSection(SolutionItems) = preProject
		.nuget\NuGet.Config = .nuget\NuGet.Config
		.nuget\NuGet.exe = .nuget\NuGet.exe
		.nuget\NuGet.targets = .nuget\NuGet.targets
	EndProjectSection
EndProject
Global
	GlobalSection(TeamFoundationVersionControl) = preSolution
		SccNumberOfProjects = 2
		SccEnterpriseProvider = {4CA58AB2-18FA-4F8D-95D4-32DDF27D184C}
		SccTeamFoundationServer = http://sapdevsql:8080/tfs/km_tfs_collection
		SccLocalPath0 = .
		SccProjectUniqueName1 = QATesting\\FormDesigner.QATesting.csproj
		SccProjectTopLevelParentUniqueName1 = FormDesigner.sln
		SccProjectName1 = QATesting
		SccLocalPath1 = QATesting
	EndGlobalSection
	GlobalSection(SolutionConfigurationPlatforms) = preSolution
		Debug|Any CPU = Debug|Any CPU
		Release|Any CPU = Release|Any CPU
	EndGlobalSection
	GlobalSection(ProjectConfigurationPlatforms) = postSolution
		{F996C754-286E-4517-AF57-70D1777A8007}.Debug|Any CPU.ActiveCfg = Debug|Any CPU
		{F996C754-286E-4517-AF57-70D1777A8007}.Debug|Any CPU.Build.0 = Debug|Any CPU
		{F996C754-286E-4517-AF57-70D1777A8007}.Release|Any CPU.ActiveCfg = Release|Any CPU
		{F996C754-286E-4517-AF57-70D1777A8007}.Release|Any CPU.Build.0 = Release|Any CPU
	EndGlobalSection
	GlobalSection(SolutionProperties) = preSolution
		HideSolutionNode = FALSE
	EndGlobalSection
	GlobalSection(NestedProjects) = preSolution
		{F996C754-286E-4517-AF57-70D1777A8007} = {2DC11180-F431-4A0E-8B4B-ED49442FDCA3}
	EndGlobalSection
EndGlobal
