
Microsoft Visual Studio Solution File, Format Version 12.00
# Visual Studio 15
VisualStudioVersion = 15.0.27004.2008
MinimumVisualStudioVersion = 10.0.40219.1
Project("{2150E333-8FDC-42A3-9474-1A3956D46DE8}") = "Framework", "Framework", "{7A0B5E59-2A46-4E9A-B090-16F29D155B86}"
EndProject
Project("{2150E333-8FDC-42A3-9474-1A3956D46DE8}") = "Applications", "Applications", "{2774503A-0608-43A9-854A-0B79DDCD413E}"
EndProject
Project("{2150E333-8FDC-42A3-9474-1A3956D46DE8}") = "Services", "Services", "{CB8E34F1-BFCE-41ED-A5B7-11DCC3BF1367}"
EndProject
Project("{2150E333-8FDC-42A3-9474-1A3956D46DE8}") = "Core", "Core", "{B5C72B95-DF5D-4703-BBD9-17F5DBF9CEA5}"
EndProject
Project("{2150E333-8FDC-42A3-9474-1A3956D46DE8}") = "Databases", "Databases", "{EBCAA72B-F5D6-4E21-87C3-6586583A8017}"
EndProject
Project("{2150E333-8FDC-42A3-9474-1A3956D46DE8}") = "WebServices", "WebServices", "{1BDE587B-87F1-4E8C-8377-E305D123177A}"
EndProject
Project("{2150E333-8FDC-42A3-9474-1A3956D46DE8}") = "Engines", "Engines", "{DD2E3FC8-7936-41F3-910E-ABA8E9EB328A}"
EndProject
Project("{FAE04EC0-301F-11D3-BF4B-00C04F79EFBC}") = "Circulation", "Applications\Circulation\Circulation.csproj", "{4CCEFEF7-414D-4A36-93ED-8B926362B057}"
EndProject
Project("{FAE04EC0-301F-11D3-BF4B-00C04F79EFBC}") = "DQM", "Applications\DQM\DQM.csproj", "{DC97D9DF-62C7-4512-8271-784200428BB4}"
EndProject
Project("{FAE04EC0-301F-11D3-BF4B-00C04F79EFBC}") = "AMS_Desktop", "Applications\AMS_Desktop\AMS_Desktop.csproj", "{49E7AE2C-C22C-4FC2-ADBF-4A74FF25A5C4}"
	ProjectSection(ProjectDependencies) = postProject
		{D32EA94B-FD11-4C0B-8408-6DC24E142109} = {D32EA94B-FD11-4C0B-8408-6DC24E142109}
	EndProjectSection
EndProject
Project("{FAE04EC0-301F-11D3-BF4B-00C04F79EFBC}") = "ControlCenter", "Applications\ControlCenter\ControlCenter.csproj", "{1BCCCBF6-03B4-49B8-A52C-BCBF38456CD4}"
EndProject
Project("{FAE04EC0-301F-11D3-BF4B-00C04F79EFBC}") = "WpfControls", "Libraries\WpfControls\WpfControls.csproj", "{7B99E614-92E1-40F3-A6F2-B1B12F449567}"
EndProject
Project("{FAE04EC0-301F-11D3-BF4B-00C04F79EFBC}") = "ADMS", "Services\AutomatedDataMigrationService\ADMS.csproj", "{128B0A2C-1E47-4206-84BC-4C15FC4B4129}"
EndProject
Project("{FAE04EC0-301F-11D3-BF4B-00C04F79EFBC}") = "Core_AMS.Utilities", "Core\Utilities\Core_AMS.Utilities.csproj", "{E151A8A8-19FA-44A2-9CD3-4DFA3627B7AC}"
EndProject
Project("{FAE04EC0-301F-11D3-BF4B-00C04F79EFBC}") = "Core.ADMS", "Core\ADMS\Core.ADMS.csproj", "{F1438266-1B41-48C2-AED3-AC0F56079DF0}"
EndProject
Project("{FAE04EC0-301F-11D3-BF4B-00C04F79EFBC}") = "FrameworkUAS", "Framework\FrameworkUAS\FrameworkUAS.csproj", "{824833B3-D839-4878-AB71-B4DFDF802085}"
EndProject
Project("{00D1A9C2-B5F0-4AF3-8072-F6C62B433612}") = "UAS_DB", "Databases\UAS\UAS_DB\UAS_DB.sqlproj", "{A42B5E90-77A0-407C-A919-D8A4916DE154}"
EndProject
Project("{00D1A9C2-B5F0-4AF3-8072-F6C62B433612}") = "UnifiedAudience_DB", "Databases\UnifiedAudience\UnifiedAudience_DB\UnifiedAudience_DB.sqlproj", "{6E85A14D-B290-4363-B97E-C1F7E0400AD0}"
EndProject
Project("{FAE04EC0-301F-11D3-BF4B-00C04F79EFBC}") = "UAS_WS", "WebServices\UAS_WS\UAS_WS.csproj", "{63E0167C-0F7F-4486-8175-8EEC61E50E64}"
EndProject
Project("{FAE04EC0-301F-11D3-BF4B-00C04F79EFBC}") = "UAD_WS", "WebServices\UAD_WS\UAD_WS.csproj", "{DC9B6839-C4A2-4E72-9EA9-72A888E43938}"
EndProject
Project("{FAE04EC0-301F-11D3-BF4B-00C04F79EFBC}") = "FrameworkUAD", "Framework\FrameworkUAD\FrameworkUAD.csproj", "{CBA5B2C6-3CE4-4782-BAE0-570528690B4B}"
EndProject
Project("{FAE04EC0-301F-11D3-BF4B-00C04F79EFBC}") = "ADMS_Engine", "Engines\ADMS_Engine\ADMS_Engine.csproj", "{8F15A0F9-52AC-41AA-BB3E-EFCC17E854A9}"
EndProject
Project("{FAE04EC0-301F-11D3-BF4B-00C04F79EFBC}") = "ServiceQueMonitor", "Engines\ServiceQueMonitor\ServiceQueMonitor.csproj", "{F5F6BAB1-9397-4438-B997-5223307F0DE1}"
EndProject
Project("{FAE04EC0-301F-11D3-BF4B-00C04F79EFBC}") = "AudienceServicesHost", "WebServices\AudienceServicesHost\AudienceServicesHost.csproj", "{D32EA94B-FD11-4C0B-8408-6DC24E142109}"
EndProject
Project("{FAE04EC0-301F-11D3-BF4B-00C04F79EFBC}") = "SampleFileImport", "Applications\SampleFileImport\SampleFileImport.csproj", "{38FD3182-2F7D-4EA3-9205-647EA64C9115}"
EndProject
Project("{FAE04EC0-301F-11D3-BF4B-00C04F79EFBC}") = "AMS_Geocoding", "Engines\AMS_Geocoding\AMS_Geocoding.csproj", "{C41359AF-5193-40F9-B405-F54C6B425103}"
EndProject
Project("{FAE04EC0-301F-11D3-BF4B-00C04F79EFBC}") = "FileMapperWizard", "Applications\FileMapperWizard\FileMapperWizard.csproj", "{167371DD-3017-462B-9E8E-17DBCF6D189B}"
EndProject
Project("{FAE04EC0-301F-11D3-BF4B-00C04F79EFBC}") = "FrameworkServices", "Framework\FrameworkServices\FrameworkServices.csproj", "{609C1392-849D-4095-AB9B-FE4FDDA7E57A}"
EndProject
Project("{2150E333-8FDC-42A3-9474-1A3956D46DE8}") = "Publish", "Publish", "{311BFA8D-F72C-472A-8587-11DB640A55BE}"
	ProjectSection(SolutionItems) = preProject
		Applications\Publish\publish.htm = Applications\Publish\publish.htm
	EndProjectSection
EndProject
Project("{2150E333-8FDC-42A3-9474-1A3956D46DE8}") = "Images", "Images", "{B76462BC-E7ED-4846-B9E5-5CC214D1B4C6}"
	ProjectSection(SolutionItems) = preProject
		Applications\Publish\Images\ClickOnce100.png = Applications\Publish\Images\ClickOnce100.png
		Applications\Publish\Images\CustomerSupport100.png = Applications\Publish\Images\CustomerSupport100.png
		Applications\Publish\Images\Install166.jpg = Applications\Publish\Images\Install166.jpg
		Applications\Publish\Images\Name.jpg = Applications\Publish\Images\Name.jpg
		Applications\Publish\Images\Prereguisites.jpg = Applications\Publish\Images\Prereguisites.jpg
		Applications\Publish\Images\Publisher.jpg = Applications\Publish\Images\Publisher.jpg
		Applications\Publish\Images\Version.jpg = Applications\Publish\Images\Version.jpg
	EndProjectSection
EndProject
Project("{FAE04EC0-301F-11D3-BF4B-00C04F79EFBC}") = "ClientServices", "WebServices\ClientServices\ClientServices.csproj", "{C34A543C-9C28-44AE-90B4-D56883DBBC7D}"
EndProject
Project("{FAE04EC0-301F-11D3-BF4B-00C04F79EFBC}") = "DataImportExport", "Applications\DataImportExport\DataImportExport.csproj", "{5A16FF3B-6674-4F9D-A8A4-07D30F355950}"
EndProject
Project("{FAE04EC0-301F-11D3-BF4B-00C04F79EFBC}") = "ReportLibrary", "Libraries\ReportLibrary\ReportLibrary.csproj", "{3ACB653D-5938-41F7-84DC-50FD0C743A09}"
EndProject
Project("{FAE04EC0-301F-11D3-BF4B-00C04F79EFBC}") = "DataCompare", "Applications\DataCompare\DataCompare.csproj", "{CF80E43F-C5DD-4A50-BC30-6652A0636038}"
EndProject
Project("{FAE04EC0-301F-11D3-BF4B-00C04F79EFBC}") = "AMS_Operations", "Engines\AMS_Operations\AMS_Operations.csproj", "{B6CBE6BB-240C-4294-B985-0F04D84AA8D4}"
EndProject
Project("{00D1A9C2-B5F0-4AF3-8072-F6C62B433612}") = "UAD_Lookup_DB", "Databases\UAD_Lookup\UAD_Lookup\UAD_Lookup_DB.sqlproj", "{0E5CE7AB-DF6A-46D0-979F-70245AD7EE7F}"
EndProject
Project("{FAE04EC0-301F-11D3-BF4B-00C04F79EFBC}") = "UAD_Lookup_WS", "WebServices\UAD_Lookup_WS\UAD_Lookup_WS.csproj", "{ECA86827-0960-47CF-ABF7-A4B6CAD4CD74}"
EndProject
Project("{FAE04EC0-301F-11D3-BF4B-00C04F79EFBC}") = "FrameworkUAD_Lookup", "Framework\FrameworkUAD_Lookup\FrameworkUAD_Lookup\FrameworkUAD_Lookup.csproj", "{8AD0B7B7-73A4-437A-B533-1F9D5A90F2BE}"
EndProject
Project("{FAE04EC0-301F-11D3-BF4B-00C04F79EFBC}") = "FrameworkSubGen", "Framework\FrameworkSubGen\FrameworkSubGen.csproj", "{8C1C4D44-E3C1-46CF-90A5-4E83942F330F}"
EndProject
Project("{FAE04EC0-301F-11D3-BF4B-00C04F79EFBC}") = "SubGen_WS", "WebServices\SubGen_WS\SubGen_WS.csproj", "{ACA875DF-887D-4101-BBAD-5944656B7F1A}"
EndProject
Project("{FAE04EC0-301F-11D3-BF4B-00C04F79EFBC}") = "FilterControls", "Libraries\FilterLibrary\FilterControls.csproj", "{E08C2B7A-EB11-4852-A98B-E422D6D117C6}"
EndProject
Project("{FAE04EC0-301F-11D3-BF4B-00C04F79EFBC}") = "DBFtoUAD_Circ_Migration", "Applications\DBFTool\DBFtoUAD_Circ_Migration.csproj", "{20F9E518-2D5A-40BE-8173-753BCBF070E8}"
EndProject
Project("{FAE04EC0-301F-11D3-BF4B-00C04F79EFBC}") = "AMSServicesDocumentation", "WebServices\AMSServicesDocumentation\AMSServicesDocumentation.csproj", "{778E7595-5DD9-498D-8BF3-C8D9DDA72DD3}"
EndProject
Project("{FAE04EC0-301F-11D3-BF4B-00C04F79EFBC}") = "KM.Platform.User", "..\ECN\KM.PlatformUser\KM.Platform.User.csproj", "{40A3D230-59AC-448F-B365-472807705310}"
EndProject
Project("{FAE04EC0-301F-11D3-BF4B-00C04F79EFBC}") = "KMPlatform", "..\ECN\FrameworkUAS\KMPlatform.csproj", "{6DEFD456-445C-475A-AF97-09D2EF5AAA04}"
EndProject
Project("{FAE04EC0-301F-11D3-BF4B-00C04F79EFBC}") = "ECN_Framework_Common", "..\ECN\ECN_Framework_Common\ECN_Framework_Common.csproj", "{63B4326C-31F4-4C42-9110-A1D51DC4DDE6}"
EndProject
Project("{FAE04EC0-301F-11D3-BF4B-00C04F79EFBC}") = "ECN_Framework_Entities", "..\ECN\ECN_Framework_Entities\ECN_Framework_Entities.csproj", "{F17A88C4-2FA5-4312-9AA7-D674A24221A8}"
EndProject
Project("{00D1A9C2-B5F0-4AF3-8072-F6C62B433612}") = "KMPlatform_DB", "..\ECN\ECN_Database\KMPlatform\KMPlatform_DB.sqlproj", "{276D7C85-8A9C-4685-8B6C-92911E5E598A}"
EndProject
Project("{2150E333-8FDC-42A3-9474-1A3956D46DE8}") = "Libraries", "Libraries", "{3D1052E5-CD0F-4F65-866A-62A892A08960}"
EndProject
Project("{FAE04EC0-301F-11D3-BF4B-00C04F79EFBC}") = "ImageLibrary", "Libraries\ImageLibrary\ImageLibrary.csproj", "{1A764A0C-7DE0-41C3-9DDA-A4AA1145EB60}"
EndProject
Project("{FAE04EC0-301F-11D3-BF4B-00C04F79EFBC}") = "MapLibrary", "Libraries\MapLibrary\MapLibrary.csproj", "{6F2A8065-1F79-4644-BB02-2BAB8BB4329D}"
EndProject
Project("{FAE04EC0-301F-11D3-BF4B-00C04F79EFBC}") = "UAS.Web", "Web\UAS.Web\UAS.Web.csproj", "{9B93F15D-BFA2-4432-9819-F5B4B501515E}"
EndProject
Project("{FAE04EC0-301F-11D3-BF4B-00C04F79EFBC}") = "EmailMarketing.Site", "..\ECN\EmailMarketing.Site\EmailMarketing.Site.csproj", "{69F494AE-7A74-44E3-8039-DE2B5BEE773B}"
EndProject
Project("{FAE04EC0-301F-11D3-BF4B-00C04F79EFBC}") = "ECN_Framework_BusinessLayer", "..\ECN\ECN_Framework_BusinessLayer\ECN_Framework_BusinessLayer.csproj", "{A0803DC4-88C9-4F0B-B567-2EA5504E5F47}"
EndProject
Project("{FAE04EC0-301F-11D3-BF4B-00C04F79EFBC}") = "ECN_Framework_DataLayer", "..\ECN\ECN_Framework_DataLayer\ECN_Framework_DataLayer.csproj", "{1BCE78E7-DD4D-48BC-85C3-D77FCE995528}"
EndProject
Project("{FAE04EC0-301F-11D3-BF4B-00C04F79EFBC}") = "KMEntities", "..\ECN\ecn.FormDesigner\Projects\KMEntities\KMEntities.csproj", "{7263EAE9-9653-42C2-9C0F-7B28B7EA9FE8}"
EndProject
Project("{FAE04EC0-301F-11D3-BF4B-00C04F79EFBC}") = "KMEnums", "..\ECN\ecn.FormDesigner\Projects\KMEnums\KMEnums.csproj", "{FD4C7D87-F2E9-4ED1-8AD2-697272087751}"
EndProject
Project("{FAE04EC0-301F-11D3-BF4B-00C04F79EFBC}") = "KMModels", "..\ECN\ecn.FormDesigner\Projects\KMModels\KMModels.csproj", "{35BFA735-52D0-4D62-9DB4-FFB654ABA470}"
EndProject
Project("{FAE04EC0-301F-11D3-BF4B-00C04F79EFBC}") = "KMSite", "..\ECN\ecn.FormDesigner\Projects\KMSite\KMSite.csproj", "{347570D6-A43F-4E0A-AC0D-E1D48D2308C6}"
EndProject
Project("{FAE04EC0-301F-11D3-BF4B-00C04F79EFBC}") = "ECN_Framework", "..\ECN\ECN_Framework\ECN_Framework.csproj", "{3B505AE1-FD1C-429A-A534-81AE42F7CCC5}"
EndProject
Project("{FAE04EC0-301F-11D3-BF4B-00C04F79EFBC}") = "CssConvert_2_0", "..\ECN\CssConvert_2_0\CssConvert_2_0.csproj", "{AC8C6FE6-4F0B-4B2B-A8F2-1DFE658B01DD}"
EndProject
Project("{FAE04EC0-301F-11D3-BF4B-00C04F79EFBC}") = "UAD.DataCompare.Web", "Web\UAD.DataCompare.Web\UAD.DataCompare.Web.csproj", "{16111979-B9E1-40B4-BD6E-8DA9AE099186}"
EndProject
Project("{2150E333-8FDC-42A3-9474-1A3956D46DE8}") = "Web", "Web", "{17651FB2-6780-47D8-AAB1-39E38D58C461}"
EndProject
Project("{2150E333-8FDC-42A3-9474-1A3956D46DE8}") = "ECN", "ECN", "{DFD258EA-46A2-4A49-9AC9-35E1482452BA}"
EndProject
Project("{FAE04EC0-301F-11D3-BF4B-00C04F79EFBC}") = "MVC.Standards", "Web\MVC.Standards\MVC.Standards.csproj", "{8DAC5585-9B7B-4325-A61F-8F9B19BC97E9}"
EndProject
Project("{FAE04EC0-301F-11D3-BF4B-00C04F79EFBC}") = "ecn.menu", "..\ECN\ecn.menu\ecn.menu.csproj", "{7BCA44B9-9740-43EA-B43A-9AF0145DABA1}"
EndProject
Project("{FAE04EC0-301F-11D3-BF4B-00C04F79EFBC}") = "KM.Common", "..\KMCommon\KM.Common.csproj", "{65C7C665-2088-4291-AB27-AADBED47E370}"
EndProject
Project("{FAE04EC0-301F-11D3-BF4B-00C04F79EFBC}") = "UAS.ReportLibrary", "Libraries\UAS.ReportLibrary\UAS.ReportLibrary.csproj", "{56F23CC9-F959-4A5E-B2B4-659D90489E04}"
EndProject
Project("{FAE04EC0-301F-11D3-BF4B-00C04F79EFBC}") = "WebServiceFramework", "WebServices\WebServiceFramework\WebServiceFramework.csproj", "{C4781235-EAEB-4B7C-AC64-97D51F2A88EF}"
EndProject
Project("{FAE04EC0-301F-11D3-BF4B-00C04F79EFBC}") = "UAD.API", "UAD.API\UAD.API.csproj", "{1E1B39DF-7D52-4421-A904-5ED2C9E6B836}"
EndProject
Global
	GlobalSection(SolutionConfigurationPlatforms) = preSolution
		Debug|Any CPU = Debug|Any CPU
		Development|Any CPU = Development|Any CPU
		Local|Any CPU = Local|Any CPU
		Prod|Any CPU = Prod|Any CPU
		QA|Any CPU = QA|Any CPU
		Release|Any CPU = Release|Any CPU
	EndGlobalSection
	GlobalSection(ProjectConfigurationPlatforms) = postSolution
		{4CCEFEF7-414D-4A36-93ED-8B926362B057}.Debug|Any CPU.ActiveCfg = Debug|Any CPU
		{4CCEFEF7-414D-4A36-93ED-8B926362B057}.Debug|Any CPU.Build.0 = Debug|Any CPU
		{4CCEFEF7-414D-4A36-93ED-8B926362B057}.Development|Any CPU.ActiveCfg = Debug|Any CPU
		{4CCEFEF7-414D-4A36-93ED-8B926362B057}.Development|Any CPU.Build.0 = Debug|Any CPU
		{4CCEFEF7-414D-4A36-93ED-8B926362B057}.Local|Any CPU.ActiveCfg = Release|Any CPU
		{4CCEFEF7-414D-4A36-93ED-8B926362B057}.Local|Any CPU.Build.0 = Release|Any CPU
		{4CCEFEF7-414D-4A36-93ED-8B926362B057}.Prod|Any CPU.ActiveCfg = Release|Any CPU
		{4CCEFEF7-414D-4A36-93ED-8B926362B057}.Prod|Any CPU.Build.0 = Release|Any CPU
		{4CCEFEF7-414D-4A36-93ED-8B926362B057}.QA|Any CPU.ActiveCfg = Release|Any CPU
		{4CCEFEF7-414D-4A36-93ED-8B926362B057}.QA|Any CPU.Build.0 = Release|Any CPU
		{4CCEFEF7-414D-4A36-93ED-8B926362B057}.Release|Any CPU.ActiveCfg = Release|Any CPU
		{4CCEFEF7-414D-4A36-93ED-8B926362B057}.Release|Any CPU.Build.0 = Release|Any CPU
		{DC97D9DF-62C7-4512-8271-784200428BB4}.Debug|Any CPU.ActiveCfg = Debug|Any CPU
		{DC97D9DF-62C7-4512-8271-784200428BB4}.Debug|Any CPU.Build.0 = Debug|Any CPU
		{DC97D9DF-62C7-4512-8271-784200428BB4}.Development|Any CPU.ActiveCfg = Debug|Any CPU
		{DC97D9DF-62C7-4512-8271-784200428BB4}.Development|Any CPU.Build.0 = Debug|Any CPU
		{DC97D9DF-62C7-4512-8271-784200428BB4}.Local|Any CPU.ActiveCfg = Release|Any CPU
		{DC97D9DF-62C7-4512-8271-784200428BB4}.Local|Any CPU.Build.0 = Release|Any CPU
		{DC97D9DF-62C7-4512-8271-784200428BB4}.Prod|Any CPU.ActiveCfg = Release|Any CPU
		{DC97D9DF-62C7-4512-8271-784200428BB4}.Prod|Any CPU.Build.0 = Release|Any CPU
		{DC97D9DF-62C7-4512-8271-784200428BB4}.QA|Any CPU.ActiveCfg = Release|Any CPU
		{DC97D9DF-62C7-4512-8271-784200428BB4}.QA|Any CPU.Build.0 = Release|Any CPU
		{DC97D9DF-62C7-4512-8271-784200428BB4}.Release|Any CPU.ActiveCfg = Release|Any CPU
		{DC97D9DF-62C7-4512-8271-784200428BB4}.Release|Any CPU.Build.0 = Release|Any CPU
		{49E7AE2C-C22C-4FC2-ADBF-4A74FF25A5C4}.Debug|Any CPU.ActiveCfg = Debug|Any CPU
		{49E7AE2C-C22C-4FC2-ADBF-4A74FF25A5C4}.Debug|Any CPU.Build.0 = Debug|Any CPU
		{49E7AE2C-C22C-4FC2-ADBF-4A74FF25A5C4}.Development|Any CPU.ActiveCfg = Debug|Any CPU
		{49E7AE2C-C22C-4FC2-ADBF-4A74FF25A5C4}.Development|Any CPU.Build.0 = Debug|Any CPU
		{49E7AE2C-C22C-4FC2-ADBF-4A74FF25A5C4}.Local|Any CPU.ActiveCfg = Release|Any CPU
		{49E7AE2C-C22C-4FC2-ADBF-4A74FF25A5C4}.Local|Any CPU.Build.0 = Release|Any CPU
		{49E7AE2C-C22C-4FC2-ADBF-4A74FF25A5C4}.Prod|Any CPU.ActiveCfg = Release|Any CPU
		{49E7AE2C-C22C-4FC2-ADBF-4A74FF25A5C4}.Prod|Any CPU.Build.0 = Release|Any CPU
		{49E7AE2C-C22C-4FC2-ADBF-4A74FF25A5C4}.QA|Any CPU.ActiveCfg = Release|Any CPU
		{49E7AE2C-C22C-4FC2-ADBF-4A74FF25A5C4}.QA|Any CPU.Build.0 = Release|Any CPU
		{49E7AE2C-C22C-4FC2-ADBF-4A74FF25A5C4}.Release|Any CPU.ActiveCfg = Release|Any CPU
		{49E7AE2C-C22C-4FC2-ADBF-4A74FF25A5C4}.Release|Any CPU.Build.0 = Release|Any CPU
		{1BCCCBF6-03B4-49B8-A52C-BCBF38456CD4}.Debug|Any CPU.ActiveCfg = Debug|Any CPU
		{1BCCCBF6-03B4-49B8-A52C-BCBF38456CD4}.Debug|Any CPU.Build.0 = Debug|Any CPU
		{1BCCCBF6-03B4-49B8-A52C-BCBF38456CD4}.Development|Any CPU.ActiveCfg = Debug|Any CPU
		{1BCCCBF6-03B4-49B8-A52C-BCBF38456CD4}.Development|Any CPU.Build.0 = Debug|Any CPU
		{1BCCCBF6-03B4-49B8-A52C-BCBF38456CD4}.Local|Any CPU.ActiveCfg = Release|Any CPU
		{1BCCCBF6-03B4-49B8-A52C-BCBF38456CD4}.Local|Any CPU.Build.0 = Release|Any CPU
		{1BCCCBF6-03B4-49B8-A52C-BCBF38456CD4}.Prod|Any CPU.ActiveCfg = Release|Any CPU
		{1BCCCBF6-03B4-49B8-A52C-BCBF38456CD4}.Prod|Any CPU.Build.0 = Release|Any CPU
		{1BCCCBF6-03B4-49B8-A52C-BCBF38456CD4}.QA|Any CPU.ActiveCfg = Release|Any CPU
		{1BCCCBF6-03B4-49B8-A52C-BCBF38456CD4}.QA|Any CPU.Build.0 = Release|Any CPU
		{1BCCCBF6-03B4-49B8-A52C-BCBF38456CD4}.Release|Any CPU.ActiveCfg = Release|Any CPU
		{1BCCCBF6-03B4-49B8-A52C-BCBF38456CD4}.Release|Any CPU.Build.0 = Release|Any CPU
		{7B99E614-92E1-40F3-A6F2-B1B12F449567}.Debug|Any CPU.ActiveCfg = Debug|Any CPU
		{7B99E614-92E1-40F3-A6F2-B1B12F449567}.Debug|Any CPU.Build.0 = Debug|Any CPU
		{7B99E614-92E1-40F3-A6F2-B1B12F449567}.Development|Any CPU.ActiveCfg = Debug|Any CPU
		{7B99E614-92E1-40F3-A6F2-B1B12F449567}.Development|Any CPU.Build.0 = Debug|Any CPU
		{7B99E614-92E1-40F3-A6F2-B1B12F449567}.Local|Any CPU.ActiveCfg = Release|Any CPU
		{7B99E614-92E1-40F3-A6F2-B1B12F449567}.Local|Any CPU.Build.0 = Release|Any CPU
		{7B99E614-92E1-40F3-A6F2-B1B12F449567}.Prod|Any CPU.ActiveCfg = Release|Any CPU
		{7B99E614-92E1-40F3-A6F2-B1B12F449567}.Prod|Any CPU.Build.0 = Release|Any CPU
		{7B99E614-92E1-40F3-A6F2-B1B12F449567}.QA|Any CPU.ActiveCfg = Release|Any CPU
		{7B99E614-92E1-40F3-A6F2-B1B12F449567}.QA|Any CPU.Build.0 = Release|Any CPU
		{7B99E614-92E1-40F3-A6F2-B1B12F449567}.Release|Any CPU.ActiveCfg = Release|Any CPU
		{7B99E614-92E1-40F3-A6F2-B1B12F449567}.Release|Any CPU.Build.0 = Release|Any CPU
		{128B0A2C-1E47-4206-84BC-4C15FC4B4129}.Debug|Any CPU.ActiveCfg = Debug|Any CPU
		{128B0A2C-1E47-4206-84BC-4C15FC4B4129}.Debug|Any CPU.Build.0 = Debug|Any CPU
		{128B0A2C-1E47-4206-84BC-4C15FC4B4129}.Development|Any CPU.ActiveCfg = Debug|Any CPU
		{128B0A2C-1E47-4206-84BC-4C15FC4B4129}.Development|Any CPU.Build.0 = Debug|Any CPU
		{128B0A2C-1E47-4206-84BC-4C15FC4B4129}.Local|Any CPU.ActiveCfg = Release|Any CPU
		{128B0A2C-1E47-4206-84BC-4C15FC4B4129}.Local|Any CPU.Build.0 = Release|Any CPU
		{128B0A2C-1E47-4206-84BC-4C15FC4B4129}.Prod|Any CPU.ActiveCfg = Release|Any CPU
		{128B0A2C-1E47-4206-84BC-4C15FC4B4129}.Prod|Any CPU.Build.0 = Release|Any CPU
		{128B0A2C-1E47-4206-84BC-4C15FC4B4129}.QA|Any CPU.ActiveCfg = Release|Any CPU
		{128B0A2C-1E47-4206-84BC-4C15FC4B4129}.QA|Any CPU.Build.0 = Release|Any CPU
		{128B0A2C-1E47-4206-84BC-4C15FC4B4129}.Release|Any CPU.ActiveCfg = Release|Any CPU
		{128B0A2C-1E47-4206-84BC-4C15FC4B4129}.Release|Any CPU.Build.0 = Release|Any CPU
		{E151A8A8-19FA-44A2-9CD3-4DFA3627B7AC}.Debug|Any CPU.ActiveCfg = Debug|Any CPU
		{E151A8A8-19FA-44A2-9CD3-4DFA3627B7AC}.Debug|Any CPU.Build.0 = Debug|Any CPU
		{E151A8A8-19FA-44A2-9CD3-4DFA3627B7AC}.Development|Any CPU.ActiveCfg = Debug|Any CPU
		{E151A8A8-19FA-44A2-9CD3-4DFA3627B7AC}.Development|Any CPU.Build.0 = Debug|Any CPU
		{E151A8A8-19FA-44A2-9CD3-4DFA3627B7AC}.Local|Any CPU.ActiveCfg = Release|Any CPU
		{E151A8A8-19FA-44A2-9CD3-4DFA3627B7AC}.Local|Any CPU.Build.0 = Release|Any CPU
		{E151A8A8-19FA-44A2-9CD3-4DFA3627B7AC}.Prod|Any CPU.ActiveCfg = Release|Any CPU
		{E151A8A8-19FA-44A2-9CD3-4DFA3627B7AC}.Prod|Any CPU.Build.0 = Release|Any CPU
		{E151A8A8-19FA-44A2-9CD3-4DFA3627B7AC}.QA|Any CPU.ActiveCfg = Release|Any CPU
		{E151A8A8-19FA-44A2-9CD3-4DFA3627B7AC}.QA|Any CPU.Build.0 = Release|Any CPU
		{E151A8A8-19FA-44A2-9CD3-4DFA3627B7AC}.Release|Any CPU.ActiveCfg = Release|Any CPU
		{E151A8A8-19FA-44A2-9CD3-4DFA3627B7AC}.Release|Any CPU.Build.0 = Release|Any CPU
		{F1438266-1B41-48C2-AED3-AC0F56079DF0}.Debug|Any CPU.ActiveCfg = Debug|Any CPU
		{F1438266-1B41-48C2-AED3-AC0F56079DF0}.Debug|Any CPU.Build.0 = Debug|Any CPU
		{F1438266-1B41-48C2-AED3-AC0F56079DF0}.Development|Any CPU.ActiveCfg = Debug|Any CPU
		{F1438266-1B41-48C2-AED3-AC0F56079DF0}.Development|Any CPU.Build.0 = Debug|Any CPU
		{F1438266-1B41-48C2-AED3-AC0F56079DF0}.Local|Any CPU.ActiveCfg = Release|Any CPU
		{F1438266-1B41-48C2-AED3-AC0F56079DF0}.Local|Any CPU.Build.0 = Release|Any CPU
		{F1438266-1B41-48C2-AED3-AC0F56079DF0}.Prod|Any CPU.ActiveCfg = Release|Any CPU
		{F1438266-1B41-48C2-AED3-AC0F56079DF0}.Prod|Any CPU.Build.0 = Release|Any CPU
		{F1438266-1B41-48C2-AED3-AC0F56079DF0}.QA|Any CPU.ActiveCfg = Release|Any CPU
		{F1438266-1B41-48C2-AED3-AC0F56079DF0}.QA|Any CPU.Build.0 = Release|Any CPU
		{F1438266-1B41-48C2-AED3-AC0F56079DF0}.Release|Any CPU.ActiveCfg = Release|Any CPU
		{F1438266-1B41-48C2-AED3-AC0F56079DF0}.Release|Any CPU.Build.0 = Release|Any CPU
		{824833B3-D839-4878-AB71-B4DFDF802085}.Debug|Any CPU.ActiveCfg = Debug|Any CPU
		{824833B3-D839-4878-AB71-B4DFDF802085}.Debug|Any CPU.Build.0 = Debug|Any CPU
		{824833B3-D839-4878-AB71-B4DFDF802085}.Development|Any CPU.ActiveCfg = Debug|Any CPU
		{824833B3-D839-4878-AB71-B4DFDF802085}.Development|Any CPU.Build.0 = Debug|Any CPU
		{824833B3-D839-4878-AB71-B4DFDF802085}.Local|Any CPU.ActiveCfg = Release|Any CPU
		{824833B3-D839-4878-AB71-B4DFDF802085}.Local|Any CPU.Build.0 = Release|Any CPU
		{824833B3-D839-4878-AB71-B4DFDF802085}.Prod|Any CPU.ActiveCfg = Release|Any CPU
		{824833B3-D839-4878-AB71-B4DFDF802085}.Prod|Any CPU.Build.0 = Release|Any CPU
		{824833B3-D839-4878-AB71-B4DFDF802085}.QA|Any CPU.ActiveCfg = Release|Any CPU
		{824833B3-D839-4878-AB71-B4DFDF802085}.QA|Any CPU.Build.0 = Release|Any CPU
		{824833B3-D839-4878-AB71-B4DFDF802085}.Release|Any CPU.ActiveCfg = Release|Any CPU
		{824833B3-D839-4878-AB71-B4DFDF802085}.Release|Any CPU.Build.0 = Release|Any CPU
		{A42B5E90-77A0-407C-A919-D8A4916DE154}.Debug|Any CPU.ActiveCfg = Debug|Any CPU
		{A42B5E90-77A0-407C-A919-D8A4916DE154}.Debug|Any CPU.Build.0 = Debug|Any CPU
		{A42B5E90-77A0-407C-A919-D8A4916DE154}.Development|Any CPU.ActiveCfg = Debug|Any CPU
		{A42B5E90-77A0-407C-A919-D8A4916DE154}.Development|Any CPU.Build.0 = Debug|Any CPU
		{A42B5E90-77A0-407C-A919-D8A4916DE154}.Development|Any CPU.Deploy.0 = Debug|Any CPU
		{A42B5E90-77A0-407C-A919-D8A4916DE154}.Local|Any CPU.ActiveCfg = Release|Any CPU
		{A42B5E90-77A0-407C-A919-D8A4916DE154}.Local|Any CPU.Build.0 = Release|Any CPU
		{A42B5E90-77A0-407C-A919-D8A4916DE154}.Local|Any CPU.Deploy.0 = Release|Any CPU
		{A42B5E90-77A0-407C-A919-D8A4916DE154}.Prod|Any CPU.ActiveCfg = Release|Any CPU
		{A42B5E90-77A0-407C-A919-D8A4916DE154}.Prod|Any CPU.Build.0 = Release|Any CPU
		{A42B5E90-77A0-407C-A919-D8A4916DE154}.Prod|Any CPU.Deploy.0 = Release|Any CPU
		{A42B5E90-77A0-407C-A919-D8A4916DE154}.QA|Any CPU.ActiveCfg = Release|Any CPU
		{A42B5E90-77A0-407C-A919-D8A4916DE154}.QA|Any CPU.Build.0 = Release|Any CPU
		{A42B5E90-77A0-407C-A919-D8A4916DE154}.QA|Any CPU.Deploy.0 = Release|Any CPU
		{A42B5E90-77A0-407C-A919-D8A4916DE154}.Release|Any CPU.ActiveCfg = Release|Any CPU
		{A42B5E90-77A0-407C-A919-D8A4916DE154}.Release|Any CPU.Build.0 = Release|Any CPU
		{A42B5E90-77A0-407C-A919-D8A4916DE154}.Release|Any CPU.Deploy.0 = Release|Any CPU
		{6E85A14D-B290-4363-B97E-C1F7E0400AD0}.Debug|Any CPU.ActiveCfg = Debug|Any CPU
		{6E85A14D-B290-4363-B97E-C1F7E0400AD0}.Development|Any CPU.ActiveCfg = Debug|Any CPU
		{6E85A14D-B290-4363-B97E-C1F7E0400AD0}.Development|Any CPU.Build.0 = Debug|Any CPU
		{6E85A14D-B290-4363-B97E-C1F7E0400AD0}.Development|Any CPU.Deploy.0 = Debug|Any CPU
		{6E85A14D-B290-4363-B97E-C1F7E0400AD0}.Local|Any CPU.ActiveCfg = Release|Any CPU
		{6E85A14D-B290-4363-B97E-C1F7E0400AD0}.Local|Any CPU.Build.0 = Release|Any CPU
		{6E85A14D-B290-4363-B97E-C1F7E0400AD0}.Local|Any CPU.Deploy.0 = Release|Any CPU
		{6E85A14D-B290-4363-B97E-C1F7E0400AD0}.Prod|Any CPU.ActiveCfg = Release|Any CPU
		{6E85A14D-B290-4363-B97E-C1F7E0400AD0}.Prod|Any CPU.Build.0 = Release|Any CPU
		{6E85A14D-B290-4363-B97E-C1F7E0400AD0}.Prod|Any CPU.Deploy.0 = Release|Any CPU
		{6E85A14D-B290-4363-B97E-C1F7E0400AD0}.QA|Any CPU.ActiveCfg = Release|Any CPU
		{6E85A14D-B290-4363-B97E-C1F7E0400AD0}.QA|Any CPU.Build.0 = Release|Any CPU
		{6E85A14D-B290-4363-B97E-C1F7E0400AD0}.QA|Any CPU.Deploy.0 = Release|Any CPU
		{6E85A14D-B290-4363-B97E-C1F7E0400AD0}.Release|Any CPU.ActiveCfg = Release|Any CPU
		{63E0167C-0F7F-4486-8175-8EEC61E50E64}.Debug|Any CPU.ActiveCfg = Debug|Any CPU
		{63E0167C-0F7F-4486-8175-8EEC61E50E64}.Debug|Any CPU.Build.0 = Debug|Any CPU
		{63E0167C-0F7F-4486-8175-8EEC61E50E64}.Development|Any CPU.ActiveCfg = Debug|Any CPU
		{63E0167C-0F7F-4486-8175-8EEC61E50E64}.Development|Any CPU.Build.0 = Debug|Any CPU
		{63E0167C-0F7F-4486-8175-8EEC61E50E64}.Local|Any CPU.ActiveCfg = Release|Any CPU
		{63E0167C-0F7F-4486-8175-8EEC61E50E64}.Local|Any CPU.Build.0 = Release|Any CPU
		{63E0167C-0F7F-4486-8175-8EEC61E50E64}.Prod|Any CPU.ActiveCfg = Release|Any CPU
		{63E0167C-0F7F-4486-8175-8EEC61E50E64}.Prod|Any CPU.Build.0 = Release|Any CPU
		{63E0167C-0F7F-4486-8175-8EEC61E50E64}.QA|Any CPU.ActiveCfg = Release|Any CPU
		{63E0167C-0F7F-4486-8175-8EEC61E50E64}.QA|Any CPU.Build.0 = Release|Any CPU
		{63E0167C-0F7F-4486-8175-8EEC61E50E64}.Release|Any CPU.ActiveCfg = Release|Any CPU
		{63E0167C-0F7F-4486-8175-8EEC61E50E64}.Release|Any CPU.Build.0 = Release|Any CPU
		{DC9B6839-C4A2-4E72-9EA9-72A888E43938}.Debug|Any CPU.ActiveCfg = Debug|Any CPU
		{DC9B6839-C4A2-4E72-9EA9-72A888E43938}.Debug|Any CPU.Build.0 = Debug|Any CPU
		{DC9B6839-C4A2-4E72-9EA9-72A888E43938}.Development|Any CPU.ActiveCfg = Debug|Any CPU
		{DC9B6839-C4A2-4E72-9EA9-72A888E43938}.Development|Any CPU.Build.0 = Debug|Any CPU
		{DC9B6839-C4A2-4E72-9EA9-72A888E43938}.Local|Any CPU.ActiveCfg = Release|Any CPU
		{DC9B6839-C4A2-4E72-9EA9-72A888E43938}.Local|Any CPU.Build.0 = Release|Any CPU
		{DC9B6839-C4A2-4E72-9EA9-72A888E43938}.Prod|Any CPU.ActiveCfg = Release|Any CPU
		{DC9B6839-C4A2-4E72-9EA9-72A888E43938}.Prod|Any CPU.Build.0 = Release|Any CPU
		{DC9B6839-C4A2-4E72-9EA9-72A888E43938}.QA|Any CPU.ActiveCfg = Release|Any CPU
		{DC9B6839-C4A2-4E72-9EA9-72A888E43938}.QA|Any CPU.Build.0 = Release|Any CPU
		{DC9B6839-C4A2-4E72-9EA9-72A888E43938}.Release|Any CPU.ActiveCfg = Release|Any CPU
		{DC9B6839-C4A2-4E72-9EA9-72A888E43938}.Release|Any CPU.Build.0 = Release|Any CPU
		{CBA5B2C6-3CE4-4782-BAE0-570528690B4B}.Debug|Any CPU.ActiveCfg = Debug|Any CPU
		{CBA5B2C6-3CE4-4782-BAE0-570528690B4B}.Debug|Any CPU.Build.0 = Debug|Any CPU
		{CBA5B2C6-3CE4-4782-BAE0-570528690B4B}.Development|Any CPU.ActiveCfg = Debug|Any CPU
		{CBA5B2C6-3CE4-4782-BAE0-570528690B4B}.Development|Any CPU.Build.0 = Debug|Any CPU
		{CBA5B2C6-3CE4-4782-BAE0-570528690B4B}.Local|Any CPU.ActiveCfg = Release|Any CPU
		{CBA5B2C6-3CE4-4782-BAE0-570528690B4B}.Local|Any CPU.Build.0 = Release|Any CPU
		{CBA5B2C6-3CE4-4782-BAE0-570528690B4B}.Prod|Any CPU.ActiveCfg = Release|Any CPU
		{CBA5B2C6-3CE4-4782-BAE0-570528690B4B}.Prod|Any CPU.Build.0 = Release|Any CPU
		{CBA5B2C6-3CE4-4782-BAE0-570528690B4B}.QA|Any CPU.ActiveCfg = Release|Any CPU
		{CBA5B2C6-3CE4-4782-BAE0-570528690B4B}.QA|Any CPU.Build.0 = Release|Any CPU
		{CBA5B2C6-3CE4-4782-BAE0-570528690B4B}.Release|Any CPU.ActiveCfg = Release|Any CPU
		{CBA5B2C6-3CE4-4782-BAE0-570528690B4B}.Release|Any CPU.Build.0 = Release|Any CPU
		{8F15A0F9-52AC-41AA-BB3E-EFCC17E854A9}.Debug|Any CPU.ActiveCfg = Debug|Any CPU
		{8F15A0F9-52AC-41AA-BB3E-EFCC17E854A9}.Debug|Any CPU.Build.0 = Debug|Any CPU
		{8F15A0F9-52AC-41AA-BB3E-EFCC17E854A9}.Development|Any CPU.ActiveCfg = Debug|Any CPU
		{8F15A0F9-52AC-41AA-BB3E-EFCC17E854A9}.Development|Any CPU.Build.0 = Debug|Any CPU
		{8F15A0F9-52AC-41AA-BB3E-EFCC17E854A9}.Local|Any CPU.ActiveCfg = Release|Any CPU
		{8F15A0F9-52AC-41AA-BB3E-EFCC17E854A9}.Local|Any CPU.Build.0 = Release|Any CPU
		{8F15A0F9-52AC-41AA-BB3E-EFCC17E854A9}.Prod|Any CPU.ActiveCfg = Release|Any CPU
		{8F15A0F9-52AC-41AA-BB3E-EFCC17E854A9}.Prod|Any CPU.Build.0 = Release|Any CPU
		{8F15A0F9-52AC-41AA-BB3E-EFCC17E854A9}.QA|Any CPU.ActiveCfg = Release|Any CPU
		{8F15A0F9-52AC-41AA-BB3E-EFCC17E854A9}.QA|Any CPU.Build.0 = Release|Any CPU
		{8F15A0F9-52AC-41AA-BB3E-EFCC17E854A9}.Release|Any CPU.ActiveCfg = Release|Any CPU
		{8F15A0F9-52AC-41AA-BB3E-EFCC17E854A9}.Release|Any CPU.Build.0 = Release|Any CPU
		{F5F6BAB1-9397-4438-B997-5223307F0DE1}.Debug|Any CPU.ActiveCfg = Debug|Any CPU
		{F5F6BAB1-9397-4438-B997-5223307F0DE1}.Debug|Any CPU.Build.0 = Debug|Any CPU
		{F5F6BAB1-9397-4438-B997-5223307F0DE1}.Development|Any CPU.ActiveCfg = Debug|Any CPU
		{F5F6BAB1-9397-4438-B997-5223307F0DE1}.Development|Any CPU.Build.0 = Debug|Any CPU
		{F5F6BAB1-9397-4438-B997-5223307F0DE1}.Local|Any CPU.ActiveCfg = Release|Any CPU
		{F5F6BAB1-9397-4438-B997-5223307F0DE1}.Local|Any CPU.Build.0 = Release|Any CPU
		{F5F6BAB1-9397-4438-B997-5223307F0DE1}.Prod|Any CPU.ActiveCfg = Release|Any CPU
		{F5F6BAB1-9397-4438-B997-5223307F0DE1}.Prod|Any CPU.Build.0 = Release|Any CPU
		{F5F6BAB1-9397-4438-B997-5223307F0DE1}.QA|Any CPU.ActiveCfg = Release|Any CPU
		{F5F6BAB1-9397-4438-B997-5223307F0DE1}.QA|Any CPU.Build.0 = Release|Any CPU
		{F5F6BAB1-9397-4438-B997-5223307F0DE1}.Release|Any CPU.ActiveCfg = Release|Any CPU
		{F5F6BAB1-9397-4438-B997-5223307F0DE1}.Release|Any CPU.Build.0 = Release|Any CPU
		{D32EA94B-FD11-4C0B-8408-6DC24E142109}.Debug|Any CPU.ActiveCfg = Debug|Any CPU
		{D32EA94B-FD11-4C0B-8408-6DC24E142109}.Debug|Any CPU.Build.0 = Debug|Any CPU
		{D32EA94B-FD11-4C0B-8408-6DC24E142109}.Development|Any CPU.ActiveCfg = Debug|Any CPU
		{D32EA94B-FD11-4C0B-8408-6DC24E142109}.Development|Any CPU.Build.0 = Debug|Any CPU
		{D32EA94B-FD11-4C0B-8408-6DC24E142109}.Local|Any CPU.ActiveCfg = Release|Any CPU
		{D32EA94B-FD11-4C0B-8408-6DC24E142109}.Local|Any CPU.Build.0 = Release|Any CPU
		{D32EA94B-FD11-4C0B-8408-6DC24E142109}.Prod|Any CPU.ActiveCfg = Release|Any CPU
		{D32EA94B-FD11-4C0B-8408-6DC24E142109}.Prod|Any CPU.Build.0 = Release|Any CPU
		{D32EA94B-FD11-4C0B-8408-6DC24E142109}.QA|Any CPU.ActiveCfg = Release|Any CPU
		{D32EA94B-FD11-4C0B-8408-6DC24E142109}.QA|Any CPU.Build.0 = Release|Any CPU
		{D32EA94B-FD11-4C0B-8408-6DC24E142109}.Release|Any CPU.ActiveCfg = Release|Any CPU
		{D32EA94B-FD11-4C0B-8408-6DC24E142109}.Release|Any CPU.Build.0 = Release|Any CPU
		{38FD3182-2F7D-4EA3-9205-647EA64C9115}.Debug|Any CPU.ActiveCfg = Debug|Any CPU
		{38FD3182-2F7D-4EA3-9205-647EA64C9115}.Debug|Any CPU.Build.0 = Debug|Any CPU
		{38FD3182-2F7D-4EA3-9205-647EA64C9115}.Development|Any CPU.ActiveCfg = Debug|Any CPU
		{38FD3182-2F7D-4EA3-9205-647EA64C9115}.Development|Any CPU.Build.0 = Debug|Any CPU
		{38FD3182-2F7D-4EA3-9205-647EA64C9115}.Local|Any CPU.ActiveCfg = Release|Any CPU
		{38FD3182-2F7D-4EA3-9205-647EA64C9115}.Local|Any CPU.Build.0 = Release|Any CPU
		{38FD3182-2F7D-4EA3-9205-647EA64C9115}.Prod|Any CPU.ActiveCfg = Release|Any CPU
		{38FD3182-2F7D-4EA3-9205-647EA64C9115}.Prod|Any CPU.Build.0 = Release|Any CPU
		{38FD3182-2F7D-4EA3-9205-647EA64C9115}.QA|Any CPU.ActiveCfg = Release|Any CPU
		{38FD3182-2F7D-4EA3-9205-647EA64C9115}.QA|Any CPU.Build.0 = Release|Any CPU
		{38FD3182-2F7D-4EA3-9205-647EA64C9115}.Release|Any CPU.ActiveCfg = Release|Any CPU
		{38FD3182-2F7D-4EA3-9205-647EA64C9115}.Release|Any CPU.Build.0 = Release|Any CPU
		{C41359AF-5193-40F9-B405-F54C6B425103}.Debug|Any CPU.ActiveCfg = Debug|Any CPU
		{C41359AF-5193-40F9-B405-F54C6B425103}.Debug|Any CPU.Build.0 = Debug|Any CPU
		{C41359AF-5193-40F9-B405-F54C6B425103}.Development|Any CPU.ActiveCfg = Debug|Any CPU
		{C41359AF-5193-40F9-B405-F54C6B425103}.Development|Any CPU.Build.0 = Debug|Any CPU
		{C41359AF-5193-40F9-B405-F54C6B425103}.Local|Any CPU.ActiveCfg = Release|Any CPU
		{C41359AF-5193-40F9-B405-F54C6B425103}.Local|Any CPU.Build.0 = Release|Any CPU
		{C41359AF-5193-40F9-B405-F54C6B425103}.Prod|Any CPU.ActiveCfg = Release|Any CPU
		{C41359AF-5193-40F9-B405-F54C6B425103}.Prod|Any CPU.Build.0 = Release|Any CPU
		{C41359AF-5193-40F9-B405-F54C6B425103}.QA|Any CPU.ActiveCfg = Release|Any CPU
		{C41359AF-5193-40F9-B405-F54C6B425103}.QA|Any CPU.Build.0 = Release|Any CPU
		{C41359AF-5193-40F9-B405-F54C6B425103}.Release|Any CPU.ActiveCfg = Release|Any CPU
		{C41359AF-5193-40F9-B405-F54C6B425103}.Release|Any CPU.Build.0 = Release|Any CPU
		{167371DD-3017-462B-9E8E-17DBCF6D189B}.Debug|Any CPU.ActiveCfg = Debug|Any CPU
		{167371DD-3017-462B-9E8E-17DBCF6D189B}.Debug|Any CPU.Build.0 = Debug|Any CPU
		{167371DD-3017-462B-9E8E-17DBCF6D189B}.Development|Any CPU.ActiveCfg = Debug|Any CPU
		{167371DD-3017-462B-9E8E-17DBCF6D189B}.Development|Any CPU.Build.0 = Debug|Any CPU
		{167371DD-3017-462B-9E8E-17DBCF6D189B}.Local|Any CPU.ActiveCfg = Release|Any CPU
		{167371DD-3017-462B-9E8E-17DBCF6D189B}.Local|Any CPU.Build.0 = Release|Any CPU
		{167371DD-3017-462B-9E8E-17DBCF6D189B}.Prod|Any CPU.ActiveCfg = Release|Any CPU
		{167371DD-3017-462B-9E8E-17DBCF6D189B}.Prod|Any CPU.Build.0 = Release|Any CPU
		{167371DD-3017-462B-9E8E-17DBCF6D189B}.QA|Any CPU.ActiveCfg = Release|Any CPU
		{167371DD-3017-462B-9E8E-17DBCF6D189B}.QA|Any CPU.Build.0 = Release|Any CPU
		{167371DD-3017-462B-9E8E-17DBCF6D189B}.Release|Any CPU.ActiveCfg = Release|Any CPU
		{167371DD-3017-462B-9E8E-17DBCF6D189B}.Release|Any CPU.Build.0 = Release|Any CPU
		{609C1392-849D-4095-AB9B-FE4FDDA7E57A}.Debug|Any CPU.ActiveCfg = Debug|Any CPU
		{609C1392-849D-4095-AB9B-FE4FDDA7E57A}.Debug|Any CPU.Build.0 = Debug|Any CPU
		{609C1392-849D-4095-AB9B-FE4FDDA7E57A}.Development|Any CPU.ActiveCfg = Debug|Any CPU
		{609C1392-849D-4095-AB9B-FE4FDDA7E57A}.Development|Any CPU.Build.0 = Debug|Any CPU
		{609C1392-849D-4095-AB9B-FE4FDDA7E57A}.Local|Any CPU.ActiveCfg = Release|Any CPU
		{609C1392-849D-4095-AB9B-FE4FDDA7E57A}.Local|Any CPU.Build.0 = Release|Any CPU
		{609C1392-849D-4095-AB9B-FE4FDDA7E57A}.Prod|Any CPU.ActiveCfg = Release|Any CPU
		{609C1392-849D-4095-AB9B-FE4FDDA7E57A}.Prod|Any CPU.Build.0 = Release|Any CPU
		{609C1392-849D-4095-AB9B-FE4FDDA7E57A}.QA|Any CPU.ActiveCfg = Release|Any CPU
		{609C1392-849D-4095-AB9B-FE4FDDA7E57A}.QA|Any CPU.Build.0 = Release|Any CPU
		{609C1392-849D-4095-AB9B-FE4FDDA7E57A}.Release|Any CPU.ActiveCfg = Release|Any CPU
		{609C1392-849D-4095-AB9B-FE4FDDA7E57A}.Release|Any CPU.Build.0 = Release|Any CPU
		{C34A543C-9C28-44AE-90B4-D56883DBBC7D}.Debug|Any CPU.ActiveCfg = Debug|Any CPU
		{C34A543C-9C28-44AE-90B4-D56883DBBC7D}.Debug|Any CPU.Build.0 = Debug|Any CPU
		{C34A543C-9C28-44AE-90B4-D56883DBBC7D}.Development|Any CPU.ActiveCfg = Debug|Any CPU
		{C34A543C-9C28-44AE-90B4-D56883DBBC7D}.Development|Any CPU.Build.0 = Debug|Any CPU
		{C34A543C-9C28-44AE-90B4-D56883DBBC7D}.Local|Any CPU.ActiveCfg = Release|Any CPU
		{C34A543C-9C28-44AE-90B4-D56883DBBC7D}.Local|Any CPU.Build.0 = Release|Any CPU
		{C34A543C-9C28-44AE-90B4-D56883DBBC7D}.Prod|Any CPU.ActiveCfg = Release|Any CPU
		{C34A543C-9C28-44AE-90B4-D56883DBBC7D}.Prod|Any CPU.Build.0 = Release|Any CPU
		{C34A543C-9C28-44AE-90B4-D56883DBBC7D}.QA|Any CPU.ActiveCfg = Release|Any CPU
		{C34A543C-9C28-44AE-90B4-D56883DBBC7D}.QA|Any CPU.Build.0 = Release|Any CPU
		{C34A543C-9C28-44AE-90B4-D56883DBBC7D}.Release|Any CPU.ActiveCfg = Release|Any CPU
		{C34A543C-9C28-44AE-90B4-D56883DBBC7D}.Release|Any CPU.Build.0 = Release|Any CPU
		{5A16FF3B-6674-4F9D-A8A4-07D30F355950}.Debug|Any CPU.ActiveCfg = Debug|Any CPU
		{5A16FF3B-6674-4F9D-A8A4-07D30F355950}.Debug|Any CPU.Build.0 = Debug|Any CPU
		{5A16FF3B-6674-4F9D-A8A4-07D30F355950}.Development|Any CPU.ActiveCfg = Debug|Any CPU
		{5A16FF3B-6674-4F9D-A8A4-07D30F355950}.Development|Any CPU.Build.0 = Debug|Any CPU
		{5A16FF3B-6674-4F9D-A8A4-07D30F355950}.Local|Any CPU.ActiveCfg = Release|Any CPU
		{5A16FF3B-6674-4F9D-A8A4-07D30F355950}.Local|Any CPU.Build.0 = Release|Any CPU
		{5A16FF3B-6674-4F9D-A8A4-07D30F355950}.Prod|Any CPU.ActiveCfg = Release|Any CPU
		{5A16FF3B-6674-4F9D-A8A4-07D30F355950}.Prod|Any CPU.Build.0 = Release|Any CPU
		{5A16FF3B-6674-4F9D-A8A4-07D30F355950}.QA|Any CPU.ActiveCfg = Release|Any CPU
		{5A16FF3B-6674-4F9D-A8A4-07D30F355950}.QA|Any CPU.Build.0 = Release|Any CPU
		{5A16FF3B-6674-4F9D-A8A4-07D30F355950}.Release|Any CPU.ActiveCfg = Release|Any CPU
		{5A16FF3B-6674-4F9D-A8A4-07D30F355950}.Release|Any CPU.Build.0 = Release|Any CPU
		{3ACB653D-5938-41F7-84DC-50FD0C743A09}.Debug|Any CPU.ActiveCfg = Debug|Any CPU
		{3ACB653D-5938-41F7-84DC-50FD0C743A09}.Debug|Any CPU.Build.0 = Debug|Any CPU
		{3ACB653D-5938-41F7-84DC-50FD0C743A09}.Development|Any CPU.ActiveCfg = Debug|Any CPU
		{3ACB653D-5938-41F7-84DC-50FD0C743A09}.Development|Any CPU.Build.0 = Debug|Any CPU
		{3ACB653D-5938-41F7-84DC-50FD0C743A09}.Local|Any CPU.ActiveCfg = Release|Any CPU
		{3ACB653D-5938-41F7-84DC-50FD0C743A09}.Local|Any CPU.Build.0 = Release|Any CPU
		{3ACB653D-5938-41F7-84DC-50FD0C743A09}.Prod|Any CPU.ActiveCfg = Release|Any CPU
		{3ACB653D-5938-41F7-84DC-50FD0C743A09}.Prod|Any CPU.Build.0 = Release|Any CPU
		{3ACB653D-5938-41F7-84DC-50FD0C743A09}.QA|Any CPU.ActiveCfg = Release|Any CPU
		{3ACB653D-5938-41F7-84DC-50FD0C743A09}.QA|Any CPU.Build.0 = Release|Any CPU
		{3ACB653D-5938-41F7-84DC-50FD0C743A09}.Release|Any CPU.ActiveCfg = Release|Any CPU
		{3ACB653D-5938-41F7-84DC-50FD0C743A09}.Release|Any CPU.Build.0 = Release|Any CPU
		{CF80E43F-C5DD-4A50-BC30-6652A0636038}.Debug|Any CPU.ActiveCfg = Debug|Any CPU
		{CF80E43F-C5DD-4A50-BC30-6652A0636038}.Debug|Any CPU.Build.0 = Debug|Any CPU
		{CF80E43F-C5DD-4A50-BC30-6652A0636038}.Development|Any CPU.ActiveCfg = Debug|Any CPU
		{CF80E43F-C5DD-4A50-BC30-6652A0636038}.Development|Any CPU.Build.0 = Debug|Any CPU
		{CF80E43F-C5DD-4A50-BC30-6652A0636038}.Local|Any CPU.ActiveCfg = Release|Any CPU
		{CF80E43F-C5DD-4A50-BC30-6652A0636038}.Local|Any CPU.Build.0 = Release|Any CPU
		{CF80E43F-C5DD-4A50-BC30-6652A0636038}.Prod|Any CPU.ActiveCfg = Release|Any CPU
		{CF80E43F-C5DD-4A50-BC30-6652A0636038}.Prod|Any CPU.Build.0 = Release|Any CPU
		{CF80E43F-C5DD-4A50-BC30-6652A0636038}.QA|Any CPU.ActiveCfg = Release|Any CPU
		{CF80E43F-C5DD-4A50-BC30-6652A0636038}.QA|Any CPU.Build.0 = Release|Any CPU
		{CF80E43F-C5DD-4A50-BC30-6652A0636038}.Release|Any CPU.ActiveCfg = Release|Any CPU
		{CF80E43F-C5DD-4A50-BC30-6652A0636038}.Release|Any CPU.Build.0 = Release|Any CPU
		{B6CBE6BB-240C-4294-B985-0F04D84AA8D4}.Debug|Any CPU.ActiveCfg = Debug|Any CPU
		{B6CBE6BB-240C-4294-B985-0F04D84AA8D4}.Debug|Any CPU.Build.0 = Debug|Any CPU
		{B6CBE6BB-240C-4294-B985-0F04D84AA8D4}.Development|Any CPU.ActiveCfg = Debug|Any CPU
		{B6CBE6BB-240C-4294-B985-0F04D84AA8D4}.Development|Any CPU.Build.0 = Debug|Any CPU
		{B6CBE6BB-240C-4294-B985-0F04D84AA8D4}.Local|Any CPU.ActiveCfg = Release|Any CPU
		{B6CBE6BB-240C-4294-B985-0F04D84AA8D4}.Local|Any CPU.Build.0 = Release|Any CPU
		{B6CBE6BB-240C-4294-B985-0F04D84AA8D4}.Prod|Any CPU.ActiveCfg = Release|Any CPU
		{B6CBE6BB-240C-4294-B985-0F04D84AA8D4}.Prod|Any CPU.Build.0 = Release|Any CPU
		{B6CBE6BB-240C-4294-B985-0F04D84AA8D4}.QA|Any CPU.ActiveCfg = Release|Any CPU
		{B6CBE6BB-240C-4294-B985-0F04D84AA8D4}.QA|Any CPU.Build.0 = Release|Any CPU
		{B6CBE6BB-240C-4294-B985-0F04D84AA8D4}.Release|Any CPU.ActiveCfg = Release|Any CPU
		{B6CBE6BB-240C-4294-B985-0F04D84AA8D4}.Release|Any CPU.Build.0 = Release|Any CPU
		{0E5CE7AB-DF6A-46D0-979F-70245AD7EE7F}.Debug|Any CPU.ActiveCfg = Debug|Any CPU
		{0E5CE7AB-DF6A-46D0-979F-70245AD7EE7F}.Development|Any CPU.ActiveCfg = Debug|Any CPU
		{0E5CE7AB-DF6A-46D0-979F-70245AD7EE7F}.Development|Any CPU.Build.0 = Debug|Any CPU
		{0E5CE7AB-DF6A-46D0-979F-70245AD7EE7F}.Development|Any CPU.Deploy.0 = Debug|Any CPU
		{0E5CE7AB-DF6A-46D0-979F-70245AD7EE7F}.Local|Any CPU.ActiveCfg = Release|Any CPU
		{0E5CE7AB-DF6A-46D0-979F-70245AD7EE7F}.Local|Any CPU.Build.0 = Release|Any CPU
		{0E5CE7AB-DF6A-46D0-979F-70245AD7EE7F}.Local|Any CPU.Deploy.0 = Release|Any CPU
		{0E5CE7AB-DF6A-46D0-979F-70245AD7EE7F}.Prod|Any CPU.ActiveCfg = Release|Any CPU
		{0E5CE7AB-DF6A-46D0-979F-70245AD7EE7F}.Prod|Any CPU.Build.0 = Release|Any CPU
		{0E5CE7AB-DF6A-46D0-979F-70245AD7EE7F}.Prod|Any CPU.Deploy.0 = Release|Any CPU
		{0E5CE7AB-DF6A-46D0-979F-70245AD7EE7F}.QA|Any CPU.ActiveCfg = Release|Any CPU
		{0E5CE7AB-DF6A-46D0-979F-70245AD7EE7F}.QA|Any CPU.Build.0 = Release|Any CPU
		{0E5CE7AB-DF6A-46D0-979F-70245AD7EE7F}.QA|Any CPU.Deploy.0 = Release|Any CPU
		{0E5CE7AB-DF6A-46D0-979F-70245AD7EE7F}.Release|Any CPU.ActiveCfg = Release|Any CPU
		{0E5CE7AB-DF6A-46D0-979F-70245AD7EE7F}.Release|Any CPU.Build.0 = Release|Any CPU
		{0E5CE7AB-DF6A-46D0-979F-70245AD7EE7F}.Release|Any CPU.Deploy.0 = Release|Any CPU
		{ECA86827-0960-47CF-ABF7-A4B6CAD4CD74}.Debug|Any CPU.ActiveCfg = Debug|Any CPU
		{ECA86827-0960-47CF-ABF7-A4B6CAD4CD74}.Debug|Any CPU.Build.0 = Debug|Any CPU
		{ECA86827-0960-47CF-ABF7-A4B6CAD4CD74}.Development|Any CPU.ActiveCfg = Debug|Any CPU
		{ECA86827-0960-47CF-ABF7-A4B6CAD4CD74}.Development|Any CPU.Build.0 = Debug|Any CPU
		{ECA86827-0960-47CF-ABF7-A4B6CAD4CD74}.Local|Any CPU.ActiveCfg = Release|Any CPU
		{ECA86827-0960-47CF-ABF7-A4B6CAD4CD74}.Local|Any CPU.Build.0 = Release|Any CPU
		{ECA86827-0960-47CF-ABF7-A4B6CAD4CD74}.Prod|Any CPU.ActiveCfg = Release|Any CPU
		{ECA86827-0960-47CF-ABF7-A4B6CAD4CD74}.Prod|Any CPU.Build.0 = Release|Any CPU
		{ECA86827-0960-47CF-ABF7-A4B6CAD4CD74}.QA|Any CPU.ActiveCfg = Release|Any CPU
		{ECA86827-0960-47CF-ABF7-A4B6CAD4CD74}.QA|Any CPU.Build.0 = Release|Any CPU
		{ECA86827-0960-47CF-ABF7-A4B6CAD4CD74}.Release|Any CPU.ActiveCfg = Release|Any CPU
		{ECA86827-0960-47CF-ABF7-A4B6CAD4CD74}.Release|Any CPU.Build.0 = Release|Any CPU
		{8AD0B7B7-73A4-437A-B533-1F9D5A90F2BE}.Debug|Any CPU.ActiveCfg = Debug|Any CPU
		{8AD0B7B7-73A4-437A-B533-1F9D5A90F2BE}.Debug|Any CPU.Build.0 = Debug|Any CPU
		{8AD0B7B7-73A4-437A-B533-1F9D5A90F2BE}.Development|Any CPU.ActiveCfg = Debug|Any CPU
		{8AD0B7B7-73A4-437A-B533-1F9D5A90F2BE}.Development|Any CPU.Build.0 = Debug|Any CPU
		{8AD0B7B7-73A4-437A-B533-1F9D5A90F2BE}.Local|Any CPU.ActiveCfg = Release|Any CPU
		{8AD0B7B7-73A4-437A-B533-1F9D5A90F2BE}.Local|Any CPU.Build.0 = Release|Any CPU
		{8AD0B7B7-73A4-437A-B533-1F9D5A90F2BE}.Prod|Any CPU.ActiveCfg = Release|Any CPU
		{8AD0B7B7-73A4-437A-B533-1F9D5A90F2BE}.Prod|Any CPU.Build.0 = Release|Any CPU
		{8AD0B7B7-73A4-437A-B533-1F9D5A90F2BE}.QA|Any CPU.ActiveCfg = Release|Any CPU
		{8AD0B7B7-73A4-437A-B533-1F9D5A90F2BE}.QA|Any CPU.Build.0 = Release|Any CPU
		{8AD0B7B7-73A4-437A-B533-1F9D5A90F2BE}.Release|Any CPU.ActiveCfg = Release|Any CPU
		{8AD0B7B7-73A4-437A-B533-1F9D5A90F2BE}.Release|Any CPU.Build.0 = Release|Any CPU
		{8C1C4D44-E3C1-46CF-90A5-4E83942F330F}.Debug|Any CPU.ActiveCfg = Debug|Any CPU
		{8C1C4D44-E3C1-46CF-90A5-4E83942F330F}.Debug|Any CPU.Build.0 = Debug|Any CPU
		{8C1C4D44-E3C1-46CF-90A5-4E83942F330F}.Development|Any CPU.ActiveCfg = Debug|Any CPU
		{8C1C4D44-E3C1-46CF-90A5-4E83942F330F}.Development|Any CPU.Build.0 = Debug|Any CPU
		{8C1C4D44-E3C1-46CF-90A5-4E83942F330F}.Local|Any CPU.ActiveCfg = Release|Any CPU
		{8C1C4D44-E3C1-46CF-90A5-4E83942F330F}.Local|Any CPU.Build.0 = Release|Any CPU
		{8C1C4D44-E3C1-46CF-90A5-4E83942F330F}.Prod|Any CPU.ActiveCfg = Release|Any CPU
		{8C1C4D44-E3C1-46CF-90A5-4E83942F330F}.Prod|Any CPU.Build.0 = Release|Any CPU
		{8C1C4D44-E3C1-46CF-90A5-4E83942F330F}.QA|Any CPU.ActiveCfg = Release|Any CPU
		{8C1C4D44-E3C1-46CF-90A5-4E83942F330F}.QA|Any CPU.Build.0 = Release|Any CPU
		{8C1C4D44-E3C1-46CF-90A5-4E83942F330F}.Release|Any CPU.ActiveCfg = Release|Any CPU
		{8C1C4D44-E3C1-46CF-90A5-4E83942F330F}.Release|Any CPU.Build.0 = Release|Any CPU
		{ACA875DF-887D-4101-BBAD-5944656B7F1A}.Debug|Any CPU.ActiveCfg = Debug|Any CPU
		{ACA875DF-887D-4101-BBAD-5944656B7F1A}.Debug|Any CPU.Build.0 = Debug|Any CPU
		{ACA875DF-887D-4101-BBAD-5944656B7F1A}.Development|Any CPU.ActiveCfg = Debug|Any CPU
		{ACA875DF-887D-4101-BBAD-5944656B7F1A}.Development|Any CPU.Build.0 = Debug|Any CPU
		{ACA875DF-887D-4101-BBAD-5944656B7F1A}.Local|Any CPU.ActiveCfg = Release|Any CPU
		{ACA875DF-887D-4101-BBAD-5944656B7F1A}.Local|Any CPU.Build.0 = Release|Any CPU
		{ACA875DF-887D-4101-BBAD-5944656B7F1A}.Prod|Any CPU.ActiveCfg = Release|Any CPU
		{ACA875DF-887D-4101-BBAD-5944656B7F1A}.Prod|Any CPU.Build.0 = Release|Any CPU
		{ACA875DF-887D-4101-BBAD-5944656B7F1A}.QA|Any CPU.ActiveCfg = Release|Any CPU
		{ACA875DF-887D-4101-BBAD-5944656B7F1A}.QA|Any CPU.Build.0 = Release|Any CPU
		{ACA875DF-887D-4101-BBAD-5944656B7F1A}.Release|Any CPU.ActiveCfg = Release|Any CPU
		{ACA875DF-887D-4101-BBAD-5944656B7F1A}.Release|Any CPU.Build.0 = Release|Any CPU
		{E08C2B7A-EB11-4852-A98B-E422D6D117C6}.Debug|Any CPU.ActiveCfg = Debug|Any CPU
		{E08C2B7A-EB11-4852-A98B-E422D6D117C6}.Debug|Any CPU.Build.0 = Debug|Any CPU
		{E08C2B7A-EB11-4852-A98B-E422D6D117C6}.Development|Any CPU.ActiveCfg = Debug|Any CPU
		{E08C2B7A-EB11-4852-A98B-E422D6D117C6}.Development|Any CPU.Build.0 = Debug|Any CPU
		{E08C2B7A-EB11-4852-A98B-E422D6D117C6}.Local|Any CPU.ActiveCfg = Release|Any CPU
		{E08C2B7A-EB11-4852-A98B-E422D6D117C6}.Local|Any CPU.Build.0 = Release|Any CPU
		{E08C2B7A-EB11-4852-A98B-E422D6D117C6}.Prod|Any CPU.ActiveCfg = Release|Any CPU
		{E08C2B7A-EB11-4852-A98B-E422D6D117C6}.Prod|Any CPU.Build.0 = Release|Any CPU
		{E08C2B7A-EB11-4852-A98B-E422D6D117C6}.QA|Any CPU.ActiveCfg = Release|Any CPU
		{E08C2B7A-EB11-4852-A98B-E422D6D117C6}.QA|Any CPU.Build.0 = Release|Any CPU
		{E08C2B7A-EB11-4852-A98B-E422D6D117C6}.Release|Any CPU.ActiveCfg = Release|Any CPU
		{E08C2B7A-EB11-4852-A98B-E422D6D117C6}.Release|Any CPU.Build.0 = Release|Any CPU
		{20F9E518-2D5A-40BE-8173-753BCBF070E8}.Debug|Any CPU.ActiveCfg = Debug|Any CPU
		{20F9E518-2D5A-40BE-8173-753BCBF070E8}.Debug|Any CPU.Build.0 = Debug|Any CPU
		{20F9E518-2D5A-40BE-8173-753BCBF070E8}.Development|Any CPU.ActiveCfg = Debug|Any CPU
		{20F9E518-2D5A-40BE-8173-753BCBF070E8}.Development|Any CPU.Build.0 = Debug|Any CPU
		{20F9E518-2D5A-40BE-8173-753BCBF070E8}.Local|Any CPU.ActiveCfg = Release|Any CPU
		{20F9E518-2D5A-40BE-8173-753BCBF070E8}.Local|Any CPU.Build.0 = Release|Any CPU
		{20F9E518-2D5A-40BE-8173-753BCBF070E8}.Prod|Any CPU.ActiveCfg = Release|Any CPU
		{20F9E518-2D5A-40BE-8173-753BCBF070E8}.Prod|Any CPU.Build.0 = Release|Any CPU
		{20F9E518-2D5A-40BE-8173-753BCBF070E8}.QA|Any CPU.ActiveCfg = Release|Any CPU
		{20F9E518-2D5A-40BE-8173-753BCBF070E8}.QA|Any CPU.Build.0 = Release|Any CPU
		{20F9E518-2D5A-40BE-8173-753BCBF070E8}.Release|Any CPU.ActiveCfg = Release|Any CPU
		{20F9E518-2D5A-40BE-8173-753BCBF070E8}.Release|Any CPU.Build.0 = Release|Any CPU
		{778E7595-5DD9-498D-8BF3-C8D9DDA72DD3}.Debug|Any CPU.ActiveCfg = Debug|Any CPU
		{778E7595-5DD9-498D-8BF3-C8D9DDA72DD3}.Debug|Any CPU.Build.0 = Debug|Any CPU
		{778E7595-5DD9-498D-8BF3-C8D9DDA72DD3}.Development|Any CPU.ActiveCfg = Debug|Any CPU
		{778E7595-5DD9-498D-8BF3-C8D9DDA72DD3}.Development|Any CPU.Build.0 = Debug|Any CPU
		{778E7595-5DD9-498D-8BF3-C8D9DDA72DD3}.Local|Any CPU.ActiveCfg = Release|Any CPU
		{778E7595-5DD9-498D-8BF3-C8D9DDA72DD3}.Local|Any CPU.Build.0 = Release|Any CPU
		{778E7595-5DD9-498D-8BF3-C8D9DDA72DD3}.Prod|Any CPU.ActiveCfg = Release|Any CPU
		{778E7595-5DD9-498D-8BF3-C8D9DDA72DD3}.Prod|Any CPU.Build.0 = Release|Any CPU
		{778E7595-5DD9-498D-8BF3-C8D9DDA72DD3}.QA|Any CPU.ActiveCfg = Release|Any CPU
		{778E7595-5DD9-498D-8BF3-C8D9DDA72DD3}.QA|Any CPU.Build.0 = Release|Any CPU
		{778E7595-5DD9-498D-8BF3-C8D9DDA72DD3}.Release|Any CPU.ActiveCfg = Release|Any CPU
		{778E7595-5DD9-498D-8BF3-C8D9DDA72DD3}.Release|Any CPU.Build.0 = Release|Any CPU
		{40A3D230-59AC-448F-B365-472807705310}.Debug|Any CPU.ActiveCfg = Debug|Any CPU
		{40A3D230-59AC-448F-B365-472807705310}.Debug|Any CPU.Build.0 = Debug|Any CPU
		{40A3D230-59AC-448F-B365-472807705310}.Development|Any CPU.ActiveCfg = Debug|Any CPU
		{40A3D230-59AC-448F-B365-472807705310}.Development|Any CPU.Build.0 = Debug|Any CPU
		{40A3D230-59AC-448F-B365-472807705310}.Local|Any CPU.ActiveCfg = Release|Any CPU
		{40A3D230-59AC-448F-B365-472807705310}.Local|Any CPU.Build.0 = Release|Any CPU
		{40A3D230-59AC-448F-B365-472807705310}.Prod|Any CPU.ActiveCfg = Release|Any CPU
		{40A3D230-59AC-448F-B365-472807705310}.Prod|Any CPU.Build.0 = Release|Any CPU
		{40A3D230-59AC-448F-B365-472807705310}.QA|Any CPU.ActiveCfg = Release|Any CPU
		{40A3D230-59AC-448F-B365-472807705310}.QA|Any CPU.Build.0 = Release|Any CPU
		{40A3D230-59AC-448F-B365-472807705310}.Release|Any CPU.ActiveCfg = Release|Any CPU
		{40A3D230-59AC-448F-B365-472807705310}.Release|Any CPU.Build.0 = Release|Any CPU
		{6DEFD456-445C-475A-AF97-09D2EF5AAA04}.Debug|Any CPU.ActiveCfg = Debug|Any CPU
		{6DEFD456-445C-475A-AF97-09D2EF5AAA04}.Debug|Any CPU.Build.0 = Debug|Any CPU
		{6DEFD456-445C-475A-AF97-09D2EF5AAA04}.Development|Any CPU.ActiveCfg = Debug|Any CPU
		{6DEFD456-445C-475A-AF97-09D2EF5AAA04}.Development|Any CPU.Build.0 = Debug|Any CPU
		{6DEFD456-445C-475A-AF97-09D2EF5AAA04}.Local|Any CPU.ActiveCfg = Release|Any CPU
		{6DEFD456-445C-475A-AF97-09D2EF5AAA04}.Local|Any CPU.Build.0 = Release|Any CPU
		{6DEFD456-445C-475A-AF97-09D2EF5AAA04}.Prod|Any CPU.ActiveCfg = Release|Any CPU
		{6DEFD456-445C-475A-AF97-09D2EF5AAA04}.Prod|Any CPU.Build.0 = Release|Any CPU
		{6DEFD456-445C-475A-AF97-09D2EF5AAA04}.QA|Any CPU.ActiveCfg = Release|Any CPU
		{6DEFD456-445C-475A-AF97-09D2EF5AAA04}.QA|Any CPU.Build.0 = Release|Any CPU
		{6DEFD456-445C-475A-AF97-09D2EF5AAA04}.Release|Any CPU.ActiveCfg = Release|Any CPU
		{6DEFD456-445C-475A-AF97-09D2EF5AAA04}.Release|Any CPU.Build.0 = Release|Any CPU
		{63B4326C-31F4-4C42-9110-A1D51DC4DDE6}.Debug|Any CPU.ActiveCfg = Debug|Any CPU
		{63B4326C-31F4-4C42-9110-A1D51DC4DDE6}.Debug|Any CPU.Build.0 = Debug|Any CPU
		{63B4326C-31F4-4C42-9110-A1D51DC4DDE6}.Development|Any CPU.ActiveCfg = Debug|Any CPU
		{63B4326C-31F4-4C42-9110-A1D51DC4DDE6}.Development|Any CPU.Build.0 = Debug|Any CPU
		{63B4326C-31F4-4C42-9110-A1D51DC4DDE6}.Local|Any CPU.ActiveCfg = Local|Any CPU
		{63B4326C-31F4-4C42-9110-A1D51DC4DDE6}.Local|Any CPU.Build.0 = Local|Any CPU
		{63B4326C-31F4-4C42-9110-A1D51DC4DDE6}.Prod|Any CPU.ActiveCfg = Prod|Any CPU
		{63B4326C-31F4-4C42-9110-A1D51DC4DDE6}.Prod|Any CPU.Build.0 = Prod|Any CPU
		{63B4326C-31F4-4C42-9110-A1D51DC4DDE6}.QA|Any CPU.ActiveCfg = QA|Any CPU
		{63B4326C-31F4-4C42-9110-A1D51DC4DDE6}.QA|Any CPU.Build.0 = QA|Any CPU
		{63B4326C-31F4-4C42-9110-A1D51DC4DDE6}.Release|Any CPU.ActiveCfg = Release|Any CPU
		{63B4326C-31F4-4C42-9110-A1D51DC4DDE6}.Release|Any CPU.Build.0 = Release|Any CPU
		{F17A88C4-2FA5-4312-9AA7-D674A24221A8}.Debug|Any CPU.ActiveCfg = Debug|Any CPU
		{F17A88C4-2FA5-4312-9AA7-D674A24221A8}.Debug|Any CPU.Build.0 = Debug|Any CPU
		{F17A88C4-2FA5-4312-9AA7-D674A24221A8}.Development|Any CPU.ActiveCfg = Debug|Any CPU
		{F17A88C4-2FA5-4312-9AA7-D674A24221A8}.Development|Any CPU.Build.0 = Debug|Any CPU
		{F17A88C4-2FA5-4312-9AA7-D674A24221A8}.Local|Any CPU.ActiveCfg = Local|Any CPU
		{F17A88C4-2FA5-4312-9AA7-D674A24221A8}.Local|Any CPU.Build.0 = Local|Any CPU
		{F17A88C4-2FA5-4312-9AA7-D674A24221A8}.Prod|Any CPU.ActiveCfg = Prod|Any CPU
		{F17A88C4-2FA5-4312-9AA7-D674A24221A8}.Prod|Any CPU.Build.0 = Prod|Any CPU
		{F17A88C4-2FA5-4312-9AA7-D674A24221A8}.QA|Any CPU.ActiveCfg = QA|Any CPU
		{F17A88C4-2FA5-4312-9AA7-D674A24221A8}.QA|Any CPU.Build.0 = QA|Any CPU
		{F17A88C4-2FA5-4312-9AA7-D674A24221A8}.Release|Any CPU.ActiveCfg = Release|Any CPU
		{F17A88C4-2FA5-4312-9AA7-D674A24221A8}.Release|Any CPU.Build.0 = Release|Any CPU
		{276D7C85-8A9C-4685-8B6C-92911E5E598A}.Debug|Any CPU.ActiveCfg = Debug|Any CPU
		{276D7C85-8A9C-4685-8B6C-92911E5E598A}.Development|Any CPU.ActiveCfg = Debug|Any CPU
		{276D7C85-8A9C-4685-8B6C-92911E5E598A}.Development|Any CPU.Build.0 = Debug|Any CPU
		{276D7C85-8A9C-4685-8B6C-92911E5E598A}.Development|Any CPU.Deploy.0 = Debug|Any CPU
		{276D7C85-8A9C-4685-8B6C-92911E5E598A}.Local|Any CPU.ActiveCfg = Debug|Any CPU
		{276D7C85-8A9C-4685-8B6C-92911E5E598A}.Local|Any CPU.Build.0 = Debug|Any CPU
		{276D7C85-8A9C-4685-8B6C-92911E5E598A}.Local|Any CPU.Deploy.0 = Debug|Any CPU
		{276D7C85-8A9C-4685-8B6C-92911E5E598A}.Prod|Any CPU.ActiveCfg = Debug|Any CPU
		{276D7C85-8A9C-4685-8B6C-92911E5E598A}.Prod|Any CPU.Build.0 = Debug|Any CPU
		{276D7C85-8A9C-4685-8B6C-92911E5E598A}.Prod|Any CPU.Deploy.0 = Debug|Any CPU
		{276D7C85-8A9C-4685-8B6C-92911E5E598A}.QA|Any CPU.ActiveCfg = Debug|Any CPU
		{276D7C85-8A9C-4685-8B6C-92911E5E598A}.QA|Any CPU.Build.0 = Debug|Any CPU
		{276D7C85-8A9C-4685-8B6C-92911E5E598A}.QA|Any CPU.Deploy.0 = Debug|Any CPU
		{276D7C85-8A9C-4685-8B6C-92911E5E598A}.Release|Any CPU.ActiveCfg = Release|Any CPU
		{276D7C85-8A9C-4685-8B6C-92911E5E598A}.Release|Any CPU.Build.0 = Release|Any CPU
		{276D7C85-8A9C-4685-8B6C-92911E5E598A}.Release|Any CPU.Deploy.0 = Release|Any CPU
		{1A764A0C-7DE0-41C3-9DDA-A4AA1145EB60}.Debug|Any CPU.ActiveCfg = Debug|Any CPU
		{1A764A0C-7DE0-41C3-9DDA-A4AA1145EB60}.Debug|Any CPU.Build.0 = Debug|Any CPU
		{1A764A0C-7DE0-41C3-9DDA-A4AA1145EB60}.Development|Any CPU.ActiveCfg = Debug|Any CPU
		{1A764A0C-7DE0-41C3-9DDA-A4AA1145EB60}.Development|Any CPU.Build.0 = Debug|Any CPU
		{1A764A0C-7DE0-41C3-9DDA-A4AA1145EB60}.Local|Any CPU.ActiveCfg = Release|Any CPU
		{1A764A0C-7DE0-41C3-9DDA-A4AA1145EB60}.Local|Any CPU.Build.0 = Release|Any CPU
		{1A764A0C-7DE0-41C3-9DDA-A4AA1145EB60}.Prod|Any CPU.ActiveCfg = Release|Any CPU
		{1A764A0C-7DE0-41C3-9DDA-A4AA1145EB60}.Prod|Any CPU.Build.0 = Release|Any CPU
		{1A764A0C-7DE0-41C3-9DDA-A4AA1145EB60}.QA|Any CPU.ActiveCfg = Release|Any CPU
		{1A764A0C-7DE0-41C3-9DDA-A4AA1145EB60}.QA|Any CPU.Build.0 = Release|Any CPU
		{1A764A0C-7DE0-41C3-9DDA-A4AA1145EB60}.Release|Any CPU.ActiveCfg = Release|Any CPU
		{1A764A0C-7DE0-41C3-9DDA-A4AA1145EB60}.Release|Any CPU.Build.0 = Release|Any CPU
		{6F2A8065-1F79-4644-BB02-2BAB8BB4329D}.Debug|Any CPU.ActiveCfg = Debug|Any CPU
		{6F2A8065-1F79-4644-BB02-2BAB8BB4329D}.Debug|Any CPU.Build.0 = Debug|Any CPU
		{6F2A8065-1F79-4644-BB02-2BAB8BB4329D}.Development|Any CPU.ActiveCfg = Debug|Any CPU
		{6F2A8065-1F79-4644-BB02-2BAB8BB4329D}.Development|Any CPU.Build.0 = Debug|Any CPU
		{6F2A8065-1F79-4644-BB02-2BAB8BB4329D}.Local|Any CPU.ActiveCfg = Release|Any CPU
		{6F2A8065-1F79-4644-BB02-2BAB8BB4329D}.Local|Any CPU.Build.0 = Release|Any CPU
		{6F2A8065-1F79-4644-BB02-2BAB8BB4329D}.Prod|Any CPU.ActiveCfg = Release|Any CPU
		{6F2A8065-1F79-4644-BB02-2BAB8BB4329D}.Prod|Any CPU.Build.0 = Release|Any CPU
		{6F2A8065-1F79-4644-BB02-2BAB8BB4329D}.QA|Any CPU.ActiveCfg = Release|Any CPU
		{6F2A8065-1F79-4644-BB02-2BAB8BB4329D}.QA|Any CPU.Build.0 = Release|Any CPU
		{6F2A8065-1F79-4644-BB02-2BAB8BB4329D}.Release|Any CPU.ActiveCfg = Release|Any CPU
		{6F2A8065-1F79-4644-BB02-2BAB8BB4329D}.Release|Any CPU.Build.0 = Release|Any CPU
		{9B93F15D-BFA2-4432-9819-F5B4B501515E}.Debug|Any CPU.ActiveCfg = Debug|Any CPU
		{9B93F15D-BFA2-4432-9819-F5B4B501515E}.Debug|Any CPU.Build.0 = Debug|Any CPU
		{9B93F15D-BFA2-4432-9819-F5B4B501515E}.Development|Any CPU.ActiveCfg = Debug|Any CPU
		{9B93F15D-BFA2-4432-9819-F5B4B501515E}.Development|Any CPU.Build.0 = Debug|Any CPU
		{9B93F15D-BFA2-4432-9819-F5B4B501515E}.Local|Any CPU.ActiveCfg = Release|Any CPU
		{9B93F15D-BFA2-4432-9819-F5B4B501515E}.Local|Any CPU.Build.0 = Release|Any CPU
		{9B93F15D-BFA2-4432-9819-F5B4B501515E}.Prod|Any CPU.ActiveCfg = Release|Any CPU
		{9B93F15D-BFA2-4432-9819-F5B4B501515E}.Prod|Any CPU.Build.0 = Release|Any CPU
		{9B93F15D-BFA2-4432-9819-F5B4B501515E}.QA|Any CPU.ActiveCfg = Release|Any CPU
		{9B93F15D-BFA2-4432-9819-F5B4B501515E}.QA|Any CPU.Build.0 = Release|Any CPU
		{9B93F15D-BFA2-4432-9819-F5B4B501515E}.Release|Any CPU.ActiveCfg = Release|Any CPU
		{9B93F15D-BFA2-4432-9819-F5B4B501515E}.Release|Any CPU.Build.0 = Release|Any CPU
		{69F494AE-7A74-44E3-8039-DE2B5BEE773B}.Debug|Any CPU.ActiveCfg = Debug|Any CPU
		{69F494AE-7A74-44E3-8039-DE2B5BEE773B}.Debug|Any CPU.Build.0 = Debug|Any CPU
		{69F494AE-7A74-44E3-8039-DE2B5BEE773B}.Development|Any CPU.ActiveCfg = Debug|Any CPU
		{69F494AE-7A74-44E3-8039-DE2B5BEE773B}.Development|Any CPU.Build.0 = Debug|Any CPU
		{69F494AE-7A74-44E3-8039-DE2B5BEE773B}.Local|Any CPU.ActiveCfg = Release|Any CPU
		{69F494AE-7A74-44E3-8039-DE2B5BEE773B}.Local|Any CPU.Build.0 = Release|Any CPU
		{69F494AE-7A74-44E3-8039-DE2B5BEE773B}.Prod|Any CPU.ActiveCfg = Release|Any CPU
		{69F494AE-7A74-44E3-8039-DE2B5BEE773B}.Prod|Any CPU.Build.0 = Release|Any CPU
		{69F494AE-7A74-44E3-8039-DE2B5BEE773B}.QA|Any CPU.ActiveCfg = Release|Any CPU
		{69F494AE-7A74-44E3-8039-DE2B5BEE773B}.QA|Any CPU.Build.0 = Release|Any CPU
		{69F494AE-7A74-44E3-8039-DE2B5BEE773B}.Release|Any CPU.ActiveCfg = Release|Any CPU
		{69F494AE-7A74-44E3-8039-DE2B5BEE773B}.Release|Any CPU.Build.0 = Release|Any CPU
		{A0803DC4-88C9-4F0B-B567-2EA5504E5F47}.Debug|Any CPU.ActiveCfg = Debug|Any CPU
		{A0803DC4-88C9-4F0B-B567-2EA5504E5F47}.Debug|Any CPU.Build.0 = Debug|Any CPU
		{A0803DC4-88C9-4F0B-B567-2EA5504E5F47}.Development|Any CPU.ActiveCfg = Debug|Any CPU
		{A0803DC4-88C9-4F0B-B567-2EA5504E5F47}.Development|Any CPU.Build.0 = Debug|Any CPU
		{A0803DC4-88C9-4F0B-B567-2EA5504E5F47}.Local|Any CPU.ActiveCfg = Local|Any CPU
		{A0803DC4-88C9-4F0B-B567-2EA5504E5F47}.Local|Any CPU.Build.0 = Local|Any CPU
		{A0803DC4-88C9-4F0B-B567-2EA5504E5F47}.Prod|Any CPU.ActiveCfg = Prod|Any CPU
		{A0803DC4-88C9-4F0B-B567-2EA5504E5F47}.Prod|Any CPU.Build.0 = Prod|Any CPU
		{A0803DC4-88C9-4F0B-B567-2EA5504E5F47}.QA|Any CPU.ActiveCfg = QA|Any CPU
		{A0803DC4-88C9-4F0B-B567-2EA5504E5F47}.QA|Any CPU.Build.0 = QA|Any CPU
		{A0803DC4-88C9-4F0B-B567-2EA5504E5F47}.Release|Any CPU.ActiveCfg = Release|Any CPU
		{A0803DC4-88C9-4F0B-B567-2EA5504E5F47}.Release|Any CPU.Build.0 = Release|Any CPU
		{1BCE78E7-DD4D-48BC-85C3-D77FCE995528}.Debug|Any CPU.ActiveCfg = Debug|Any CPU
		{1BCE78E7-DD4D-48BC-85C3-D77FCE995528}.Debug|Any CPU.Build.0 = Debug|Any CPU
		{1BCE78E7-DD4D-48BC-85C3-D77FCE995528}.Development|Any CPU.ActiveCfg = Debug|Any CPU
		{1BCE78E7-DD4D-48BC-85C3-D77FCE995528}.Development|Any CPU.Build.0 = Debug|Any CPU
		{1BCE78E7-DD4D-48BC-85C3-D77FCE995528}.Local|Any CPU.ActiveCfg = Local|Any CPU
		{1BCE78E7-DD4D-48BC-85C3-D77FCE995528}.Local|Any CPU.Build.0 = Local|Any CPU
		{1BCE78E7-DD4D-48BC-85C3-D77FCE995528}.Prod|Any CPU.ActiveCfg = Prod|Any CPU
		{1BCE78E7-DD4D-48BC-85C3-D77FCE995528}.Prod|Any CPU.Build.0 = Prod|Any CPU
		{1BCE78E7-DD4D-48BC-85C3-D77FCE995528}.QA|Any CPU.ActiveCfg = QA|Any CPU
		{1BCE78E7-DD4D-48BC-85C3-D77FCE995528}.QA|Any CPU.Build.0 = QA|Any CPU
		{1BCE78E7-DD4D-48BC-85C3-D77FCE995528}.Release|Any CPU.ActiveCfg = Release|Any CPU
		{1BCE78E7-DD4D-48BC-85C3-D77FCE995528}.Release|Any CPU.Build.0 = Release|Any CPU
		{7263EAE9-9653-42C2-9C0F-7B28B7EA9FE8}.Debug|Any CPU.ActiveCfg = Debug|Any CPU
		{7263EAE9-9653-42C2-9C0F-7B28B7EA9FE8}.Debug|Any CPU.Build.0 = Debug|Any CPU
		{7263EAE9-9653-42C2-9C0F-7B28B7EA9FE8}.Development|Any CPU.ActiveCfg = Debug|Any CPU
		{7263EAE9-9653-42C2-9C0F-7B28B7EA9FE8}.Development|Any CPU.Build.0 = Debug|Any CPU
		{7263EAE9-9653-42C2-9C0F-7B28B7EA9FE8}.Local|Any CPU.ActiveCfg = Release|Any CPU
		{7263EAE9-9653-42C2-9C0F-7B28B7EA9FE8}.Local|Any CPU.Build.0 = Release|Any CPU
		{7263EAE9-9653-42C2-9C0F-7B28B7EA9FE8}.Prod|Any CPU.ActiveCfg = Release|Any CPU
		{7263EAE9-9653-42C2-9C0F-7B28B7EA9FE8}.Prod|Any CPU.Build.0 = Release|Any CPU
		{7263EAE9-9653-42C2-9C0F-7B28B7EA9FE8}.QA|Any CPU.ActiveCfg = Release|Any CPU
		{7263EAE9-9653-42C2-9C0F-7B28B7EA9FE8}.QA|Any CPU.Build.0 = Release|Any CPU
		{7263EAE9-9653-42C2-9C0F-7B28B7EA9FE8}.Release|Any CPU.ActiveCfg = Release|Any CPU
		{7263EAE9-9653-42C2-9C0F-7B28B7EA9FE8}.Release|Any CPU.Build.0 = Release|Any CPU
		{FD4C7D87-F2E9-4ED1-8AD2-697272087751}.Debug|Any CPU.ActiveCfg = Debug|Any CPU
		{FD4C7D87-F2E9-4ED1-8AD2-697272087751}.Debug|Any CPU.Build.0 = Debug|Any CPU
		{FD4C7D87-F2E9-4ED1-8AD2-697272087751}.Development|Any CPU.ActiveCfg = Debug|Any CPU
		{FD4C7D87-F2E9-4ED1-8AD2-697272087751}.Development|Any CPU.Build.0 = Debug|Any CPU
		{FD4C7D87-F2E9-4ED1-8AD2-697272087751}.Local|Any CPU.ActiveCfg = Release|Any CPU
		{FD4C7D87-F2E9-4ED1-8AD2-697272087751}.Local|Any CPU.Build.0 = Release|Any CPU
		{FD4C7D87-F2E9-4ED1-8AD2-697272087751}.Prod|Any CPU.ActiveCfg = Release|Any CPU
		{FD4C7D87-F2E9-4ED1-8AD2-697272087751}.Prod|Any CPU.Build.0 = Release|Any CPU
		{FD4C7D87-F2E9-4ED1-8AD2-697272087751}.QA|Any CPU.ActiveCfg = Release|Any CPU
		{FD4C7D87-F2E9-4ED1-8AD2-697272087751}.QA|Any CPU.Build.0 = Release|Any CPU
		{FD4C7D87-F2E9-4ED1-8AD2-697272087751}.Release|Any CPU.ActiveCfg = Release|Any CPU
		{FD4C7D87-F2E9-4ED1-8AD2-697272087751}.Release|Any CPU.Build.0 = Release|Any CPU
		{35BFA735-52D0-4D62-9DB4-FFB654ABA470}.Debug|Any CPU.ActiveCfg = Debug|Any CPU
		{35BFA735-52D0-4D62-9DB4-FFB654ABA470}.Debug|Any CPU.Build.0 = Debug|Any CPU
		{35BFA735-52D0-4D62-9DB4-FFB654ABA470}.Development|Any CPU.ActiveCfg = Debug|Any CPU
		{35BFA735-52D0-4D62-9DB4-FFB654ABA470}.Development|Any CPU.Build.0 = Debug|Any CPU
		{35BFA735-52D0-4D62-9DB4-FFB654ABA470}.Local|Any CPU.ActiveCfg = Release|Any CPU
		{35BFA735-52D0-4D62-9DB4-FFB654ABA470}.Local|Any CPU.Build.0 = Release|Any CPU
		{35BFA735-52D0-4D62-9DB4-FFB654ABA470}.Prod|Any CPU.ActiveCfg = Release|Any CPU
		{35BFA735-52D0-4D62-9DB4-FFB654ABA470}.Prod|Any CPU.Build.0 = Release|Any CPU
		{35BFA735-52D0-4D62-9DB4-FFB654ABA470}.QA|Any CPU.ActiveCfg = Release|Any CPU
		{35BFA735-52D0-4D62-9DB4-FFB654ABA470}.QA|Any CPU.Build.0 = Release|Any CPU
		{35BFA735-52D0-4D62-9DB4-FFB654ABA470}.Release|Any CPU.ActiveCfg = Release|Any CPU
		{35BFA735-52D0-4D62-9DB4-FFB654ABA470}.Release|Any CPU.Build.0 = Release|Any CPU
		{347570D6-A43F-4E0A-AC0D-E1D48D2308C6}.Debug|Any CPU.ActiveCfg = Debug|Any CPU
		{347570D6-A43F-4E0A-AC0D-E1D48D2308C6}.Debug|Any CPU.Build.0 = Debug|Any CPU
		{347570D6-A43F-4E0A-AC0D-E1D48D2308C6}.Development|Any CPU.ActiveCfg = Debug|Any CPU
		{347570D6-A43F-4E0A-AC0D-E1D48D2308C6}.Development|Any CPU.Build.0 = Debug|Any CPU
		{347570D6-A43F-4E0A-AC0D-E1D48D2308C6}.Local|Any CPU.ActiveCfg = Release|Any CPU
		{347570D6-A43F-4E0A-AC0D-E1D48D2308C6}.Local|Any CPU.Build.0 = Release|Any CPU
		{347570D6-A43F-4E0A-AC0D-E1D48D2308C6}.Prod|Any CPU.ActiveCfg = Release|Any CPU
		{347570D6-A43F-4E0A-AC0D-E1D48D2308C6}.Prod|Any CPU.Build.0 = Release|Any CPU
		{347570D6-A43F-4E0A-AC0D-E1D48D2308C6}.QA|Any CPU.ActiveCfg = Release|Any CPU
		{347570D6-A43F-4E0A-AC0D-E1D48D2308C6}.QA|Any CPU.Build.0 = Release|Any CPU
		{347570D6-A43F-4E0A-AC0D-E1D48D2308C6}.Release|Any CPU.ActiveCfg = Release|Any CPU
		{347570D6-A43F-4E0A-AC0D-E1D48D2308C6}.Release|Any CPU.Build.0 = Release|Any CPU
		{3B505AE1-FD1C-429A-A534-81AE42F7CCC5}.Debug|Any CPU.ActiveCfg = Debug|Any CPU
		{3B505AE1-FD1C-429A-A534-81AE42F7CCC5}.Debug|Any CPU.Build.0 = Debug|Any CPU
		{3B505AE1-FD1C-429A-A534-81AE42F7CCC5}.Development|Any CPU.ActiveCfg = Debug|Any CPU
		{3B505AE1-FD1C-429A-A534-81AE42F7CCC5}.Development|Any CPU.Build.0 = Debug|Any CPU
		{3B505AE1-FD1C-429A-A534-81AE42F7CCC5}.Local|Any CPU.ActiveCfg = Local|Any CPU
		{3B505AE1-FD1C-429A-A534-81AE42F7CCC5}.Local|Any CPU.Build.0 = Local|Any CPU
		{3B505AE1-FD1C-429A-A534-81AE42F7CCC5}.Prod|Any CPU.ActiveCfg = Prod|Any CPU
		{3B505AE1-FD1C-429A-A534-81AE42F7CCC5}.Prod|Any CPU.Build.0 = Prod|Any CPU
		{3B505AE1-FD1C-429A-A534-81AE42F7CCC5}.QA|Any CPU.ActiveCfg = QA|Any CPU
		{3B505AE1-FD1C-429A-A534-81AE42F7CCC5}.QA|Any CPU.Build.0 = QA|Any CPU
		{3B505AE1-FD1C-429A-A534-81AE42F7CCC5}.Release|Any CPU.ActiveCfg = Release|Any CPU
		{3B505AE1-FD1C-429A-A534-81AE42F7CCC5}.Release|Any CPU.Build.0 = Release|Any CPU
		{AC8C6FE6-4F0B-4B2B-A8F2-1DFE658B01DD}.Debug|Any CPU.ActiveCfg = Debug|Any CPU
		{AC8C6FE6-4F0B-4B2B-A8F2-1DFE658B01DD}.Debug|Any CPU.Build.0 = Debug|Any CPU
		{AC8C6FE6-4F0B-4B2B-A8F2-1DFE658B01DD}.Development|Any CPU.ActiveCfg = Debug|Any CPU
		{AC8C6FE6-4F0B-4B2B-A8F2-1DFE658B01DD}.Development|Any CPU.Build.0 = Debug|Any CPU
		{AC8C6FE6-4F0B-4B2B-A8F2-1DFE658B01DD}.Local|Any CPU.ActiveCfg = Local|Any CPU
		{AC8C6FE6-4F0B-4B2B-A8F2-1DFE658B01DD}.Local|Any CPU.Build.0 = Local|Any CPU
		{AC8C6FE6-4F0B-4B2B-A8F2-1DFE658B01DD}.Prod|Any CPU.ActiveCfg = Prod|Any CPU
		{AC8C6FE6-4F0B-4B2B-A8F2-1DFE658B01DD}.Prod|Any CPU.Build.0 = Prod|Any CPU
		{AC8C6FE6-4F0B-4B2B-A8F2-1DFE658B01DD}.QA|Any CPU.ActiveCfg = QA|Any CPU
		{AC8C6FE6-4F0B-4B2B-A8F2-1DFE658B01DD}.QA|Any CPU.Build.0 = QA|Any CPU
		{AC8C6FE6-4F0B-4B2B-A8F2-1DFE658B01DD}.Release|Any CPU.ActiveCfg = Release|Any CPU
		{AC8C6FE6-4F0B-4B2B-A8F2-1DFE658B01DD}.Release|Any CPU.Build.0 = Release|Any CPU
		{16111979-B9E1-40B4-BD6E-8DA9AE099186}.Debug|Any CPU.ActiveCfg = Debug|Any CPU
		{16111979-B9E1-40B4-BD6E-8DA9AE099186}.Debug|Any CPU.Build.0 = Debug|Any CPU
		{16111979-B9E1-40B4-BD6E-8DA9AE099186}.Development|Any CPU.ActiveCfg = Debug|Any CPU
		{16111979-B9E1-40B4-BD6E-8DA9AE099186}.Development|Any CPU.Build.0 = Debug|Any CPU
		{16111979-B9E1-40B4-BD6E-8DA9AE099186}.Local|Any CPU.ActiveCfg = Release|Any CPU
		{16111979-B9E1-40B4-BD6E-8DA9AE099186}.Local|Any CPU.Build.0 = Release|Any CPU
		{16111979-B9E1-40B4-BD6E-8DA9AE099186}.Prod|Any CPU.ActiveCfg = Release|Any CPU
		{16111979-B9E1-40B4-BD6E-8DA9AE099186}.Prod|Any CPU.Build.0 = Release|Any CPU
		{16111979-B9E1-40B4-BD6E-8DA9AE099186}.QA|Any CPU.ActiveCfg = Release|Any CPU
		{16111979-B9E1-40B4-BD6E-8DA9AE099186}.QA|Any CPU.Build.0 = Release|Any CPU
		{16111979-B9E1-40B4-BD6E-8DA9AE099186}.Release|Any CPU.ActiveCfg = Release|Any CPU
		{16111979-B9E1-40B4-BD6E-8DA9AE099186}.Release|Any CPU.Build.0 = Release|Any CPU
		{8DAC5585-9B7B-4325-A61F-8F9B19BC97E9}.Debug|Any CPU.ActiveCfg = Debug|Any CPU
		{8DAC5585-9B7B-4325-A61F-8F9B19BC97E9}.Debug|Any CPU.Build.0 = Debug|Any CPU
		{8DAC5585-9B7B-4325-A61F-8F9B19BC97E9}.Development|Any CPU.ActiveCfg = Debug|Any CPU
		{8DAC5585-9B7B-4325-A61F-8F9B19BC97E9}.Development|Any CPU.Build.0 = Debug|Any CPU
		{8DAC5585-9B7B-4325-A61F-8F9B19BC97E9}.Local|Any CPU.ActiveCfg = Release|Any CPU
		{8DAC5585-9B7B-4325-A61F-8F9B19BC97E9}.Local|Any CPU.Build.0 = Release|Any CPU
		{8DAC5585-9B7B-4325-A61F-8F9B19BC97E9}.Prod|Any CPU.ActiveCfg = Release|Any CPU
		{8DAC5585-9B7B-4325-A61F-8F9B19BC97E9}.Prod|Any CPU.Build.0 = Release|Any CPU
		{8DAC5585-9B7B-4325-A61F-8F9B19BC97E9}.QA|Any CPU.ActiveCfg = Release|Any CPU
		{8DAC5585-9B7B-4325-A61F-8F9B19BC97E9}.QA|Any CPU.Build.0 = Release|Any CPU
		{8DAC5585-9B7B-4325-A61F-8F9B19BC97E9}.Release|Any CPU.ActiveCfg = Release|Any CPU
		{8DAC5585-9B7B-4325-A61F-8F9B19BC97E9}.Release|Any CPU.Build.0 = Release|Any CPU
		{7BCA44B9-9740-43EA-B43A-9AF0145DABA1}.Debug|Any CPU.ActiveCfg = Debug|Any CPU
		{7BCA44B9-9740-43EA-B43A-9AF0145DABA1}.Debug|Any CPU.Build.0 = Debug|Any CPU
		{7BCA44B9-9740-43EA-B43A-9AF0145DABA1}.Development|Any CPU.ActiveCfg = Debug|Any CPU
		{7BCA44B9-9740-43EA-B43A-9AF0145DABA1}.Development|Any CPU.Build.0 = Debug|Any CPU
		{7BCA44B9-9740-43EA-B43A-9AF0145DABA1}.Local|Any CPU.ActiveCfg = Release|Any CPU
		{7BCA44B9-9740-43EA-B43A-9AF0145DABA1}.Local|Any CPU.Build.0 = Release|Any CPU
		{7BCA44B9-9740-43EA-B43A-9AF0145DABA1}.Prod|Any CPU.ActiveCfg = Release|Any CPU
		{7BCA44B9-9740-43EA-B43A-9AF0145DABA1}.Prod|Any CPU.Build.0 = Release|Any CPU
		{7BCA44B9-9740-43EA-B43A-9AF0145DABA1}.QA|Any CPU.ActiveCfg = Release|Any CPU
		{7BCA44B9-9740-43EA-B43A-9AF0145DABA1}.QA|Any CPU.Build.0 = Release|Any CPU
		{7BCA44B9-9740-43EA-B43A-9AF0145DABA1}.Release|Any CPU.ActiveCfg = Release|Any CPU
		{7BCA44B9-9740-43EA-B43A-9AF0145DABA1}.Release|Any CPU.Build.0 = Release|Any CPU
		{65C7C665-2088-4291-AB27-AADBED47E370}.Debug|Any CPU.ActiveCfg = Debug|Any CPU
		{65C7C665-2088-4291-AB27-AADBED47E370}.Debug|Any CPU.Build.0 = Debug|Any CPU
		{65C7C665-2088-4291-AB27-AADBED47E370}.Development|Any CPU.ActiveCfg = Debug|Any CPU
		{65C7C665-2088-4291-AB27-AADBED47E370}.Development|Any CPU.Build.0 = Debug|Any CPU
		{65C7C665-2088-4291-AB27-AADBED47E370}.Local|Any CPU.ActiveCfg = Release|Any CPU
		{65C7C665-2088-4291-AB27-AADBED47E370}.Local|Any CPU.Build.0 = Release|Any CPU
		{65C7C665-2088-4291-AB27-AADBED47E370}.Prod|Any CPU.ActiveCfg = Release|Any CPU
		{65C7C665-2088-4291-AB27-AADBED47E370}.Prod|Any CPU.Build.0 = Release|Any CPU
		{65C7C665-2088-4291-AB27-AADBED47E370}.QA|Any CPU.ActiveCfg = Release|Any CPU
		{65C7C665-2088-4291-AB27-AADBED47E370}.QA|Any CPU.Build.0 = Release|Any CPU
		{65C7C665-2088-4291-AB27-AADBED47E370}.Release|Any CPU.ActiveCfg = Release|Any CPU
		{65C7C665-2088-4291-AB27-AADBED47E370}.Release|Any CPU.Build.0 = Release|Any CPU
		{56F23CC9-F959-4A5E-B2B4-659D90489E04}.Debug|Any CPU.ActiveCfg = Debug|Any CPU
		{56F23CC9-F959-4A5E-B2B4-659D90489E04}.Debug|Any CPU.Build.0 = Debug|Any CPU
		{56F23CC9-F959-4A5E-B2B4-659D90489E04}.Development|Any CPU.ActiveCfg = Debug|Any CPU
		{56F23CC9-F959-4A5E-B2B4-659D90489E04}.Development|Any CPU.Build.0 = Debug|Any CPU
		{56F23CC9-F959-4A5E-B2B4-659D90489E04}.Local|Any CPU.ActiveCfg = Release|Any CPU
		{56F23CC9-F959-4A5E-B2B4-659D90489E04}.Local|Any CPU.Build.0 = Release|Any CPU
		{56F23CC9-F959-4A5E-B2B4-659D90489E04}.Prod|Any CPU.ActiveCfg = Release|Any CPU
		{56F23CC9-F959-4A5E-B2B4-659D90489E04}.Prod|Any CPU.Build.0 = Release|Any CPU
		{56F23CC9-F959-4A5E-B2B4-659D90489E04}.QA|Any CPU.ActiveCfg = Release|Any CPU
		{56F23CC9-F959-4A5E-B2B4-659D90489E04}.QA|Any CPU.Build.0 = Release|Any CPU
		{56F23CC9-F959-4A5E-B2B4-659D90489E04}.Release|Any CPU.ActiveCfg = Release|Any CPU
		{56F23CC9-F959-4A5E-B2B4-659D90489E04}.Release|Any CPU.Build.0 = Release|Any CPU
		{C4781235-EAEB-4B7C-AC64-97D51F2A88EF}.Debug|Any CPU.ActiveCfg = Debug|Any CPU
		{C4781235-EAEB-4B7C-AC64-97D51F2A88EF}.Debug|Any CPU.Build.0 = Debug|Any CPU
		{C4781235-EAEB-4B7C-AC64-97D51F2A88EF}.Development|Any CPU.ActiveCfg = Debug|Any CPU
		{C4781235-EAEB-4B7C-AC64-97D51F2A88EF}.Development|Any CPU.Build.0 = Debug|Any CPU
		{C4781235-EAEB-4B7C-AC64-97D51F2A88EF}.Local|Any CPU.ActiveCfg = Release|Any CPU
		{C4781235-EAEB-4B7C-AC64-97D51F2A88EF}.Local|Any CPU.Build.0 = Release|Any CPU
		{C4781235-EAEB-4B7C-AC64-97D51F2A88EF}.Prod|Any CPU.ActiveCfg = Release|Any CPU
		{C4781235-EAEB-4B7C-AC64-97D51F2A88EF}.Prod|Any CPU.Build.0 = Release|Any CPU
		{C4781235-EAEB-4B7C-AC64-97D51F2A88EF}.QA|Any CPU.ActiveCfg = Release|Any CPU
		{C4781235-EAEB-4B7C-AC64-97D51F2A88EF}.QA|Any CPU.Build.0 = Release|Any CPU
		{C4781235-EAEB-4B7C-AC64-97D51F2A88EF}.Release|Any CPU.ActiveCfg = Release|Any CPU
		{C4781235-EAEB-4B7C-AC64-97D51F2A88EF}.Release|Any CPU.Build.0 = Release|Any CPU
		{1E1B39DF-7D52-4421-A904-5ED2C9E6B836}.Debug|Any CPU.ActiveCfg = Debug|Any CPU
		{1E1B39DF-7D52-4421-A904-5ED2C9E6B836}.Debug|Any CPU.Build.0 = Debug|Any CPU
		{1E1B39DF-7D52-4421-A904-5ED2C9E6B836}.Development|Any CPU.ActiveCfg = Debug|Any CPU
		{1E1B39DF-7D52-4421-A904-5ED2C9E6B836}.Development|Any CPU.Build.0 = Debug|Any CPU
		{1E1B39DF-7D52-4421-A904-5ED2C9E6B836}.Local|Any CPU.ActiveCfg = Release|Any CPU
		{1E1B39DF-7D52-4421-A904-5ED2C9E6B836}.Local|Any CPU.Build.0 = Release|Any CPU
		{1E1B39DF-7D52-4421-A904-5ED2C9E6B836}.Prod|Any CPU.ActiveCfg = Release|Any CPU
		{1E1B39DF-7D52-4421-A904-5ED2C9E6B836}.Prod|Any CPU.Build.0 = Release|Any CPU
		{1E1B39DF-7D52-4421-A904-5ED2C9E6B836}.QA|Any CPU.ActiveCfg = Release|Any CPU
		{1E1B39DF-7D52-4421-A904-5ED2C9E6B836}.QA|Any CPU.Build.0 = Release|Any CPU
		{1E1B39DF-7D52-4421-A904-5ED2C9E6B836}.Release|Any CPU.ActiveCfg = Release|Any CPU
		{1E1B39DF-7D52-4421-A904-5ED2C9E6B836}.Release|Any CPU.Build.0 = Release|Any CPU
	EndGlobalSection
	GlobalSection(SolutionProperties) = preSolution
		HideSolutionNode = FALSE
	EndGlobalSection
	GlobalSection(NestedProjects) = preSolution
		{4CCEFEF7-414D-4A36-93ED-8B926362B057} = {2774503A-0608-43A9-854A-0B79DDCD413E}
		{DC97D9DF-62C7-4512-8271-784200428BB4} = {2774503A-0608-43A9-854A-0B79DDCD413E}
		{49E7AE2C-C22C-4FC2-ADBF-4A74FF25A5C4} = {2774503A-0608-43A9-854A-0B79DDCD413E}
		{1BCCCBF6-03B4-49B8-A52C-BCBF38456CD4} = {2774503A-0608-43A9-854A-0B79DDCD413E}
		{7B99E614-92E1-40F3-A6F2-B1B12F449567} = {3D1052E5-CD0F-4F65-866A-62A892A08960}
		{128B0A2C-1E47-4206-84BC-4C15FC4B4129} = {CB8E34F1-BFCE-41ED-A5B7-11DCC3BF1367}
		{E151A8A8-19FA-44A2-9CD3-4DFA3627B7AC} = {B5C72B95-DF5D-4703-BBD9-17F5DBF9CEA5}
		{F1438266-1B41-48C2-AED3-AC0F56079DF0} = {B5C72B95-DF5D-4703-BBD9-17F5DBF9CEA5}
		{824833B3-D839-4878-AB71-B4DFDF802085} = {7A0B5E59-2A46-4E9A-B090-16F29D155B86}
		{A42B5E90-77A0-407C-A919-D8A4916DE154} = {EBCAA72B-F5D6-4E21-87C3-6586583A8017}
		{6E85A14D-B290-4363-B97E-C1F7E0400AD0} = {EBCAA72B-F5D6-4E21-87C3-6586583A8017}
		{63E0167C-0F7F-4486-8175-8EEC61E50E64} = {1BDE587B-87F1-4E8C-8377-E305D123177A}
		{DC9B6839-C4A2-4E72-9EA9-72A888E43938} = {1BDE587B-87F1-4E8C-8377-E305D123177A}
		{CBA5B2C6-3CE4-4782-BAE0-570528690B4B} = {7A0B5E59-2A46-4E9A-B090-16F29D155B86}
		{8F15A0F9-52AC-41AA-BB3E-EFCC17E854A9} = {DD2E3FC8-7936-41F3-910E-ABA8E9EB328A}
		{F5F6BAB1-9397-4438-B997-5223307F0DE1} = {DD2E3FC8-7936-41F3-910E-ABA8E9EB328A}
		{D32EA94B-FD11-4C0B-8408-6DC24E142109} = {1BDE587B-87F1-4E8C-8377-E305D123177A}
		{38FD3182-2F7D-4EA3-9205-647EA64C9115} = {2774503A-0608-43A9-854A-0B79DDCD413E}
		{C41359AF-5193-40F9-B405-F54C6B425103} = {DD2E3FC8-7936-41F3-910E-ABA8E9EB328A}
		{167371DD-3017-462B-9E8E-17DBCF6D189B} = {2774503A-0608-43A9-854A-0B79DDCD413E}
		{609C1392-849D-4095-AB9B-FE4FDDA7E57A} = {7A0B5E59-2A46-4E9A-B090-16F29D155B86}
		{C34A543C-9C28-44AE-90B4-D56883DBBC7D} = {1BDE587B-87F1-4E8C-8377-E305D123177A}
		{5A16FF3B-6674-4F9D-A8A4-07D30F355950} = {2774503A-0608-43A9-854A-0B79DDCD413E}
		{3ACB653D-5938-41F7-84DC-50FD0C743A09} = {3D1052E5-CD0F-4F65-866A-62A892A08960}
		{CF80E43F-C5DD-4A50-BC30-6652A0636038} = {2774503A-0608-43A9-854A-0B79DDCD413E}
		{B6CBE6BB-240C-4294-B985-0F04D84AA8D4} = {DD2E3FC8-7936-41F3-910E-ABA8E9EB328A}
		{0E5CE7AB-DF6A-46D0-979F-70245AD7EE7F} = {EBCAA72B-F5D6-4E21-87C3-6586583A8017}
		{ECA86827-0960-47CF-ABF7-A4B6CAD4CD74} = {1BDE587B-87F1-4E8C-8377-E305D123177A}
		{8AD0B7B7-73A4-437A-B533-1F9D5A90F2BE} = {7A0B5E59-2A46-4E9A-B090-16F29D155B86}
		{8C1C4D44-E3C1-46CF-90A5-4E83942F330F} = {7A0B5E59-2A46-4E9A-B090-16F29D155B86}
		{ACA875DF-887D-4101-BBAD-5944656B7F1A} = {1BDE587B-87F1-4E8C-8377-E305D123177A}
		{E08C2B7A-EB11-4852-A98B-E422D6D117C6} = {3D1052E5-CD0F-4F65-866A-62A892A08960}
		{20F9E518-2D5A-40BE-8173-753BCBF070E8} = {2774503A-0608-43A9-854A-0B79DDCD413E}
		{778E7595-5DD9-498D-8BF3-C8D9DDA72DD3} = {1BDE587B-87F1-4E8C-8377-E305D123177A}
		{40A3D230-59AC-448F-B365-472807705310} = {DFD258EA-46A2-4A49-9AC9-35E1482452BA}
		{6DEFD456-445C-475A-AF97-09D2EF5AAA04} = {DFD258EA-46A2-4A49-9AC9-35E1482452BA}
		{63B4326C-31F4-4C42-9110-A1D51DC4DDE6} = {DFD258EA-46A2-4A49-9AC9-35E1482452BA}
		{F17A88C4-2FA5-4312-9AA7-D674A24221A8} = {DFD258EA-46A2-4A49-9AC9-35E1482452BA}
		{276D7C85-8A9C-4685-8B6C-92911E5E598A} = {EBCAA72B-F5D6-4E21-87C3-6586583A8017}
		{1A764A0C-7DE0-41C3-9DDA-A4AA1145EB60} = {3D1052E5-CD0F-4F65-866A-62A892A08960}
		{6F2A8065-1F79-4644-BB02-2BAB8BB4329D} = {3D1052E5-CD0F-4F65-866A-62A892A08960}
		{9B93F15D-BFA2-4432-9819-F5B4B501515E} = {17651FB2-6780-47D8-AAB1-39E38D58C461}
		{69F494AE-7A74-44E3-8039-DE2B5BEE773B} = {17651FB2-6780-47D8-AAB1-39E38D58C461}
		{A0803DC4-88C9-4F0B-B567-2EA5504E5F47} = {DFD258EA-46A2-4A49-9AC9-35E1482452BA}
		{1BCE78E7-DD4D-48BC-85C3-D77FCE995528} = {DFD258EA-46A2-4A49-9AC9-35E1482452BA}
		{7263EAE9-9653-42C2-9C0F-7B28B7EA9FE8} = {DFD258EA-46A2-4A49-9AC9-35E1482452BA}
		{FD4C7D87-F2E9-4ED1-8AD2-697272087751} = {DFD258EA-46A2-4A49-9AC9-35E1482452BA}
		{35BFA735-52D0-4D62-9DB4-FFB654ABA470} = {DFD258EA-46A2-4A49-9AC9-35E1482452BA}
		{347570D6-A43F-4E0A-AC0D-E1D48D2308C6} = {DFD258EA-46A2-4A49-9AC9-35E1482452BA}
		{3B505AE1-FD1C-429A-A534-81AE42F7CCC5} = {DFD258EA-46A2-4A49-9AC9-35E1482452BA}
		{AC8C6FE6-4F0B-4B2B-A8F2-1DFE658B01DD} = {DFD258EA-46A2-4A49-9AC9-35E1482452BA}
		{16111979-B9E1-40B4-BD6E-8DA9AE099186} = {17651FB2-6780-47D8-AAB1-39E38D58C461}
		{8DAC5585-9B7B-4325-A61F-8F9B19BC97E9} = {17651FB2-6780-47D8-AAB1-39E38D58C461}
		{7BCA44B9-9740-43EA-B43A-9AF0145DABA1} = {17651FB2-6780-47D8-AAB1-39E38D58C461}
		{65C7C665-2088-4291-AB27-AADBED47E370} = {DFD258EA-46A2-4A49-9AC9-35E1482452BA}
		{56F23CC9-F959-4A5E-B2B4-659D90489E04} = {3D1052E5-CD0F-4F65-866A-62A892A08960}
		{C4781235-EAEB-4B7C-AC64-97D51F2A88EF} = {1BDE587B-87F1-4E8C-8377-E305D123177A}
		{1E1B39DF-7D52-4421-A904-5ED2C9E6B836} = {1BDE587B-87F1-4E8C-8377-E305D123177A}
	EndGlobalSection
	GlobalSection(ExtensibilityGlobals) = postSolution
		SolutionGuid = {3BB0AE38-4246-42BF-9F16-BEBF8AF417E7}
	EndGlobalSection
EndGlobal
